// !$*UTF8*$!
{
	archiveVersion = 1;
	classes = {
	};
	objectVersion = 56;
	objects = {

/* Begin PBXBuildFile section */
		B01E5A3A2BE4483500C998CE /* resorts.json in Resources */ = {isa = PBXBuildFile; fileRef = B01E5A392BE4483500C998CE /* resorts.json */; };
		B01E5A3C2BE448A000C998CE /* Resort.swift in Sources */ = {isa = PBXBuildFile; fileRef = B01E5A3B2BE448A000C998CE /* Resort.swift */; };
		B01E5A3E2BE4494A00C998CE /* Bundle-Decodable.swift in Sources */ = {isa = PBXBuildFile; fileRef = B01E5A3D2BE4494A00C998CE /* Bundle-Decodable.swift */; };
		B08D64942BE4807C005E476A /* WelcomeView.swift in Sources */ = {isa = PBXBuildFile; fileRef = B08D64932BE4807C005E476A /* WelcomeView.swift */; };
		B08D64962BE4823D005E476A /* ResortView.swift in Sources */ = {isa = PBXBuildFile; fileRef = B08D64952BE4823D005E476A /* ResortView.swift */; };
		B08D64982BE483F6005E476A /* SkiDetailsView.swift in Sources */ = {isa = PBXBuildFile; fileRef = B08D64972BE483F6005E476A /* SkiDetailsView.swift */; };
		B08D649A2BE4853E005E476A /* ResortDetailsView.swift in Sources */ = {isa = PBXBuildFile; fileRef = B08D64992BE4853E005E476A /* ResortDetailsView.swift */; };
		B08D649C2BE4A6FF005E476A /* Facility.swift in Sources */ = {isa = PBXBuildFile; fileRef = B08D649B2BE4A6FF005E476A /* Facility.swift */; };
		B08D649E2BE4AC82005E476A /* Favorites.swift in Sources */ = {isa = PBXBuildFile; fileRef = B08D649D2BE4AC82005E476A /* Favorites.swift */; };
		B0E0BE612BE0AE6B00D2D159 /* SnowSeekerApp.swift in Sources */ = {isa = PBXBuildFile; fileRef = B0E0BE602BE0AE6B00D2D159 /* SnowSeekerApp.swift */; };
		B0E0BE632BE0AE6B00D2D159 /* ContentView.swift in Sources */ = {isa = PBXBuildFile; fileRef = B0E0BE622BE0AE6B00D2D159 /* ContentView.swift */; };
		B0E0BE652BE0AE6C00D2D159 /* Assets.xcassets in Resources */ = {isa = PBXBuildFile; fileRef = B0E0BE642BE0AE6C00D2D159 /* Assets.xcassets */; };
		B0E0BE682BE0AE6C00D2D159 /* Preview Assets.xcassets in Resources */ = {isa = PBXBuildFile; fileRef = B0E0BE672BE0AE6C00D2D159 /* Preview Assets.xcassets */; };
		B0E0BE6F2BE343AA00D2D159 /* TwoSideBySideViews.swift in Sources */ = {isa = PBXBuildFile; fileRef = B0E0BE6E2BE343AA00D2D159 /* TwoSideBySideViews.swift */; };
		B0E0BE712BE346CC00D2D159 /* OptionalsAlertAndSheet.swift in Sources */ = {isa = PBXBuildFile; fileRef = B0E0BE702BE346CC00D2D159 /* OptionalsAlertAndSheet.swift */; };
		B0E0BE732BE34A2C00D2D159 /* GroupsTransparentLayoutContainers.swift in Sources */ = {isa = PBXBuildFile; fileRef = B0E0BE722BE34A2C00D2D159 /* GroupsTransparentLayoutContainers.swift */; };
		B0E0BE752BE34F8A00D2D159 /* SearchableView.swift in Sources */ = {isa = PBXBuildFile; fileRef = B0E0BE742BE34F8A00D2D159 /* SearchableView.swift */; };
		B0E0BE772BE3519100D2D159 /* SharingObservableObjects.swift in Sources */ = {isa = PBXBuildFile; fileRef = B0E0BE762BE3519100D2D159 /* SharingObservableObjects.swift */; };
/* End PBXBuildFile section */

/* Begin PBXFileReference section */
		B01E5A392BE4483500C998CE /* resorts.json */ = {isa = PBXFileReference; fileEncoding = 4; lastKnownFileType = text.json; path = resorts.json; sourceTree = "<group>"; };
		B01E5A3B2BE448A000C998CE /* Resort.swift */ = {isa = PBXFileReference; lastKnownFileType = sourcecode.swift; path = Resort.swift; sourceTree = "<group>"; };
		B01E5A3D2BE4494A00C998CE /* Bundle-Decodable.swift */ = {isa = PBXFileReference; lastKnownFileType = sourcecode.swift; path = "Bundle-Decodable.swift"; sourceTree = "<group>"; };
		B08D64932BE4807C005E476A /* WelcomeView.swift */ = {isa = PBXFileReference; lastKnownFileType = sourcecode.swift; path = WelcomeView.swift; sourceTree = "<group>"; };
		B08D64952BE4823D005E476A /* ResortView.swift */ = {isa = PBXFileReference; lastKnownFileType = sourcecode.swift; path = ResortView.swift; sourceTree = "<group>"; };
		B08D64972BE483F6005E476A /* SkiDetailsView.swift */ = {isa = PBXFileReference; lastKnownFileType = sourcecode.swift; path = SkiDetailsView.swift; sourceTree = "<group>"; };
		B08D64992BE4853E005E476A /* ResortDetailsView.swift */ = {isa = PBXFileReference; lastKnownFileType = sourcecode.swift; path = ResortDetailsView.swift; sourceTree = "<group>"; };
		B08D649B2BE4A6FF005E476A /* Facility.swift */ = {isa = PBXFileReference; lastKnownFileType = sourcecode.swift; path = Facility.swift; sourceTree = "<group>"; };
		B08D649D2BE4AC82005E476A /* Favorites.swift */ = {isa = PBXFileReference; lastKnownFileType = sourcecode.swift; path = Favorites.swift; sourceTree = "<group>"; };
		B0E0BE5D2BE0AE6B00D2D159 /* SnowSeeker.app */ = {isa = PBXFileReference; explicitFileType = wrapper.application; includeInIndex = 0; path = SnowSeeker.app; sourceTree = BUILT_PRODUCTS_DIR; };
		B0E0BE602BE0AE6B00D2D159 /* SnowSeekerApp.swift */ = {isa = PBXFileReference; lastKnownFileType = sourcecode.swift; path = SnowSeekerApp.swift; sourceTree = "<group>"; };
		B0E0BE622BE0AE6B00D2D159 /* ContentView.swift */ = {isa = PBXFileReference; lastKnownFileType = sourcecode.swift; path = ContentView.swift; sourceTree = "<group>"; };
		B0E0BE642BE0AE6C00D2D159 /* Assets.xcassets */ = {isa = PBXFileReference; lastKnownFileType = folder.assetcatalog; path = Assets.xcassets; sourceTree = "<group>"; };
		B0E0BE672BE0AE6C00D2D159 /* Preview Assets.xcassets */ = {isa = PBXFileReference; lastKnownFileType = folder.assetcatalog; path = "Preview Assets.xcassets"; sourceTree = "<group>"; };
		B0E0BE6E2BE343AA00D2D159 /* TwoSideBySideViews.swift */ = {isa = PBXFileReference; lastKnownFileType = sourcecode.swift; path = TwoSideBySideViews.swift; sourceTree = "<group>"; };
		B0E0BE702BE346CC00D2D159 /* OptionalsAlertAndSheet.swift */ = {isa = PBXFileReference; lastKnownFileType = sourcecode.swift; path = OptionalsAlertAndSheet.swift; sourceTree = "<group>"; };
		B0E0BE722BE34A2C00D2D159 /* GroupsTransparentLayoutContainers.swift */ = {isa = PBXFileReference; lastKnownFileType = sourcecode.swift; path = GroupsTransparentLayoutContainers.swift; sourceTree = "<group>"; };
		B0E0BE742BE34F8A00D2D159 /* SearchableView.swift */ = {isa = PBXFileReference; lastKnownFileType = sourcecode.swift; path = SearchableView.swift; sourceTree = "<group>"; };
		B0E0BE762BE3519100D2D159 /* SharingObservableObjects.swift */ = {isa = PBXFileReference; lastKnownFileType = sourcecode.swift; path = SharingObservableObjects.swift; sourceTree = "<group>"; };
/* End PBXFileReference section */

/* Begin PBXFrameworksBuildPhase section */
		B0E0BE5A2BE0AE6B00D2D159 /* Frameworks */ = {
			isa = PBXFrameworksBuildPhase;
			buildActionMask = 2147483647;
			files = (
			);
			runOnlyForDeploymentPostprocessing = 0;
		};
/* End PBXFrameworksBuildPhase section */

/* Begin PBXGroup section */
		B0E0BE542BE0AE6B00D2D159 = {
			isa = PBXGroup;
			children = (
				B0E0BE5F2BE0AE6B00D2D159 /* SnowSeeker */,
				B0E0BE5E2BE0AE6B00D2D159 /* Products */,
			);
			sourceTree = "<group>";
		};
		B0E0BE5E2BE0AE6B00D2D159 /* Products */ = {
			isa = PBXGroup;
			children = (
				B0E0BE5D2BE0AE6B00D2D159 /* SnowSeeker.app */,
			);
			name = Products;
			sourceTree = "<group>";
		};
		B0E0BE5F2BE0AE6B00D2D159 /* SnowSeeker */ = {
			isa = PBXGroup;
			children = (
				B0E0BE602BE0AE6B00D2D159 /* SnowSeekerApp.swift */,
				B0E0BE622BE0AE6B00D2D159 /* ContentView.swift */,
				B08D64932BE4807C005E476A /* WelcomeView.swift */,
				B08D64952BE4823D005E476A /* ResortView.swift */,
				B08D64972BE483F6005E476A /* SkiDetailsView.swift */,
				B08D64992BE4853E005E476A /* ResortDetailsView.swift */,
				B01E5A3B2BE448A000C998CE /* Resort.swift */,
				B08D649B2BE4A6FF005E476A /* Facility.swift */,
				B08D649D2BE4AC82005E476A /* Favorites.swift */,
				B01E5A3D2BE4494A00C998CE /* Bundle-Decodable.swift */,
				B01E5A392BE4483500C998CE /* resorts.json */,
				B0E0BE642BE0AE6C00D2D159 /* Assets.xcassets */,
				B0E0BE662BE0AE6C00D2D159 /* Preview Content */,
				B0E0BE6E2BE343AA00D2D159 /* TwoSideBySideViews.swift */,
				B0E0BE702BE346CC00D2D159 /* OptionalsAlertAndSheet.swift */,
				B0E0BE722BE34A2C00D2D159 /* GroupsTransparentLayoutContainers.swift */,
				B0E0BE742BE34F8A00D2D159 /* SearchableView.swift */,
				B0E0BE762BE3519100D2D159 /* SharingObservableObjects.swift */,
			);
			path = SnowSeeker;
			sourceTree = "<group>";
		};
		B0E0BE662BE0AE6C00D2D159 /* Preview Content */ = {
			isa = PBXGroup;
			children = (
				B0E0BE672BE0AE6C00D2D159 /* Preview Assets.xcassets */,
			);
			path = "Preview Content";
			sourceTree = "<group>";
		};
/* End PBXGroup section */

/* Begin PBXNativeTarget section */
		B0E0BE5C2BE0AE6B00D2D159 /* SnowSeeker */ = {
			isa = PBXNativeTarget;
			buildConfigurationList = B0E0BE6B2BE0AE6C00D2D159 /* Build configuration list for PBXNativeTarget "SnowSeeker" */;
			buildPhases = (
				B0E0BE592BE0AE6B00D2D159 /* Sources */,
				B0E0BE5A2BE0AE6B00D2D159 /* Frameworks */,
				B0E0BE5B2BE0AE6B00D2D159 /* Resources */,
			);
			buildRules = (
			);
			dependencies = (
			);
			name = SnowSeeker;
			productName = SnowSeeker;
			productReference = B0E0BE5D2BE0AE6B00D2D159 /* SnowSeeker.app */;
			productType = "com.apple.product-type.application";
		};
/* End PBXNativeTarget section */

/* Begin PBXProject section */
		B0E0BE552BE0AE6B00D2D159 /* Project object */ = {
			isa = PBXProject;
			attributes = {
				BuildIndependentTargetsInParallel = 1;
				LastSwiftUpdateCheck = 1530;
				LastUpgradeCheck = 1530;
				TargetAttributes = {
					B0E0BE5C2BE0AE6B00D2D159 = {
						CreatedOnToolsVersion = 15.3;
					};
				};
			};
			buildConfigurationList = B0E0BE582BE0AE6B00D2D159 /* Build configuration list for PBXProject "SnowSeeker" */;
			compatibilityVersion = "Xcode 14.0";
			developmentRegion = en;
			hasScannedForEncodings = 0;
			knownRegions = (
				en,
				Base,
			);
			mainGroup = B0E0BE542BE0AE6B00D2D159;
			productRefGroup = B0E0BE5E2BE0AE6B00D2D159 /* Products */;
			projectDirPath = "";
			projectRoot = "";
			targets = (
				B0E0BE5C2BE0AE6B00D2D159 /* SnowSeeker */,
			);
		};
/* End PBXProject section */

/* Begin PBXResourcesBuildPhase section */
		B0E0BE5B2BE0AE6B00D2D159 /* Resources */ = {
			isa = PBXResourcesBuildPhase;
			buildActionMask = 2147483647;
			files = (
				B01E5A3A2BE4483500C998CE /* resorts.json in Resources */,
				B0E0BE682BE0AE6C00D2D159 /* Preview Assets.xcassets in Resources */,
				B0E0BE652BE0AE6C00D2D159 /* Assets.xcassets in Resources */,
			);
			runOnlyForDeploymentPostprocessing = 0;
		};
/* End PBXResourcesBuildPhase section */

/* Begin PBXSourcesBuildPhase section */
		B0E0BE592BE0AE6B00D2D159 /* Sources */ = {
			isa = PBXSourcesBuildPhase;
			buildActionMask = 2147483647;
			files = (
				B0E0BE752BE34F8A00D2D159 /* SearchableView.swift in Sources */,
				B0E0BE712BE346CC00D2D159 /* OptionalsAlertAndSheet.swift in Sources */,
				B0E0BE632BE0AE6B00D2D159 /* ContentView.swift in Sources */,
				B08D649E2BE4AC82005E476A /* Favorites.swift in Sources */,
				B08D649A2BE4853E005E476A /* ResortDetailsView.swift in Sources */,
				B08D64962BE4823D005E476A /* ResortView.swift in Sources */,
				B0E0BE732BE34A2C00D2D159 /* GroupsTransparentLayoutContainers.swift in Sources */,
				B0E0BE612BE0AE6B00D2D159 /* SnowSeekerApp.swift in Sources */,
				B08D64942BE4807C005E476A /* WelcomeView.swift in Sources */,
				B08D64982BE483F6005E476A /* SkiDetailsView.swift in Sources */,
				B01E5A3E2BE4494A00C998CE /* Bundle-Decodable.swift in Sources */,
				B0E0BE772BE3519100D2D159 /* SharingObservableObjects.swift in Sources */,
				B01E5A3C2BE448A000C998CE /* Resort.swift in Sources */,
				B08D649C2BE4A6FF005E476A /* Facility.swift in Sources */,
				B0E0BE6F2BE343AA00D2D159 /* TwoSideBySideViews.swift in Sources */,
			);
			runOnlyForDeploymentPostprocessing = 0;
		};
/* End PBXSourcesBuildPhase section */

/* Begin XCBuildConfiguration section */
		B0E0BE692BE0AE6C00D2D159 /* Debug */ = {
			isa = XCBuildConfiguration;
			buildSettings = {
				ALWAYS_SEARCH_USER_PATHS = NO;
				ASSETCATALOG_COMPILER_GENERATE_SWIFT_ASSET_SYMBOL_EXTENSIONS = YES;
				CLANG_ANALYZER_NONNULL = YES;
				CLANG_ANALYZER_NUMBER_OBJECT_CONVERSION = YES_AGGRESSIVE;
				CLANG_CXX_LANGUAGE_STANDARD = "gnu++20";
				CLANG_ENABLE_MODULES = YES;
				CLANG_ENABLE_OBJC_ARC = YES;
				CLANG_ENABLE_OBJC_WEAK = YES;
				CLANG_WARN_BLOCK_CAPTURE_AUTORELEASING = YES;
				CLANG_WARN_BOOL_CONVERSION = YES;
				CLANG_WARN_COMMA = YES;
				CLANG_WARN_CONSTANT_CONVERSION = YES;
				CLANG_WARN_DEPRECATED_OBJC_IMPLEMENTATIONS = YES;
				CLANG_WARN_DIRECT_OBJC_ISA_USAGE = YES_ERROR;
				CLANG_WARN_DOCUMENTATION_COMMENTS = YES;
				CLANG_WARN_EMPTY_BODY = YES;
				CLANG_WARN_ENUM_CONVERSION = YES;
				CLANG_WARN_INFINITE_RECURSION = YES;
				CLANG_WARN_INT_CONVERSION = YES;
				CLANG_WARN_NON_LITERAL_NULL_CONVERSION = YES;
				CLANG_WARN_OBJC_IMPLICIT_RETAIN_SELF = YES;
				CLANG_WARN_OBJC_LITERAL_CONVERSION = YES;
				CLANG_WARN_OBJC_ROOT_CLASS = YES_ERROR;
				CLANG_WARN_QUOTED_INCLUDE_IN_FRAMEWORK_HEADER = YES;
				CLANG_WARN_RANGE_LOOP_ANALYSIS = YES;
				CLANG_WARN_STRICT_PROTOTYPES = YES;
				CLANG_WARN_SUSPICIOUS_MOVE = YES;
				CLANG_WARN_UNGUARDED_AVAILABILITY = YES_AGGRESSIVE;
				CLANG_WARN_UNREACHABLE_CODE = YES;
				CLANG_WARN__DUPLICATE_METHOD_MATCH = YES;
				COPY_PHASE_STRIP = NO;
				DEBUG_INFORMATION_FORMAT = dwarf;
				ENABLE_STRICT_OBJC_MSGSEND = YES;
				ENABLE_TESTABILITY = YES;
				ENABLE_USER_SCRIPT_SANDBOXING = YES;
				GCC_C_LANGUAGE_STANDARD = gnu17;
				GCC_DYNAMIC_NO_PIC = NO;
				GCC_NO_COMMON_BLOCKS = YES;
				GCC_OPTIMIZATION_LEVEL = 0;
				GCC_PREPROCESSOR_DEFINITIONS = (
					"DEBUG=1",
					"$(inherited)",
				);
				GCC_WARN_64_TO_32_BIT_CONVERSION = YES;
				GCC_WARN_ABOUT_RETURN_TYPE = YES_ERROR;
				GCC_WARN_UNDECLARED_SELECTOR = YES;
				GCC_WARN_UNINITIALIZED_AUTOS = YES_AGGRESSIVE;
				GCC_WARN_UNUSED_FUNCTION = YES;
				GCC_WARN_UNUSED_VARIABLE = YES;
				IPHONEOS_DEPLOYMENT_TARGET = 17.4;
				LOCALIZATION_PREFERS_STRING_CATALOGS = YES;
				MTL_ENABLE_DEBUG_INFO = INCLUDE_SOURCE;
				MTL_FAST_MATH = YES;
				ONLY_ACTIVE_ARCH = YES;
				SDKROOT = iphoneos;
				SWIFT_ACTIVE_COMPILATION_CONDITIONS = "DEBUG $(inherited)";
				SWIFT_OPTIMIZATION_LEVEL = "-Onone";
			};
			name = Debug;
		};
		B0E0BE6A2BE0AE6C00D2D159 /* Release */ = {
			isa = XCBuildConfiguration;
			buildSettings = {
				ALWAYS_SEARCH_USER_PATHS = NO;
				ASSETCATALOG_COMPILER_GENERATE_SWIFT_ASSET_SYMBOL_EXTENSIONS = YES;
				CLANG_ANALYZER_NONNULL = YES;
				CLANG_ANALYZER_NUMBER_OBJECT_CONVERSION = YES_AGGRESSIVE;
				CLANG_CXX_LANGUAGE_STANDARD = "gnu++20";
				CLANG_ENABLE_MODULES = YES;
				CLANG_ENABLE_OBJC_ARC = YES;
				CLANG_ENABLE_OBJC_WEAK = YES;
				CLANG_WARN_BLOCK_CAPTURE_AUTORELEASING = YES;
				CLANG_WARN_BOOL_CONVERSION = YES;
				CLANG_WARN_COMMA = YES;
				CLANG_WARN_CONSTANT_CONVERSION = YES;
				CLANG_WARN_DEPRECATED_OBJC_IMPLEMENTATIONS = YES;
				CLANG_WARN_DIRECT_OBJC_ISA_USAGE = YES_ERROR;
				CLANG_WARN_DOCUMENTATION_COMMENTS = YES;
				CLANG_WARN_EMPTY_BODY = YES;
				CLANG_WARN_ENUM_CONVERSION = YES;
				CLANG_WARN_INFINITE_RECURSION = YES;
				CLANG_WARN_INT_CONVERSION = YES;
				CLANG_WARN_NON_LITERAL_NULL_CONVERSION = YES;
				CLANG_WARN_OBJC_IMPLICIT_RETAIN_SELF = YES;
				CLANG_WARN_OBJC_LITERAL_CONVERSION = YES;
				CLANG_WARN_OBJC_ROOT_CLASS = YES_ERROR;
				CLANG_WARN_QUOTED_INCLUDE_IN_FRAMEWORK_HEADER = YES;
				CLANG_WARN_RANGE_LOOP_ANALYSIS = YES;
				CLANG_WARN_STRICT_PROTOTYPES = YES;
				CLANG_WARN_SUSPICIOUS_MOVE = YES;
				CLANG_WARN_UNGUARDED_AVAILABILITY = YES_AGGRESSIVE;
				CLANG_WARN_UNREACHABLE_CODE = YES;
				CLANG_WARN__DUPLICATE_METHOD_MATCH = YES;
				COPY_PHASE_STRIP = NO;
				DEBUG_INFORMATION_FORMAT = "dwarf-with-dsym";
				ENABLE_NS_ASSERTIONS = NO;
				ENABLE_STRICT_OBJC_MSGSEND = YES;
				ENABLE_USER_SCRIPT_SANDBOXING = YES;
				GCC_C_LANGUAGE_STANDARD = gnu17;
				GCC_NO_COMMON_BLOCKS = YES;
				GCC_WARN_64_TO_32_BIT_CONVERSION = YES;
				GCC_WARN_ABOUT_RETURN_TYPE = YES_ERROR;
				GCC_WARN_UNDECLARED_SELECTOR = YES;
				GCC_WARN_UNINITIALIZED_AUTOS = YES_AGGRESSIVE;
				GCC_WARN_UNUSED_FUNCTION = YES;
				GCC_WARN_UNUSED_VARIABLE = YES;
				IPHONEOS_DEPLOYMENT_TARGET = 17.4;
				LOCALIZATION_PREFERS_STRING_CATALOGS = YES;
				MTL_ENABLE_DEBUG_INFO = NO;
				MTL_FAST_MATH = YES;
				SDKROOT = iphoneos;
				SWIFT_COMPILATION_MODE = wholemodule;
				VALIDATE_PRODUCT = YES;
			};
			name = Release;
		};
		B0E0BE6C2BE0AE6C00D2D159 /* Debug */ = {
			isa = XCBuildConfiguration;
			buildSettings = {
				ASSETCATALOG_COMPILER_APPICON_NAME = AppIcon;
				ASSETCATALOG_COMPILER_GLOBAL_ACCENT_COLOR_NAME = AccentColor;
				CODE_SIGN_STYLE = Automatic;
				CURRENT_PROJECT_VERSION = 1;
				DEVELOPMENT_ASSET_PATHS = "\"SnowSeeker/Preview Content\"";
				DEVELOPMENT_TEAM = R49ZM6U25N;
				ENABLE_PREVIEWS = YES;
				GENERATE_INFOPLIST_FILE = YES;
				INFOPLIST_KEY_UIApplicationSceneManifest_Generation = YES;
				INFOPLIST_KEY_UIApplicationSupportsIndirectInputEvents = YES;
				INFOPLIST_KEY_UILaunchScreen_Generation = YES;
				INFOPLIST_KEY_UISupportedInterfaceOrientations_iPad = "UIInterfaceOrientationPortrait UIInterfaceOrientationPortraitUpsideDown UIInterfaceOrientationLandscapeLeft UIInterfaceOrientationLandscapeRight";
				INFOPLIST_KEY_UISupportedInterfaceOrientations_iPhone = "UIInterfaceOrientationPortrait UIInterfaceOrientationLandscapeLeft UIInterfaceOrientationLandscapeRight";
				IPHONEOS_DEPLOYMENT_TARGET = 17.4;
				LD_RUNPATH_SEARCH_PATHS = (
					"$(inherited)",
					"@executable_path/Frameworks",
				);
				MARKETING_VERSION = 1.0;
				PRODUCT_BUNDLE_IDENTIFIER = com.lakarpusky.SnowSeeker;
				PRODUCT_NAME = "$(TARGET_NAME)";
				SUPPORTED_PLATFORMS = "iphoneos iphonesimulator";
				SUPPORTS_MACCATALYST = NO;
				SUPPORTS_MAC_DESIGNED_FOR_IPHONE_IPAD = NO;
				SUPPORTS_XR_DESIGNED_FOR_IPHONE_IPAD = NO;
				SWIFT_EMIT_LOC_STRINGS = YES;
				SWIFT_VERSION = 5.0;
				TARGETED_DEVICE_FAMILY = "1,2";
			};
			name = Debug;
		};
		B0E0BE6D2BE0AE6C00D2D159 /* Release */ = {
			isa = XCBuildConfiguration;
			buildSettings = {
				ASSETCATALOG_COMPILER_APPICON_NAME = AppIcon;
				ASSETCATALOG_COMPILER_GLOBAL_ACCENT_COLOR_NAME = AccentColor;
				CODE_SIGN_STYLE = Automatic;
				CURRENT_PROJECT_VERSION = 1;
				DEVELOPMENT_ASSET_PATHS = "\"SnowSeeker/Preview Content\"";
				DEVELOPMENT_TEAM = R49ZM6U25N;
				ENABLE_PREVIEWS = YES;
				GENERATE_INFOPLIST_FILE = YES;
				INFOPLIST_KEY_UIApplicationSceneManifest_Generation = YES;
				INFOPLIST_KEY_UIApplicationSupportsIndirectInputEvents = YES;
				INFOPLIST_KEY_UILaunchScreen_Generation = YES;
				INFOPLIST_KEY_UISupportedInterfaceOrientations_iPad = "UIInterfaceOrientationPortrait UIInterfaceOrientationPortraitUpsideDown UIInterfaceOrientationLandscapeLeft UIInterfaceOrientationLandscapeRight";
				INFOPLIST_KEY_UISupportedInterfaceOrientations_iPhone = "UIInterfaceOrientationPortrait UIInterfaceOrientationLandscapeLeft UIInterfaceOrientationLandscapeRight";
				IPHONEOS_DEPLOYMENT_TARGET = 17.4;
				LD_RUNPATH_SEARCH_PATHS = (
					"$(inherited)",
					"@executable_path/Frameworks",
				);
				MARKETING_VERSION = 1.0;
				PRODUCT_BUNDLE_IDENTIFIER = com.lakarpusky.SnowSeeker;
				PRODUCT_NAME = "$(TARGET_NAME)";
				SUPPORTED_PLATFORMS = "iphoneos iphonesimulator";
				SUPPORTS_MACCATALYST = NO;
				SUPPORTS_MAC_DESIGNED_FOR_IPHONE_IPAD = NO;
				SUPPORTS_XR_DESIGNED_FOR_IPHONE_IPAD = NO;
				SWIFT_EMIT_LOC_STRINGS = YES;
				SWIFT_VERSION = 5.0;
				TARGETED_DEVICE_FAMILY = "1,2";
			};
			name = Release;
		};
/* End XCBuildConfiguration section */

/* Begin XCConfigurationList section */
		B0E0BE582BE0AE6B00D2D159 /* Build configuration list for PBXProject "SnowSeeker" */ = {
			isa = XCConfigurationList;
			buildConfigurations = (
				B0E0BE692BE0AE6C00D2D159 /* Debug */,
				B0E0BE6A2BE0AE6C00D2D159 /* Release */,
			);
			defaultConfigurationIsVisible = 0;
			defaultConfigurationName = Release;
		};
		B0E0BE6B2BE0AE6C00D2D159 /* Build configuration list for PBXNativeTarget "SnowSeeker" */ = {
			isa = XCConfigurationList;
			buildConfigurations = (
				B0E0BE6C2BE0AE6C00D2D159 /* Debug */,
				B0E0BE6D2BE0AE6C00D2D159 /* Release */,
			);
			defaultConfigurationIsVisible = 0;
			defaultConfigurationName = Release;
		};
/* End XCConfigurationList section */
	};
	rootObject = B0E0BE552BE0AE6B00D2D159 /* Project object */;
}
