// !$*UTF8*$!
{
	archiveVersion = 1;
	classes = {
	};
	objectVersion = 56;
	objects = {

/* Begin PBXBuildFile section */
		B0ED38792B9C133D00076395 /* MoonshotApp.swift in Sources */ = {isa = PBXBuildFile; fileRef = B0ED38782B9C133D00076395 /* MoonshotApp.swift */; };
		B0ED387B2B9C133D00076395 /* ContentView.swift in Sources */ = {isa = PBXBuildFile; fileRef = B0ED387A2B9C133D00076395 /* ContentView.swift */; };
		B0ED387D2B9C133E00076395 /* Assets.xcassets in Resources */ = {isa = PBXBuildFile; fileRef = B0ED387C2B9C133E00076395 /* Assets.xcassets */; };
		B0ED38802B9C133E00076395 /* Preview Assets.xcassets in Resources */ = {isa = PBXBuildFile; fileRef = B0ED387F2B9C133E00076395 /* Preview Assets.xcassets */; };
		B0ED38872B9C14A700076395 /* ResizingImagesAvailableSpace.swift in Sources */ = {isa = PBXBuildFile; fileRef = B0ED38862B9C14A700076395 /* ResizingImagesAvailableSpace.swift */; };
		B0ED388B2B9C179500076395 /* ScrollViewData.swift in Sources */ = {isa = PBXBuildFile; fileRef = B0ED388A2B9C179500076395 /* ScrollViewData.swift */; };
		B0ED388D2B9C1A5300076395 /* PushingViewsNavigationLink.swift in Sources */ = {isa = PBXBuildFile; fileRef = B0ED388C2B9C1A5300076395 /* PushingViewsNavigationLink.swift */; };
		B0ED388F2B9C225000076395 /* HierarchicalCodableData.swift in Sources */ = {isa = PBXBuildFile; fileRef = B0ED388E2B9C225000076395 /* HierarchicalCodableData.swift */; };
		B0ED38912B9C272E00076395 /* LayOutViewsScrollingGrid.swift in Sources */ = {isa = PBXBuildFile; fileRef = B0ED38902B9C272E00076395 /* LayOutViewsScrollingGrid.swift */; };
		B0FAD3052B9D128E00964808 /* Bundle-Decodable.swift in Sources */ = {isa = PBXBuildFile; fileRef = B0FAD3042B9D128E00964808 /* Bundle-Decodable.swift */; };
		B0FAD3072B9D12CA00964808 /* Astronaut.swift in Sources */ = {isa = PBXBuildFile; fileRef = B0FAD3062B9D12CA00964808 /* Astronaut.swift */; };
		B0FAD3092B9D12D100964808 /* Mission.swift in Sources */ = {isa = PBXBuildFile; fileRef = B0FAD3082B9D12D100964808 /* Mission.swift */; };
		B0FAD3102B9D151900964808 /* astronauts.json in Resources */ = {isa = PBXBuildFile; fileRef = B0FAD30E2B9D151900964808 /* astronauts.json */; };
		B0FAD3112B9D151900964808 /* missions.json in Resources */ = {isa = PBXBuildFile; fileRef = B0FAD30F2B9D151900964808 /* missions.json */; };
		B0FAD3132B9D161300964808 /* Color-Theme.swift in Sources */ = {isa = PBXBuildFile; fileRef = B0FAD3122B9D161300964808 /* Color-Theme.swift */; };
		B0FAD3192B9D1DE000964808 /* MissionView.swift in Sources */ = {isa = PBXBuildFile; fileRef = B0FAD3182B9D1DE000964808 /* MissionView.swift */; };
		B0FAD31B2B9D262D00964808 /* AstronautView.swift in Sources */ = {isa = PBXBuildFile; fileRef = B0FAD31A2B9D262D00964808 /* AstronautView.swift */; };
/* End PBXBuildFile section */

/* Begin PBXFileReference section */
		B0ED38752B9C133D00076395 /* Moonshot.app */ = {isa = PBXFileReference; explicitFileType = wrapper.application; includeInIndex = 0; path = Moonshot.app; sourceTree = BUILT_PRODUCTS_DIR; };
		B0ED38782B9C133D00076395 /* MoonshotApp.swift */ = {isa = PBXFileReference; lastKnownFileType = sourcecode.swift; path = MoonshotApp.swift; sourceTree = "<group>"; };
		B0ED387A2B9C133D00076395 /* ContentView.swift */ = {isa = PBXFileReference; lastKnownFileType = sourcecode.swift; path = ContentView.swift; sourceTree = "<group>"; };
		B0ED387C2B9C133E00076395 /* Assets.xcassets */ = {isa = PBXFileReference; lastKnownFileType = folder.assetcatalog; path = Assets.xcassets; sourceTree = "<group>"; };
		B0ED387F2B9C133E00076395 /* Preview Assets.xcassets */ = {isa = PBXFileReference; lastKnownFileType = folder.assetcatalog; path = "Preview Assets.xcassets"; sourceTree = "<group>"; };
		B0ED38862B9C14A700076395 /* ResizingImagesAvailableSpace.swift */ = {isa = PBXFileReference; lastKnownFileType = sourcecode.swift; path = ResizingImagesAvailableSpace.swift; sourceTree = "<group>"; };
		B0ED388A2B9C179500076395 /* ScrollViewData.swift */ = {isa = PBXFileReference; lastKnownFileType = sourcecode.swift; path = ScrollViewData.swift; sourceTree = "<group>"; };
		B0ED388C2B9C1A5300076395 /* PushingViewsNavigationLink.swift */ = {isa = PBXFileReference; lastKnownFileType = sourcecode.swift; path = PushingViewsNavigationLink.swift; sourceTree = "<group>"; };
		B0ED388E2B9C225000076395 /* HierarchicalCodableData.swift */ = {isa = PBXFileReference; lastKnownFileType = sourcecode.swift; path = HierarchicalCodableData.swift; sourceTree = "<group>"; };
		B0ED38902B9C272E00076395 /* LayOutViewsScrollingGrid.swift */ = {isa = PBXFileReference; lastKnownFileType = sourcecode.swift; path = LayOutViewsScrollingGrid.swift; sourceTree = "<group>"; };
		B0FAD3042B9D128E00964808 /* Bundle-Decodable.swift */ = {isa = PBXFileReference; lastKnownFileType = sourcecode.swift; path = "Bundle-Decodable.swift"; sourceTree = "<group>"; };
		B0FAD3062B9D12CA00964808 /* Astronaut.swift */ = {isa = PBXFileReference; lastKnownFileType = sourcecode.swift; path = Astronaut.swift; sourceTree = "<group>"; };
		B0FAD3082B9D12D100964808 /* Mission.swift */ = {isa = PBXFileReference; lastKnownFileType = sourcecode.swift; path = Mission.swift; sourceTree = "<group>"; };
		B0FAD30E2B9D151900964808 /* astronauts.json */ = {isa = PBXFileReference; fileEncoding = 4; lastKnownFileType = text.json; path = astronauts.json; sourceTree = "<group>"; };
		B0FAD30F2B9D151900964808 /* missions.json */ = {isa = PBXFileReference; fileEncoding = 4; lastKnownFileType = text.json; path = missions.json; sourceTree = "<group>"; };
		B0FAD3122B9D161300964808 /* Color-Theme.swift */ = {isa = PBXFileReference; lastKnownFileType = sourcecode.swift; path = "Color-Theme.swift"; sourceTree = "<group>"; };
		B0FAD3182B9D1DE000964808 /* MissionView.swift */ = {isa = PBXFileReference; lastKnownFileType = sourcecode.swift; path = MissionView.swift; sourceTree = "<group>"; };
		B0FAD31A2B9D262D00964808 /* AstronautView.swift */ = {isa = PBXFileReference; lastKnownFileType = sourcecode.swift; path = AstronautView.swift; sourceTree = "<group>"; };
/* End PBXFileReference section */

/* Begin PBXFrameworksBuildPhase section */
		B0ED38722B9C133D00076395 /* Frameworks */ = {
			isa = PBXFrameworksBuildPhase;
			buildActionMask = 2147483647;
			files = (
			);
			runOnlyForDeploymentPostprocessing = 0;
		};
/* End PBXFrameworksBuildPhase section */

/* Begin PBXGroup section */
		B0ED386C2B9C133D00076395 = {
			isa = PBXGroup;
			children = (
				B0ED38772B9C133D00076395 /* Moonshot */,
				B0ED38762B9C133D00076395 /* Products */,
			);
			sourceTree = "<group>";
		};
		B0ED38762B9C133D00076395 /* Products */ = {
			isa = PBXGroup;
			children = (
				B0ED38752B9C133D00076395 /* Moonshot.app */,
			);
			name = Products;
			sourceTree = "<group>";
		};
		B0ED38772B9C133D00076395 /* Moonshot */ = {
			isa = PBXGroup;
			children = (
				B0ED38782B9C133D00076395 /* MoonshotApp.swift */,
				B0ED387A2B9C133D00076395 /* ContentView.swift */,
				B0FAD3042B9D128E00964808 /* Bundle-Decodable.swift */,
				B0FAD3062B9D12CA00964808 /* Astronaut.swift */,
				B0FAD3082B9D12D100964808 /* Mission.swift */,
				B0FAD3122B9D161300964808 /* Color-Theme.swift */,
				B0FAD3182B9D1DE000964808 /* MissionView.swift */,
				B0FAD31A2B9D262D00964808 /* AstronautView.swift */,
				B0FAD30E2B9D151900964808 /* astronauts.json */,
				B0FAD30F2B9D151900964808 /* missions.json */,
				B0ED387C2B9C133E00076395 /* Assets.xcassets */,
				B0ED387E2B9C133E00076395 /* Preview Content */,
				B0ED38862B9C14A700076395 /* ResizingImagesAvailableSpace.swift */,
				B0ED388A2B9C179500076395 /* ScrollViewData.swift */,
				B0ED388C2B9C1A5300076395 /* PushingViewsNavigationLink.swift */,
				B0ED388E2B9C225000076395 /* HierarchicalCodableData.swift */,
				B0ED38902B9C272E00076395 /* LayOutViewsScrollingGrid.swift */,
			);
			path = Moonshot;
			sourceTree = "<group>";
		};
		B0ED387E2B9C133E00076395 /* Preview Content */ = {
			isa = PBXGroup;
			children = (
				B0ED387F2B9C133E00076395 /* Preview Assets.xcassets */,
			);
			path = "Preview Content";
			sourceTree = "<group>";
		};
/* End PBXGroup section */

/* Begin PBXNativeTarget section */
		B0ED38742B9C133D00076395 /* Moonshot */ = {
			isa = PBXNativeTarget;
			buildConfigurationList = B0ED38832B9C133E00076395 /* Build configuration list for PBXNativeTarget "Moonshot" */;
			buildPhases = (
				B0ED38712B9C133D00076395 /* Sources */,
				B0ED38722B9C133D00076395 /* Frameworks */,
				B0ED38732B9C133D00076395 /* Resources */,
			);
			buildRules = (
			);
			dependencies = (
			);
			name = Moonshot;
			productName = Moonshot;
			productReference = B0ED38752B9C133D00076395 /* Moonshot.app */;
			productType = "com.apple.product-type.application";
		};
/* End PBXNativeTarget section */

/* Begin PBXProject section */
		B0ED386D2B9C133D00076395 /* Project object */ = {
			isa = PBXProject;
			attributes = {
				BuildIndependentTargetsInParallel = 1;
				LastSwiftUpdateCheck = 1530;
				LastUpgradeCheck = 1530;
				TargetAttributes = {
					B0ED38742B9C133D00076395 = {
						CreatedOnToolsVersion = 15.3;
					};
				};
			};
			buildConfigurationList = B0ED38702B9C133D00076395 /* Build configuration list for PBXProject "Moonshot" */;
			compatibilityVersion = "Xcode 14.0";
			developmentRegion = en;
			hasScannedForEncodings = 0;
			knownRegions = (
				en,
				Base,
			);
			mainGroup = B0ED386C2B9C133D00076395;
			productRefGroup = B0ED38762B9C133D00076395 /* Products */;
			projectDirPath = "";
			projectRoot = "";
			targets = (
				B0ED38742B9C133D00076395 /* Moonshot */,
			);
		};
/* End PBXProject section */

/* Begin PBXResourcesBuildPhase section */
		B0ED38732B9C133D00076395 /* Resources */ = {
			isa = PBXResourcesBuildPhase;
			buildActionMask = 2147483647;
			files = (
				B0FAD3102B9D151900964808 /* astronauts.json in Resources */,
				B0ED38802B9C133E00076395 /* Preview Assets.xcassets in Resources */,
				B0FAD3112B9D151900964808 /* missions.json in Resources */,
				B0ED387D2B9C133E00076395 /* Assets.xcassets in Resources */,
			);
			runOnlyForDeploymentPostprocessing = 0;
		};
/* End PBXResourcesBuildPhase section */

/* Begin PBXSourcesBuildPhase section */
		B0ED38712B9C133D00076395 /* Sources */ = {
			isa = PBXSourcesBuildPhase;
			buildActionMask = 2147483647;
			files = (
				B0FAD3072B9D12CA00964808 /* Astronaut.swift in Sources */,
				B0ED387B2B9C133D00076395 /* ContentView.swift in Sources */,
				B0FAD3132B9D161300964808 /* Color-Theme.swift in Sources */,
				B0ED388F2B9C225000076395 /* HierarchicalCodableData.swift in Sources */,
				B0ED38872B9C14A700076395 /* ResizingImagesAvailableSpace.swift in Sources */,
				B0FAD3192B9D1DE000964808 /* MissionView.swift in Sources */,
				B0FAD3052B9D128E00964808 /* Bundle-Decodable.swift in Sources */,
				B0ED38912B9C272E00076395 /* LayOutViewsScrollingGrid.swift in Sources */,
				B0ED38792B9C133D00076395 /* MoonshotApp.swift in Sources */,
				B0FAD31B2B9D262D00964808 /* AstronautView.swift in Sources */,
				B0ED388D2B9C1A5300076395 /* PushingViewsNavigationLink.swift in Sources */,
				B0FAD3092B9D12D100964808 /* Mission.swift in Sources */,
				B0ED388B2B9C179500076395 /* ScrollViewData.swift in Sources */,
			);
			runOnlyForDeploymentPostprocessing = 0;
		};
/* End PBXSourcesBuildPhase section */

/* Begin XCBuildConfiguration section */
		B0ED38812B9C133E00076395 /* Debug */ = {
			isa = XCBuildConfiguration;
			buildSettings = {
				ALWAYS_SEARCH_USER_PATHS = NO;
				ASSETCATALOG_COMPILER_GENERATE_SWIFT_ASSET_SYMBOL_EXTENSIONS = YES;
				CLANG_ANALYZER_NONNULL = YES;
				CLANG_ANALYZER_NUMBER_OBJECT_CONVERSION = YES_AGGRESSIVE;
				CLANG_CXX_LANGUAGE_STANDARD = "gnu++20";
				CLANG_ENABLE_MODULES = YES;
				CLANG_ENABLE_OBJC_ARC = YES;
				CLANG_ENABLE_OBJC_WEAK = YES;
				CLANG_WARN_BLOCK_CAPTURE_AUTORELEASING = YES;
				CLANG_WARN_BOOL_CONVERSION = YES;
				CLANG_WARN_COMMA = YES;
				CLANG_WARN_CONSTANT_CONVERSION = YES;
				CLANG_WARN_DEPRECATED_OBJC_IMPLEMENTATIONS = YES;
				CLANG_WARN_DIRECT_OBJC_ISA_USAGE = YES_ERROR;
				CLANG_WARN_DOCUMENTATION_COMMENTS = YES;
				CLANG_WARN_EMPTY_BODY = YES;
				CLANG_WARN_ENUM_CONVERSION = YES;
				CLANG_WARN_INFINITE_RECURSION = YES;
				CLANG_WARN_INT_CONVERSION = YES;
				CLANG_WARN_NON_LITERAL_NULL_CONVERSION = YES;
				CLANG_WARN_OBJC_IMPLICIT_RETAIN_SELF = YES;
				CLANG_WARN_OBJC_LITERAL_CONVERSION = YES;
				CLANG_WARN_OBJC_ROOT_CLASS = YES_ERROR;
				CLANG_WARN_QUOTED_INCLUDE_IN_FRAMEWORK_HEADER = YES;
				CLANG_WARN_RANGE_LOOP_ANALYSIS = YES;
				CLANG_WARN_STRICT_PROTOTYPES = YES;
				CLANG_WARN_SUSPICIOUS_MOVE = YES;
				CLANG_WARN_UNGUARDED_AVAILABILITY = YES_AGGRESSIVE;
				CLANG_WARN_UNREACHABLE_CODE = YES;
				CLANG_WARN__DUPLICATE_METHOD_MATCH = YES;
				COPY_PHASE_STRIP = NO;
				DEBUG_INFORMATION_FORMAT = dwarf;
				ENABLE_STRICT_OBJC_MSGSEND = YES;
				ENABLE_TESTABILITY = YES;
				ENABLE_USER_SCRIPT_SANDBOXING = YES;
				GCC_C_LANGUAGE_STANDARD = gnu17;
				GCC_DYNAMIC_NO_PIC = NO;
				GCC_NO_COMMON_BLOCKS = YES;
				GCC_OPTIMIZATION_LEVEL = 0;
				GCC_PREPROCESSOR_DEFINITIONS = (
					"DEBUG=1",
					"$(inherited)",
				);
				GCC_WARN_64_TO_32_BIT_CONVERSION = YES;
				GCC_WARN_ABOUT_RETURN_TYPE = YES_ERROR;
				GCC_WARN_UNDECLARED_SELECTOR = YES;
				GCC_WARN_UNINITIALIZED_AUTOS = YES_AGGRESSIVE;
				GCC_WARN_UNUSED_FUNCTION = YES;
				GCC_WARN_UNUSED_VARIABLE = YES;
				IPHONEOS_DEPLOYMENT_TARGET = 17.4;
				LOCALIZATION_PREFERS_STRING_CATALOGS = YES;
				MTL_ENABLE_DEBUG_INFO = INCLUDE_SOURCE;
				MTL_FAST_MATH = YES;
				ONLY_ACTIVE_ARCH = YES;
				SDKROOT = iphoneos;
				SWIFT_ACTIVE_COMPILATION_CONDITIONS = "DEBUG $(inherited)";
				SWIFT_OPTIMIZATION_LEVEL = "-Onone";
			};
			name = Debug;
		};
		B0ED38822B9C133E00076395 /* Release */ = {
			isa = XCBuildConfiguration;
			buildSettings = {
				ALWAYS_SEARCH_USER_PATHS = NO;
				ASSETCATALOG_COMPILER_GENERATE_SWIFT_ASSET_SYMBOL_EXTENSIONS = YES;
				CLANG_ANALYZER_NONNULL = YES;
				CLANG_ANALYZER_NUMBER_OBJECT_CONVERSION = YES_AGGRESSIVE;
				CLANG_CXX_LANGUAGE_STANDARD = "gnu++20";
				CLANG_ENABLE_MODULES = YES;
				CLANG_ENABLE_OBJC_ARC = YES;
				CLANG_ENABLE_OBJC_WEAK = YES;
				CLANG_WARN_BLOCK_CAPTURE_AUTORELEASING = YES;
				CLANG_WARN_BOOL_CONVERSION = YES;
				CLANG_WARN_COMMA = YES;
				CLANG_WARN_CONSTANT_CONVERSION = YES;
				CLANG_WARN_DEPRECATED_OBJC_IMPLEMENTATIONS = YES;
				CLANG_WARN_DIRECT_OBJC_ISA_USAGE = YES_ERROR;
				CLANG_WARN_DOCUMENTATION_COMMENTS = YES;
				CLANG_WARN_EMPTY_BODY = YES;
				CLANG_WARN_ENUM_CONVERSION = YES;
				CLANG_WARN_INFINITE_RECURSION = YES;
				CLANG_WARN_INT_CONVERSION = YES;
				CLANG_WARN_NON_LITERAL_NULL_CONVERSION = YES;
				CLANG_WARN_OBJC_IMPLICIT_RETAIN_SELF = YES;
				CLANG_WARN_OBJC_LITERAL_CONVERSION = YES;
				CLANG_WARN_OBJC_ROOT_CLASS = YES_ERROR;
				CLANG_WARN_QUOTED_INCLUDE_IN_FRAMEWORK_HEADER = YES;
				CLANG_WARN_RANGE_LOOP_ANALYSIS = YES;
				CLANG_WARN_STRICT_PROTOTYPES = YES;
				CLANG_WARN_SUSPICIOUS_MOVE = YES;
				CLANG_WARN_UNGUARDED_AVAILABILITY = YES_AGGRESSIVE;
				CLANG_WARN_UNREACHABLE_CODE = YES;
				CLANG_WARN__DUPLICATE_METHOD_MATCH = YES;
				COPY_PHASE_STRIP = NO;
				DEBUG_INFORMATION_FORMAT = "dwarf-with-dsym";
				ENABLE_NS_ASSERTIONS = NO;
				ENABLE_STRICT_OBJC_MSGSEND = YES;
				ENABLE_USER_SCRIPT_SANDBOXING = YES;
				GCC_C_LANGUAGE_STANDARD = gnu17;
				GCC_NO_COMMON_BLOCKS = YES;
				GCC_WARN_64_TO_32_BIT_CONVERSION = YES;
				GCC_WARN_ABOUT_RETURN_TYPE = YES_ERROR;
				GCC_WARN_UNDECLARED_SELECTOR = YES;
				GCC_WARN_UNINITIALIZED_AUTOS = YES_AGGRESSIVE;
				GCC_WARN_UNUSED_FUNCTION = YES;
				GCC_WARN_UNUSED_VARIABLE = YES;
				IPHONEOS_DEPLOYMENT_TARGET = 17.4;
				LOCALIZATION_PREFERS_STRING_CATALOGS = YES;
				MTL_ENABLE_DEBUG_INFO = NO;
				MTL_FAST_MATH = YES;
				SDKROOT = iphoneos;
				SWIFT_COMPILATION_MODE = wholemodule;
				VALIDATE_PRODUCT = YES;
			};
			name = Release;
		};
		B0ED38842B9C133E00076395 /* Debug */ = {
			isa = XCBuildConfiguration;
			buildSettings = {
				ASSETCATALOG_COMPILER_APPICON_NAME = AppIcon;
				ASSETCATALOG_COMPILER_GLOBAL_ACCENT_COLOR_NAME = AccentColor;
				CODE_SIGN_STYLE = Automatic;
				CURRENT_PROJECT_VERSION = 1;
				DEVELOPMENT_ASSET_PATHS = "\"Moonshot/Preview Content\"";
				DEVELOPMENT_TEAM = R49ZM6U25N;
				ENABLE_PREVIEWS = YES;
				GENERATE_INFOPLIST_FILE = YES;
				INFOPLIST_KEY_UIApplicationSceneManifest_Generation = YES;
				INFOPLIST_KEY_UIApplicationSupportsIndirectInputEvents = YES;
				INFOPLIST_KEY_UILaunchScreen_Generation = YES;
				INFOPLIST_KEY_UISupportedInterfaceOrientations_iPad = "UIInterfaceOrientationPortrait UIInterfaceOrientationPortraitUpsideDown UIInterfaceOrientationLandscapeLeft UIInterfaceOrientationLandscapeRight";
				INFOPLIST_KEY_UISupportedInterfaceOrientations_iPhone = "UIInterfaceOrientationPortrait UIInterfaceOrientationLandscapeLeft UIInterfaceOrientationLandscapeRight";
				LD_RUNPATH_SEARCH_PATHS = (
					"$(inherited)",
					"@executable_path/Frameworks",
				);
				MARKETING_VERSION = 1.0;
				PRODUCT_BUNDLE_IDENTIFIER = com.lakarpusky.Moonshot;
				PRODUCT_NAME = "$(TARGET_NAME)";
				SWIFT_EMIT_LOC_STRINGS = YES;
				SWIFT_VERSION = 5.0;
				TARGETED_DEVICE_FAMILY = "1,2";
			};
			name = Debug;
		};
		B0ED38852B9C133E00076395 /* Release */ = {
			isa = XCBuildConfiguration;
			buildSettings = {
				ASSETCATALOG_COMPILER_APPICON_NAME = AppIcon;
				ASSETCATALOG_COMPILER_GLOBAL_ACCENT_COLOR_NAME = AccentColor;
				CODE_SIGN_STYLE = Automatic;
				CURRENT_PROJECT_VERSION = 1;
				DEVELOPMENT_ASSET_PATHS = "\"Moonshot/Preview Content\"";
				DEVELOPMENT_TEAM = R49ZM6U25N;
				ENABLE_PREVIEWS = YES;
				GENERATE_INFOPLIST_FILE = YES;
				INFOPLIST_KEY_UIApplicationSceneManifest_Generation = YES;
				INFOPLIST_KEY_UIApplicationSupportsIndirectInputEvents = YES;
				INFOPLIST_KEY_UILaunchScreen_Generation = YES;
				INFOPLIST_KEY_UISupportedInterfaceOrientations_iPad = "UIInterfaceOrientationPortrait UIInterfaceOrientationPortraitUpsideDown UIInterfaceOrientationLandscapeLeft UIInterfaceOrientationLandscapeRight";
				INFOPLIST_KEY_UISupportedInterfaceOrientations_iPhone = "UIInterfaceOrientationPortrait UIInterfaceOrientationLandscapeLeft UIInterfaceOrientationLandscapeRight";
				LD_RUNPATH_SEARCH_PATHS = (
					"$(inherited)",
					"@executable_path/Frameworks",
				);
				MARKETING_VERSION = 1.0;
				PRODUCT_BUNDLE_IDENTIFIER = com.lakarpusky.Moonshot;
				PRODUCT_NAME = "$(TARGET_NAME)";
				SWIFT_EMIT_LOC_STRINGS = YES;
				SWIFT_VERSION = 5.0;
				TARGETED_DEVICE_FAMILY = "1,2";
			};
			name = Release;
		};
/* End XCBuildConfiguration section */

/* Begin XCConfigurationList section */
		B0ED38702B9C133D00076395 /* Build configuration list for PBXProject "Moonshot" */ = {
			isa = XCConfigurationList;
			buildConfigurations = (
				B0ED38812B9C133E00076395 /* Debug */,
				B0ED38822B9C133E00076395 /* Release */,
			);
			defaultConfigurationIsVisible = 0;
			defaultConfigurationName = Release;
		};
		B0ED38832B9C133E00076395 /* Build configuration list for PBXNativeTarget "Moonshot" */ = {
			isa = XCConfigurationList;
			buildConfigurations = (
				B0ED38842B9C133E00076395 /* Debug */,
				B0ED38852B9C133E00076395 /* Release */,
			);
			defaultConfigurationIsVisible = 0;
			defaultConfigurationName = Release;
		};
/* End XCConfigurationList section */
	};
	rootObject = B0ED386D2B9C133D00076395 /* Project object */;
}
