{
  "originHash" : "21a6c1b8b208d45018f5fbe23597ad11bbec557e1a15014149ca1023295b6f2c",
  "pins" : [
    {
      "identity" : "codescanner",
      "kind" : "remoteSourceControl",
      "location" : "https://github.com/twostraws/CodeScanner",
      "state" : {
        "revision" : "944a6a1ca030dbd890e647a678e718fc2115d35c",
        "version" : "2.4.1"
      }
    },
    {
      "identity" : "samplepackage",
      "kind" : "remoteSourceControl",
      "location" : "https://github.com/twostraws/SamplePackage",
      "state" : {
        "revision" : "f34f8498db05cf519000a9e5a6a14872ccc69ada",
        "version" : "1.0.0"
      }
    }
  ],
  "version" : 3
}
