// !$*UTF8*$!
{
	archiveVersion = 1;
	classes = {
	};
	objectVersion = 56;
	objects = {

/* Begin PBXBuildFile section */
		B0FAD3312B9E4F1200964808 /* NavigationApp.swift in Sources */ = {isa = PBXBuildFile; fileRef = B0FAD3302B9E4F1200964808 /* NavigationApp.swift */; };
		B0FAD3332B9E4F1200964808 /* ContentView.swift in Sources */ = {isa = PBXBuildFile; fileRef = B0FAD3322B9E4F1200964808 /* ContentView.swift */; };
		B0FAD3352B9E4F1300964808 /* Assets.xcassets in Resources */ = {isa = PBXBuildFile; fileRef = B0FAD3342B9E4F1300964808 /* Assets.xcassets */; };
		B0FAD3382B9E4F1300964808 /* Preview Assets.xcassets in Resources */ = {isa = PBXBuildFile; fileRef = B0FAD3372B9E4F1300964808 /* Preview Assets.xcassets */; };
		B0FAD3412BA00CD300964808 /* ProgrammaticNavigation.swift in Sources */ = {isa = PBXBuildFile; fileRef = B0FAD3402BA00CD300964808 /* ProgrammaticNavigation.swift */; };
		B0FAD3432BA0170800964808 /* DifferentDataTypes.swift in Sources */ = {isa = PBXBuildFile; fileRef = B0FAD3422BA0170800964808 /* DifferentDataTypes.swift */; };
		B0FAD3452BA019F500964808 /* ReturnToRootView.swift in Sources */ = {isa = PBXBuildFile; fileRef = B0FAD3442BA019F500964808 /* ReturnToRootView.swift */; };
		B0FAD3472BA01C6000964808 /* SavePathsUsingCodable.swift in Sources */ = {isa = PBXBuildFile; fileRef = B0FAD3462BA01C6000964808 /* SavePathsUsingCodable.swift */; };
		B0FAD3492BA1530000964808 /* CustomizingNavigationBar.swift in Sources */ = {isa = PBXBuildFile; fileRef = B0FAD3482BA1530000964808 /* CustomizingNavigationBar.swift */; };
		B0FAD34B2BA154F600964808 /* PlacingToolbarButtons.swift in Sources */ = {isa = PBXBuildFile; fileRef = B0FAD34A2BA154F600964808 /* PlacingToolbarButtons.swift */; };
		B0FAD34D2BA156BA00964808 /* NavigationTitleEditable.swift in Sources */ = {isa = PBXBuildFile; fileRef = B0FAD34C2BA156BA00964808 /* NavigationTitleEditable.swift */; };
/* End PBXBuildFile section */

/* Begin PBXFileReference section */
		B0FAD32D2B9E4F1200964808 /* Navigation.app */ = {isa = PBXFileReference; explicitFileType = wrapper.application; includeInIndex = 0; path = Navigation.app; sourceTree = BUILT_PRODUCTS_DIR; };
		B0FAD3302B9E4F1200964808 /* NavigationApp.swift */ = {isa = PBXFileReference; lastKnownFileType = sourcecode.swift; path = NavigationApp.swift; sourceTree = "<group>"; };
		B0FAD3322B9E4F1200964808 /* ContentView.swift */ = {isa = PBXFileReference; lastKnownFileType = sourcecode.swift; path = ContentView.swift; sourceTree = "<group>"; };
		B0FAD3342B9E4F1300964808 /* Assets.xcassets */ = {isa = PBXFileReference; lastKnownFileType = folder.assetcatalog; path = Assets.xcassets; sourceTree = "<group>"; };
		B0FAD3372B9E4F1300964808 /* Preview Assets.xcassets */ = {isa = PBXFileReference; lastKnownFileType = folder.assetcatalog; path = "Preview Assets.xcassets"; sourceTree = "<group>"; };
		B0FAD3402BA00CD300964808 /* ProgrammaticNavigation.swift */ = {isa = PBXFileReference; lastKnownFileType = sourcecode.swift; path = ProgrammaticNavigation.swift; sourceTree = "<group>"; };
		B0FAD3422BA0170800964808 /* DifferentDataTypes.swift */ = {isa = PBXFileReference; lastKnownFileType = sourcecode.swift; path = DifferentDataTypes.swift; sourceTree = "<group>"; };
		B0FAD3442BA019F500964808 /* ReturnToRootView.swift */ = {isa = PBXFileReference; lastKnownFileType = sourcecode.swift; path = ReturnToRootView.swift; sourceTree = "<group>"; };
		B0FAD3462BA01C6000964808 /* SavePathsUsingCodable.swift */ = {isa = PBXFileReference; lastKnownFileType = sourcecode.swift; path = SavePathsUsingCodable.swift; sourceTree = "<group>"; };
		B0FAD3482BA1530000964808 /* CustomizingNavigationBar.swift */ = {isa = PBXFileReference; lastKnownFileType = sourcecode.swift; path = CustomizingNavigationBar.swift; sourceTree = "<group>"; };
		B0FAD34A2BA154F600964808 /* PlacingToolbarButtons.swift */ = {isa = PBXFileReference; lastKnownFileType = sourcecode.swift; path = PlacingToolbarButtons.swift; sourceTree = "<group>"; };
		B0FAD34C2BA156BA00964808 /* NavigationTitleEditable.swift */ = {isa = PBXFileReference; lastKnownFileType = sourcecode.swift; path = NavigationTitleEditable.swift; sourceTree = "<group>"; };
/* End PBXFileReference section */

/* Begin PBXFrameworksBuildPhase section */
		B0FAD32A2B9E4F1200964808 /* Frameworks */ = {
			isa = PBXFrameworksBuildPhase;
			buildActionMask = 2147483647;
			files = (
			);
			runOnlyForDeploymentPostprocessing = 0;
		};
/* End PBXFrameworksBuildPhase section */

/* Begin PBXGroup section */
		B0FAD3242B9E4F1200964808 = {
			isa = PBXGroup;
			children = (
				B0FAD32F2B9E4F1200964808 /* Navigation */,
				B0FAD32E2B9E4F1200964808 /* Products */,
			);
			sourceTree = "<group>";
		};
		B0FAD32E2B9E4F1200964808 /* Products */ = {
			isa = PBXGroup;
			children = (
				B0FAD32D2B9E4F1200964808 /* Navigation.app */,
			);
			name = Products;
			sourceTree = "<group>";
		};
		B0FAD32F2B9E4F1200964808 /* Navigation */ = {
			isa = PBXGroup;
			children = (
				B0FAD3302B9E4F1200964808 /* NavigationApp.swift */,
				B0FAD3322B9E4F1200964808 /* ContentView.swift */,
				B0FAD3342B9E4F1300964808 /* Assets.xcassets */,
				B0FAD3362B9E4F1300964808 /* Preview Content */,
				B0FAD3402BA00CD300964808 /* ProgrammaticNavigation.swift */,
				B0FAD3422BA0170800964808 /* DifferentDataTypes.swift */,
				B0FAD3442BA019F500964808 /* ReturnToRootView.swift */,
				B0FAD3462BA01C6000964808 /* SavePathsUsingCodable.swift */,
				B0FAD3482BA1530000964808 /* CustomizingNavigationBar.swift */,
				B0FAD34A2BA154F600964808 /* PlacingToolbarButtons.swift */,
				B0FAD34C2BA156BA00964808 /* NavigationTitleEditable.swift */,
			);
			path = Navigation;
			sourceTree = "<group>";
		};
		B0FAD3362B9E4F1300964808 /* Preview Content */ = {
			isa = PBXGroup;
			children = (
				B0FAD3372B9E4F1300964808 /* Preview Assets.xcassets */,
			);
			path = "Preview Content";
			sourceTree = "<group>";
		};
/* End PBXGroup section */

/* Begin PBXNativeTarget section */
		B0FAD32C2B9E4F1200964808 /* Navigation */ = {
			isa = PBXNativeTarget;
			buildConfigurationList = B0FAD33B2B9E4F1300964808 /* Build configuration list for PBXNativeTarget "Navigation" */;
			buildPhases = (
				B0FAD3292B9E4F1200964808 /* Sources */,
				B0FAD32A2B9E4F1200964808 /* Frameworks */,
				B0FAD32B2B9E4F1200964808 /* Resources */,
			);
			buildRules = (
			);
			dependencies = (
			);
			name = Navigation;
			productName = Navigation;
			productReference = B0FAD32D2B9E4F1200964808 /* Navigation.app */;
			productType = "com.apple.product-type.application";
		};
/* End PBXNativeTarget section */

/* Begin PBXProject section */
		B0FAD3252B9E4F1200964808 /* Project object */ = {
			isa = PBXProject;
			attributes = {
				BuildIndependentTargetsInParallel = 1;
				LastSwiftUpdateCheck = 1530;
				LastUpgradeCheck = 1530;
				TargetAttributes = {
					B0FAD32C2B9E4F1200964808 = {
						CreatedOnToolsVersion = 15.3;
					};
				};
			};
			buildConfigurationList = B0FAD3282B9E4F1200964808 /* Build configuration list for PBXProject "Navigation" */;
			compatibilityVersion = "Xcode 14.0";
			developmentRegion = en;
			hasScannedForEncodings = 0;
			knownRegions = (
				en,
				Base,
			);
			mainGroup = B0FAD3242B9E4F1200964808;
			productRefGroup = B0FAD32E2B9E4F1200964808 /* Products */;
			projectDirPath = "";
			projectRoot = "";
			targets = (
				B0FAD32C2B9E4F1200964808 /* Navigation */,
			);
		};
/* End PBXProject section */

/* Begin PBXResourcesBuildPhase section */
		B0FAD32B2B9E4F1200964808 /* Resources */ = {
			isa = PBXResourcesBuildPhase;
			buildActionMask = 2147483647;
			files = (
				B0FAD3382B9E4F1300964808 /* Preview Assets.xcassets in Resources */,
				B0FAD3352B9E4F1300964808 /* Assets.xcassets in Resources */,
			);
			runOnlyForDeploymentPostprocessing = 0;
		};
/* End PBXResourcesBuildPhase section */

/* Begin PBXSourcesBuildPhase section */
		B0FAD3292B9E4F1200964808 /* Sources */ = {
			isa = PBXSourcesBuildPhase;
			buildActionMask = 2147483647;
			files = (
				B0FAD3332B9E4F1200964808 /* ContentView.swift in Sources */,
				B0FAD34D2BA156BA00964808 /* NavigationTitleEditable.swift in Sources */,
				B0FAD3472BA01C6000964808 /* SavePathsUsingCodable.swift in Sources */,
				B0FAD3452BA019F500964808 /* ReturnToRootView.swift in Sources */,
				B0FAD3432BA0170800964808 /* DifferentDataTypes.swift in Sources */,
				B0FAD3492BA1530000964808 /* CustomizingNavigationBar.swift in Sources */,
				B0FAD3412BA00CD300964808 /* ProgrammaticNavigation.swift in Sources */,
				B0FAD34B2BA154F600964808 /* PlacingToolbarButtons.swift in Sources */,
				B0FAD3312B9E4F1200964808 /* NavigationApp.swift in Sources */,
			);
			runOnlyForDeploymentPostprocessing = 0;
		};
/* End PBXSourcesBuildPhase section */

/* Begin XCBuildConfiguration section */
		B0FAD3392B9E4F1300964808 /* Debug */ = {
			isa = XCBuildConfiguration;
			buildSettings = {
				ALWAYS_SEARCH_USER_PATHS = NO;
				ASSETCATALOG_COMPILER_GENERATE_SWIFT_ASSET_SYMBOL_EXTENSIONS = YES;
				CLANG_ANALYZER_NONNULL = YES;
				CLANG_ANALYZER_NUMBER_OBJECT_CONVERSION = YES_AGGRESSIVE;
				CLANG_CXX_LANGUAGE_STANDARD = "gnu++20";
				CLANG_ENABLE_MODULES = YES;
				CLANG_ENABLE_OBJC_ARC = YES;
				CLANG_ENABLE_OBJC_WEAK = YES;
				CLANG_WARN_BLOCK_CAPTURE_AUTORELEASING = YES;
				CLANG_WARN_BOOL_CONVERSION = YES;
				CLANG_WARN_COMMA = YES;
				CLANG_WARN_CONSTANT_CONVERSION = YES;
				CLANG_WARN_DEPRECATED_OBJC_IMPLEMENTATIONS = YES;
				CLANG_WARN_DIRECT_OBJC_ISA_USAGE = YES_ERROR;
				CLANG_WARN_DOCUMENTATION_COMMENTS = YES;
				CLANG_WARN_EMPTY_BODY = YES;
				CLANG_WARN_ENUM_CONVERSION = YES;
				CLANG_WARN_INFINITE_RECURSION = YES;
				CLANG_WARN_INT_CONVERSION = YES;
				CLANG_WARN_NON_LITERAL_NULL_CONVERSION = YES;
				CLANG_WARN_OBJC_IMPLICIT_RETAIN_SELF = YES;
				CLANG_WARN_OBJC_LITERAL_CONVERSION = YES;
				CLANG_WARN_OBJC_ROOT_CLASS = YES_ERROR;
				CLANG_WARN_QUOTED_INCLUDE_IN_FRAMEWORK_HEADER = YES;
				CLANG_WARN_RANGE_LOOP_ANALYSIS = YES;
				CLANG_WARN_STRICT_PROTOTYPES = YES;
				CLANG_WARN_SUSPICIOUS_MOVE = YES;
				CLANG_WARN_UNGUARDED_AVAILABILITY = YES_AGGRESSIVE;
				CLANG_WARN_UNREACHABLE_CODE = YES;
				CLANG_WARN__DUPLICATE_METHOD_MATCH = YES;
				COPY_PHASE_STRIP = NO;
				DEBUG_INFORMATION_FORMAT = dwarf;
				ENABLE_STRICT_OBJC_MSGSEND = YES;
				ENABLE_TESTABILITY = YES;
				ENABLE_USER_SCRIPT_SANDBOXING = YES;
				GCC_C_LANGUAGE_STANDARD = gnu17;
				GCC_DYNAMIC_NO_PIC = NO;
				GCC_NO_COMMON_BLOCKS = YES;
				GCC_OPTIMIZATION_LEVEL = 0;
				GCC_PREPROCESSOR_DEFINITIONS = (
					"DEBUG=1",
					"$(inherited)",
				);
				GCC_WARN_64_TO_32_BIT_CONVERSION = YES;
				GCC_WARN_ABOUT_RETURN_TYPE = YES_ERROR;
				GCC_WARN_UNDECLARED_SELECTOR = YES;
				GCC_WARN_UNINITIALIZED_AUTOS = YES_AGGRESSIVE;
				GCC_WARN_UNUSED_FUNCTION = YES;
				GCC_WARN_UNUSED_VARIABLE = YES;
				IPHONEOS_DEPLOYMENT_TARGET = 17.4;
				LOCALIZATION_PREFERS_STRING_CATALOGS = YES;
				MTL_ENABLE_DEBUG_INFO = INCLUDE_SOURCE;
				MTL_FAST_MATH = YES;
				ONLY_ACTIVE_ARCH = YES;
				SDKROOT = iphoneos;
				SWIFT_ACTIVE_COMPILATION_CONDITIONS = "DEBUG $(inherited)";
				SWIFT_OPTIMIZATION_LEVEL = "-Onone";
			};
			name = Debug;
		};
		B0FAD33A2B9E4F1300964808 /* Release */ = {
			isa = XCBuildConfiguration;
			buildSettings = {
				ALWAYS_SEARCH_USER_PATHS = NO;
				ASSETCATALOG_COMPILER_GENERATE_SWIFT_ASSET_SYMBOL_EXTENSIONS = YES;
				CLANG_ANALYZER_NONNULL = YES;
				CLANG_ANALYZER_NUMBER_OBJECT_CONVERSION = YES_AGGRESSIVE;
				CLANG_CXX_LANGUAGE_STANDARD = "gnu++20";
				CLANG_ENABLE_MODULES = YES;
				CLANG_ENABLE_OBJC_ARC = YES;
				CLANG_ENABLE_OBJC_WEAK = YES;
				CLANG_WARN_BLOCK_CAPTURE_AUTORELEASING = YES;
				CLANG_WARN_BOOL_CONVERSION = YES;
				CLANG_WARN_COMMA = YES;
				CLANG_WARN_CONSTANT_CONVERSION = YES;
				CLANG_WARN_DEPRECATED_OBJC_IMPLEMENTATIONS = YES;
				CLANG_WARN_DIRECT_OBJC_ISA_USAGE = YES_ERROR;
				CLANG_WARN_DOCUMENTATION_COMMENTS = YES;
				CLANG_WARN_EMPTY_BODY = YES;
				CLANG_WARN_ENUM_CONVERSION = YES;
				CLANG_WARN_INFINITE_RECURSION = YES;
				CLANG_WARN_INT_CONVERSION = YES;
				CLANG_WARN_NON_LITERAL_NULL_CONVERSION = YES;
				CLANG_WARN_OBJC_IMPLICIT_RETAIN_SELF = YES;
				CLANG_WARN_OBJC_LITERAL_CONVERSION = YES;
				CLANG_WARN_OBJC_ROOT_CLASS = YES_ERROR;
				CLANG_WARN_QUOTED_INCLUDE_IN_FRAMEWORK_HEADER = YES;
				CLANG_WARN_RANGE_LOOP_ANALYSIS = YES;
				CLANG_WARN_STRICT_PROTOTYPES = YES;
				CLANG_WARN_SUSPICIOUS_MOVE = YES;
				CLANG_WARN_UNGUARDED_AVAILABILITY = YES_AGGRESSIVE;
				CLANG_WARN_UNREACHABLE_CODE = YES;
				CLANG_WARN__DUPLICATE_METHOD_MATCH = YES;
				COPY_PHASE_STRIP = NO;
				DEBUG_INFORMATION_FORMAT = "dwarf-with-dsym";
				ENABLE_NS_ASSERTIONS = NO;
				ENABLE_STRICT_OBJC_MSGSEND = YES;
				ENABLE_USER_SCRIPT_SANDBOXING = YES;
				GCC_C_LANGUAGE_STANDARD = gnu17;
				GCC_NO_COMMON_BLOCKS = YES;
				GCC_WARN_64_TO_32_BIT_CONVERSION = YES;
				GCC_WARN_ABOUT_RETURN_TYPE = YES_ERROR;
				GCC_WARN_UNDECLARED_SELECTOR = YES;
				GCC_WARN_UNINITIALIZED_AUTOS = YES_AGGRESSIVE;
				GCC_WARN_UNUSED_FUNCTION = YES;
				GCC_WARN_UNUSED_VARIABLE = YES;
				IPHONEOS_DEPLOYMENT_TARGET = 17.4;
				LOCALIZATION_PREFERS_STRING_CATALOGS = YES;
				MTL_ENABLE_DEBUG_INFO = NO;
				MTL_FAST_MATH = YES;
				SDKROOT = iphoneos;
				SWIFT_COMPILATION_MODE = wholemodule;
				VALIDATE_PRODUCT = YES;
			};
			name = Release;
		};
		B0FAD33C2B9E4F1300964808 /* Debug */ = {
			isa = XCBuildConfiguration;
			buildSettings = {
				ASSETCATALOG_COMPILER_APPICON_NAME = AppIcon;
				ASSETCATALOG_COMPILER_GLOBAL_ACCENT_COLOR_NAME = AccentColor;
				CODE_SIGN_STYLE = Automatic;
				CURRENT_PROJECT_VERSION = 1;
				DEVELOPMENT_ASSET_PATHS = "\"Navigation/Preview Content\"";
				DEVELOPMENT_TEAM = R49ZM6U25N;
				ENABLE_PREVIEWS = YES;
				GENERATE_INFOPLIST_FILE = YES;
				INFOPLIST_KEY_UIApplicationSceneManifest_Generation = YES;
				INFOPLIST_KEY_UIApplicationSupportsIndirectInputEvents = YES;
				INFOPLIST_KEY_UILaunchScreen_Generation = YES;
				INFOPLIST_KEY_UISupportedInterfaceOrientations_iPad = "UIInterfaceOrientationPortrait UIInterfaceOrientationPortraitUpsideDown UIInterfaceOrientationLandscapeLeft UIInterfaceOrientationLandscapeRight";
				INFOPLIST_KEY_UISupportedInterfaceOrientations_iPhone = "UIInterfaceOrientationPortrait UIInterfaceOrientationLandscapeLeft UIInterfaceOrientationLandscapeRight";
				LD_RUNPATH_SEARCH_PATHS = (
					"$(inherited)",
					"@executable_path/Frameworks",
				);
				MARKETING_VERSION = 1.0;
				PRODUCT_BUNDLE_IDENTIFIER = com.lakarpusky.Navigation;
				PRODUCT_NAME = "$(TARGET_NAME)";
				SWIFT_EMIT_LOC_STRINGS = YES;
				SWIFT_VERSION = 5.0;
				TARGETED_DEVICE_FAMILY = "1,2";
			};
			name = Debug;
		};
		B0FAD33D2B9E4F1300964808 /* Release */ = {
			isa = XCBuildConfiguration;
			buildSettings = {
				ASSETCATALOG_COMPILER_APPICON_NAME = AppIcon;
				ASSETCATALOG_COMPILER_GLOBAL_ACCENT_COLOR_NAME = AccentColor;
				CODE_SIGN_STYLE = Automatic;
				CURRENT_PROJECT_VERSION = 1;
				DEVELOPMENT_ASSET_PATHS = "\"Navigation/Preview Content\"";
				DEVELOPMENT_TEAM = R49ZM6U25N;
				ENABLE_PREVIEWS = YES;
				GENERATE_INFOPLIST_FILE = YES;
				INFOPLIST_KEY_UIApplicationSceneManifest_Generation = YES;
				INFOPLIST_KEY_UIApplicationSupportsIndirectInputEvents = YES;
				INFOPLIST_KEY_UILaunchScreen_Generation = YES;
				INFOPLIST_KEY_UISupportedInterfaceOrientations_iPad = "UIInterfaceOrientationPortrait UIInterfaceOrientationPortraitUpsideDown UIInterfaceOrientationLandscapeLeft UIInterfaceOrientationLandscapeRight";
				INFOPLIST_KEY_UISupportedInterfaceOrientations_iPhone = "UIInterfaceOrientationPortrait UIInterfaceOrientationLandscapeLeft UIInterfaceOrientationLandscapeRight";
				LD_RUNPATH_SEARCH_PATHS = (
					"$(inherited)",
					"@executable_path/Frameworks",
				);
				MARKETING_VERSION = 1.0;
				PRODUCT_BUNDLE_IDENTIFIER = com.lakarpusky.Navigation;
				PRODUCT_NAME = "$(TARGET_NAME)";
				SWIFT_EMIT_LOC_STRINGS = YES;
				SWIFT_VERSION = 5.0;
				TARGETED_DEVICE_FAMILY = "1,2";
			};
			name = Release;
		};
/* End XCBuildConfiguration section */

/* Begin XCConfigurationList section */
		B0FAD3282B9E4F1200964808 /* Build configuration list for PBXProject "Navigation" */ = {
			isa = XCConfigurationList;
			buildConfigurations = (
				B0FAD3392B9E4F1300964808 /* Debug */,
				B0FAD33A2B9E4F1300964808 /* Release */,
			);
			defaultConfigurationIsVisible = 0;
			defaultConfigurationName = Release;
		};
		B0FAD33B2B9E4F1300964808 /* Build configuration list for PBXNativeTarget "Navigation" */ = {
			isa = XCConfigurationList;
			buildConfigurations = (
				B0FAD33C2B9E4F1300964808 /* Debug */,
				B0FAD33D2B9E4F1300964808 /* Release */,
			);
			defaultConfigurationIsVisible = 0;
			defaultConfigurationName = Release;
		};
/* End XCConfigurationList section */
	};
	rootObject = B0FAD3252B9E4F1200964808 /* Project object */;
}
