// !$*UTF8*$!
{
	archiveVersion = 1;
	classes = {
	};
	objectVersion = 56;
	objects = {

/* Begin PBXBuildFile section */
		B04D23572BA956C800DA29D9 /* RatingView.swift in Sources */ = {isa = PBXBuildFile; fileRef = B04D23562BA956C800DA29D9 /* RatingView.swift */; };
		B04D23592BAA7F0D00DA29D9 /* EmojiRatingView.swift in Sources */ = {isa = PBXBuildFile; fileRef = B04D23582BAA7F0D00DA29D9 /* EmojiRatingView.swift */; };
		B04D235B2BAA814E00DA29D9 /* DetailView.swift in Sources */ = {isa = PBXBuildFile; fileRef = B04D235A2BAA814E00DA29D9 /* DetailView.swift */; };
		B04FDFB52BA7A0A700139A68 /* BookwormApp.swift in Sources */ = {isa = PBXBuildFile; fileRef = B04FDFB42BA7A0A700139A68 /* BookwormApp.swift */; };
		B04FDFB72BA7A0A700139A68 /* ContentView.swift in Sources */ = {isa = PBXBuildFile; fileRef = B04FDFB62BA7A0A700139A68 /* ContentView.swift */; };
		B04FDFB92BA7A0A800139A68 /* Assets.xcassets in Resources */ = {isa = PBXBuildFile; fileRef = B04FDFB82BA7A0A800139A68 /* Assets.xcassets */; };
		B04FDFBC2BA7A0A800139A68 /* Preview Assets.xcassets in Resources */ = {isa = PBXBuildFile; fileRef = B04FDFBB2BA7A0A800139A68 /* Preview Assets.xcassets */; };
		B04FDFC32BA7A27300139A68 /* CustomComponentWithBinding.swift in Sources */ = {isa = PBXBuildFile; fileRef = B04FDFC22BA7A27300139A68 /* CustomComponentWithBinding.swift */; };
		B04FDFC52BA7A48700139A68 /* AcceptingMultiLineTextInput.swift in Sources */ = {isa = PBXBuildFile; fileRef = B04FDFC42BA7A48700139A68 /* AcceptingMultiLineTextInput.swift */; };
		B04FDFC72BA7A72C00139A68 /* IntroductionSwiftData.swift in Sources */ = {isa = PBXBuildFile; fileRef = B04FDFC62BA7A72C00139A68 /* IntroductionSwiftData.swift */; };
		B04FDFC92BA7EE3A00139A68 /* Student.swift in Sources */ = {isa = PBXBuildFile; fileRef = B04FDFC82BA7EE3A00139A68 /* Student.swift */; };
		B04FDFCB2BA947C600139A68 /* Book.swift in Sources */ = {isa = PBXBuildFile; fileRef = B04FDFCA2BA947C600139A68 /* Book.swift */; };
		B04FDFCD2BA9488000139A68 /* AddBookView.swift in Sources */ = {isa = PBXBuildFile; fileRef = B04FDFCC2BA9488000139A68 /* AddBookView.swift */; };
/* End PBXBuildFile section */

/* Begin PBXFileReference section */
		B04D23562BA956C800DA29D9 /* RatingView.swift */ = {isa = PBXFileReference; lastKnownFileType = sourcecode.swift; path = RatingView.swift; sourceTree = "<group>"; };
		B04D23582BAA7F0D00DA29D9 /* EmojiRatingView.swift */ = {isa = PBXFileReference; lastKnownFileType = sourcecode.swift; path = EmojiRatingView.swift; sourceTree = "<group>"; };
		B04D235A2BAA814E00DA29D9 /* DetailView.swift */ = {isa = PBXFileReference; lastKnownFileType = sourcecode.swift; path = DetailView.swift; sourceTree = "<group>"; };
		B04FDFB12BA7A0A700139A68 /* Bookworm.app */ = {isa = PBXFileReference; explicitFileType = wrapper.application; includeInIndex = 0; path = Bookworm.app; sourceTree = BUILT_PRODUCTS_DIR; };
		B04FDFB42BA7A0A700139A68 /* BookwormApp.swift */ = {isa = PBXFileReference; lastKnownFileType = sourcecode.swift; path = BookwormApp.swift; sourceTree = "<group>"; };
		B04FDFB62BA7A0A700139A68 /* ContentView.swift */ = {isa = PBXFileReference; lastKnownFileType = sourcecode.swift; path = ContentView.swift; sourceTree = "<group>"; };
		B04FDFB82BA7A0A800139A68 /* Assets.xcassets */ = {isa = PBXFileReference; lastKnownFileType = folder.assetcatalog; path = Assets.xcassets; sourceTree = "<group>"; };
		B04FDFBB2BA7A0A800139A68 /* Preview Assets.xcassets */ = {isa = PBXFileReference; lastKnownFileType = folder.assetcatalog; path = "Preview Assets.xcassets"; sourceTree = "<group>"; };
		B04FDFC22BA7A27300139A68 /* CustomComponentWithBinding.swift */ = {isa = PBXFileReference; lastKnownFileType = sourcecode.swift; path = CustomComponentWithBinding.swift; sourceTree = "<group>"; };
		B04FDFC42BA7A48700139A68 /* AcceptingMultiLineTextInput.swift */ = {isa = PBXFileReference; lastKnownFileType = sourcecode.swift; path = AcceptingMultiLineTextInput.swift; sourceTree = "<group>"; };
		B04FDFC62BA7A72C00139A68 /* IntroductionSwiftData.swift */ = {isa = PBXFileReference; lastKnownFileType = sourcecode.swift; path = IntroductionSwiftData.swift; sourceTree = "<group>"; };
		B04FDFC82BA7EE3A00139A68 /* Student.swift */ = {isa = PBXFileReference; lastKnownFileType = sourcecode.swift; path = Student.swift; sourceTree = "<group>"; };
		B04FDFCA2BA947C600139A68 /* Book.swift */ = {isa = PBXFileReference; lastKnownFileType = sourcecode.swift; path = Book.swift; sourceTree = "<group>"; };
		B04FDFCC2BA9488000139A68 /* AddBookView.swift */ = {isa = PBXFileReference; lastKnownFileType = sourcecode.swift; path = AddBookView.swift; sourceTree = "<group>"; };
/* End PBXFileReference section */

/* Begin PBXFrameworksBuildPhase section */
		B04FDFAE2BA7A0A700139A68 /* Frameworks */ = {
			isa = PBXFrameworksBuildPhase;
			buildActionMask = 2147483647;
			files = (
			);
			runOnlyForDeploymentPostprocessing = 0;
		};
/* End PBXFrameworksBuildPhase section */

/* Begin PBXGroup section */
		B04FDFA82BA7A0A700139A68 = {
			isa = PBXGroup;
			children = (
				B04FDFB32BA7A0A700139A68 /* Bookworm */,
				B04FDFB22BA7A0A700139A68 /* Products */,
			);
			sourceTree = "<group>";
		};
		B04FDFB22BA7A0A700139A68 /* Products */ = {
			isa = PBXGroup;
			children = (
				B04FDFB12BA7A0A700139A68 /* Bookworm.app */,
			);
			name = Products;
			sourceTree = "<group>";
		};
		B04FDFB32BA7A0A700139A68 /* Bookworm */ = {
			isa = PBXGroup;
			children = (
				B04FDFB42BA7A0A700139A68 /* BookwormApp.swift */,
				B04FDFB62BA7A0A700139A68 /* ContentView.swift */,
				B04FDFCA2BA947C600139A68 /* Book.swift */,
				B04FDFCC2BA9488000139A68 /* AddBookView.swift */,
				B04D23562BA956C800DA29D9 /* RatingView.swift */,
				B04D23582BAA7F0D00DA29D9 /* EmojiRatingView.swift */,
				B04D235A2BAA814E00DA29D9 /* DetailView.swift */,
				B04FDFB82BA7A0A800139A68 /* Assets.xcassets */,
				B04FDFBA2BA7A0A800139A68 /* Preview Content */,
				B04FDFC22BA7A27300139A68 /* CustomComponentWithBinding.swift */,
				B04FDFC42BA7A48700139A68 /* AcceptingMultiLineTextInput.swift */,
				B04FDFC62BA7A72C00139A68 /* IntroductionSwiftData.swift */,
				B04FDFC82BA7EE3A00139A68 /* Student.swift */,
			);
			path = Bookworm;
			sourceTree = "<group>";
		};
		B04FDFBA2BA7A0A800139A68 /* Preview Content */ = {
			isa = PBXGroup;
			children = (
				B04FDFBB2BA7A0A800139A68 /* Preview Assets.xcassets */,
			);
			path = "Preview Content";
			sourceTree = "<group>";
		};
/* End PBXGroup section */

/* Begin PBXNativeTarget section */
		B04FDFB02BA7A0A700139A68 /* Bookworm */ = {
			isa = PBXNativeTarget;
			buildConfigurationList = B04FDFBF2BA7A0A800139A68 /* Build configuration list for PBXNativeTarget "Bookworm" */;
			buildPhases = (
				B04FDFAD2BA7A0A700139A68 /* Sources */,
				B04FDFAE2BA7A0A700139A68 /* Frameworks */,
				B04FDFAF2BA7A0A700139A68 /* Resources */,
			);
			buildRules = (
			);
			dependencies = (
			);
			name = Bookworm;
			productName = Bookworm;
			productReference = B04FDFB12BA7A0A700139A68 /* Bookworm.app */;
			productType = "com.apple.product-type.application";
		};
/* End PBXNativeTarget section */

/* Begin PBXProject section */
		B04FDFA92BA7A0A700139A68 /* Project object */ = {
			isa = PBXProject;
			attributes = {
				BuildIndependentTargetsInParallel = 1;
				LastSwiftUpdateCheck = 1530;
				LastUpgradeCheck = 1530;
				TargetAttributes = {
					B04FDFB02BA7A0A700139A68 = {
						CreatedOnToolsVersion = 15.3;
					};
				};
			};
			buildConfigurationList = B04FDFAC2BA7A0A700139A68 /* Build configuration list for PBXProject "Bookworm" */;
			compatibilityVersion = "Xcode 14.0";
			developmentRegion = en;
			hasScannedForEncodings = 0;
			knownRegions = (
				en,
				Base,
			);
			mainGroup = B04FDFA82BA7A0A700139A68;
			productRefGroup = B04FDFB22BA7A0A700139A68 /* Products */;
			projectDirPath = "";
			projectRoot = "";
			targets = (
				B04FDFB02BA7A0A700139A68 /* Bookworm */,
			);
		};
/* End PBXProject section */

/* Begin PBXResourcesBuildPhase section */
		B04FDFAF2BA7A0A700139A68 /* Resources */ = {
			isa = PBXResourcesBuildPhase;
			buildActionMask = 2147483647;
			files = (
				B04FDFBC2BA7A0A800139A68 /* Preview Assets.xcassets in Resources */,
				B04FDFB92BA7A0A800139A68 /* Assets.xcassets in Resources */,
			);
			runOnlyForDeploymentPostprocessing = 0;
		};
/* End PBXResourcesBuildPhase section */

/* Begin PBXSourcesBuildPhase section */
		B04FDFAD2BA7A0A700139A68 /* Sources */ = {
			isa = PBXSourcesBuildPhase;
			buildActionMask = 2147483647;
			files = (
				B04D23592BAA7F0D00DA29D9 /* EmojiRatingView.swift in Sources */,
				B04FDFB72BA7A0A700139A68 /* ContentView.swift in Sources */,
				B04FDFC92BA7EE3A00139A68 /* Student.swift in Sources */,
				B04FDFCB2BA947C600139A68 /* Book.swift in Sources */,
				B04D23572BA956C800DA29D9 /* RatingView.swift in Sources */,
				B04D235B2BAA814E00DA29D9 /* DetailView.swift in Sources */,
				B04FDFCD2BA9488000139A68 /* AddBookView.swift in Sources */,
				B04FDFB52BA7A0A700139A68 /* BookwormApp.swift in Sources */,
				B04FDFC72BA7A72C00139A68 /* IntroductionSwiftData.swift in Sources */,
				B04FDFC52BA7A48700139A68 /* AcceptingMultiLineTextInput.swift in Sources */,
				B04FDFC32BA7A27300139A68 /* CustomComponentWithBinding.swift in Sources */,
			);
			runOnlyForDeploymentPostprocessing = 0;
		};
/* End PBXSourcesBuildPhase section */

/* Begin XCBuildConfiguration section */
		B04FDFBD2BA7A0A800139A68 /* Debug */ = {
			isa = XCBuildConfiguration;
			buildSettings = {
				ALWAYS_SEARCH_USER_PATHS = NO;
				ASSETCATALOG_COMPILER_GENERATE_SWIFT_ASSET_SYMBOL_EXTENSIONS = YES;
				CLANG_ANALYZER_NONNULL = YES;
				CLANG_ANALYZER_NUMBER_OBJECT_CONVERSION = YES_AGGRESSIVE;
				CLANG_CXX_LANGUAGE_STANDARD = "gnu++20";
				CLANG_ENABLE_MODULES = YES;
				CLANG_ENABLE_OBJC_ARC = YES;
				CLANG_ENABLE_OBJC_WEAK = YES;
				CLANG_WARN_BLOCK_CAPTURE_AUTORELEASING = YES;
				CLANG_WARN_BOOL_CONVERSION = YES;
				CLANG_WARN_COMMA = YES;
				CLANG_WARN_CONSTANT_CONVERSION = YES;
				CLANG_WARN_DEPRECATED_OBJC_IMPLEMENTATIONS = YES;
				CLANG_WARN_DIRECT_OBJC_ISA_USAGE = YES_ERROR;
				CLANG_WARN_DOCUMENTATION_COMMENTS = YES;
				CLANG_WARN_EMPTY_BODY = YES;
				CLANG_WARN_ENUM_CONVERSION = YES;
				CLANG_WARN_INFINITE_RECURSION = YES;
				CLANG_WARN_INT_CONVERSION = YES;
				CLANG_WARN_NON_LITERAL_NULL_CONVERSION = YES;
				CLANG_WARN_OBJC_IMPLICIT_RETAIN_SELF = YES;
				CLANG_WARN_OBJC_LITERAL_CONVERSION = YES;
				CLANG_WARN_OBJC_ROOT_CLASS = YES_ERROR;
				CLANG_WARN_QUOTED_INCLUDE_IN_FRAMEWORK_HEADER = YES;
				CLANG_WARN_RANGE_LOOP_ANALYSIS = YES;
				CLANG_WARN_STRICT_PROTOTYPES = YES;
				CLANG_WARN_SUSPICIOUS_MOVE = YES;
				CLANG_WARN_UNGUARDED_AVAILABILITY = YES_AGGRESSIVE;
				CLANG_WARN_UNREACHABLE_CODE = YES;
				CLANG_WARN__DUPLICATE_METHOD_MATCH = YES;
				COPY_PHASE_STRIP = NO;
				DEBUG_INFORMATION_FORMAT = dwarf;
				ENABLE_STRICT_OBJC_MSGSEND = YES;
				ENABLE_TESTABILITY = YES;
				ENABLE_USER_SCRIPT_SANDBOXING = YES;
				GCC_C_LANGUAGE_STANDARD = gnu17;
				GCC_DYNAMIC_NO_PIC = NO;
				GCC_NO_COMMON_BLOCKS = YES;
				GCC_OPTIMIZATION_LEVEL = 0;
				GCC_PREPROCESSOR_DEFINITIONS = (
					"DEBUG=1",
					"$(inherited)",
				);
				GCC_WARN_64_TO_32_BIT_CONVERSION = YES;
				GCC_WARN_ABOUT_RETURN_TYPE = YES_ERROR;
				GCC_WARN_UNDECLARED_SELECTOR = YES;
				GCC_WARN_UNINITIALIZED_AUTOS = YES_AGGRESSIVE;
				GCC_WARN_UNUSED_FUNCTION = YES;
				GCC_WARN_UNUSED_VARIABLE = YES;
				IPHONEOS_DEPLOYMENT_TARGET = 17.4;
				LOCALIZATION_PREFERS_STRING_CATALOGS = YES;
				MTL_ENABLE_DEBUG_INFO = INCLUDE_SOURCE;
				MTL_FAST_MATH = YES;
				ONLY_ACTIVE_ARCH = YES;
				SDKROOT = iphoneos;
				SWIFT_ACTIVE_COMPILATION_CONDITIONS = "DEBUG $(inherited)";
				SWIFT_OPTIMIZATION_LEVEL = "-Onone";
			};
			name = Debug;
		};
		B04FDFBE2BA7A0A800139A68 /* Release */ = {
			isa = XCBuildConfiguration;
			buildSettings = {
				ALWAYS_SEARCH_USER_PATHS = NO;
				ASSETCATALOG_COMPILER_GENERATE_SWIFT_ASSET_SYMBOL_EXTENSIONS = YES;
				CLANG_ANALYZER_NONNULL = YES;
				CLANG_ANALYZER_NUMBER_OBJECT_CONVERSION = YES_AGGRESSIVE;
				CLANG_CXX_LANGUAGE_STANDARD = "gnu++20";
				CLANG_ENABLE_MODULES = YES;
				CLANG_ENABLE_OBJC_ARC = YES;
				CLANG_ENABLE_OBJC_WEAK = YES;
				CLANG_WARN_BLOCK_CAPTURE_AUTORELEASING = YES;
				CLANG_WARN_BOOL_CONVERSION = YES;
				CLANG_WARN_COMMA = YES;
				CLANG_WARN_CONSTANT_CONVERSION = YES;
				CLANG_WARN_DEPRECATED_OBJC_IMPLEMENTATIONS = YES;
				CLANG_WARN_DIRECT_OBJC_ISA_USAGE = YES_ERROR;
				CLANG_WARN_DOCUMENTATION_COMMENTS = YES;
				CLANG_WARN_EMPTY_BODY = YES;
				CLANG_WARN_ENUM_CONVERSION = YES;
				CLANG_WARN_INFINITE_RECURSION = YES;
				CLANG_WARN_INT_CONVERSION = YES;
				CLANG_WARN_NON_LITERAL_NULL_CONVERSION = YES;
				CLANG_WARN_OBJC_IMPLICIT_RETAIN_SELF = YES;
				CLANG_WARN_OBJC_LITERAL_CONVERSION = YES;
				CLANG_WARN_OBJC_ROOT_CLASS = YES_ERROR;
				CLANG_WARN_QUOTED_INCLUDE_IN_FRAMEWORK_HEADER = YES;
				CLANG_WARN_RANGE_LOOP_ANALYSIS = YES;
				CLANG_WARN_STRICT_PROTOTYPES = YES;
				CLANG_WARN_SUSPICIOUS_MOVE = YES;
				CLANG_WARN_UNGUARDED_AVAILABILITY = YES_AGGRESSIVE;
				CLANG_WARN_UNREACHABLE_CODE = YES;
				CLANG_WARN__DUPLICATE_METHOD_MATCH = YES;
				COPY_PHASE_STRIP = NO;
				DEBUG_INFORMATION_FORMAT = "dwarf-with-dsym";
				ENABLE_NS_ASSERTIONS = NO;
				ENABLE_STRICT_OBJC_MSGSEND = YES;
				ENABLE_USER_SCRIPT_SANDBOXING = YES;
				GCC_C_LANGUAGE_STANDARD = gnu17;
				GCC_NO_COMMON_BLOCKS = YES;
				GCC_WARN_64_TO_32_BIT_CONVERSION = YES;
				GCC_WARN_ABOUT_RETURN_TYPE = YES_ERROR;
				GCC_WARN_UNDECLARED_SELECTOR = YES;
				GCC_WARN_UNINITIALIZED_AUTOS = YES_AGGRESSIVE;
				GCC_WARN_UNUSED_FUNCTION = YES;
				GCC_WARN_UNUSED_VARIABLE = YES;
				IPHONEOS_DEPLOYMENT_TARGET = 17.4;
				LOCALIZATION_PREFERS_STRING_CATALOGS = YES;
				MTL_ENABLE_DEBUG_INFO = NO;
				MTL_FAST_MATH = YES;
				SDKROOT = iphoneos;
				SWIFT_COMPILATION_MODE = wholemodule;
				VALIDATE_PRODUCT = YES;
			};
			name = Release;
		};
		B04FDFC02BA7A0A800139A68 /* Debug */ = {
			isa = XCBuildConfiguration;
			buildSettings = {
				ASSETCATALOG_COMPILER_APPICON_NAME = AppIcon;
				ASSETCATALOG_COMPILER_GLOBAL_ACCENT_COLOR_NAME = AccentColor;
				CODE_SIGN_STYLE = Automatic;
				CURRENT_PROJECT_VERSION = 1;
				DEVELOPMENT_ASSET_PATHS = "\"Bookworm/Preview Content\"";
				DEVELOPMENT_TEAM = R49ZM6U25N;
				ENABLE_PREVIEWS = YES;
				GENERATE_INFOPLIST_FILE = YES;
				INFOPLIST_KEY_UIApplicationSceneManifest_Generation = YES;
				INFOPLIST_KEY_UIApplicationSupportsIndirectInputEvents = YES;
				INFOPLIST_KEY_UILaunchScreen_Generation = YES;
				INFOPLIST_KEY_UISupportedInterfaceOrientations_iPad = "UIInterfaceOrientationPortrait UIInterfaceOrientationPortraitUpsideDown UIInterfaceOrientationLandscapeLeft UIInterfaceOrientationLandscapeRight";
				INFOPLIST_KEY_UISupportedInterfaceOrientations_iPhone = "UIInterfaceOrientationPortrait UIInterfaceOrientationLandscapeLeft UIInterfaceOrientationLandscapeRight";
				LD_RUNPATH_SEARCH_PATHS = (
					"$(inherited)",
					"@executable_path/Frameworks",
				);
				MARKETING_VERSION = 1.0;
				PRODUCT_BUNDLE_IDENTIFIER = com.lakarpusky.Bookworm;
				PRODUCT_NAME = "$(TARGET_NAME)";
				SUPPORTED_PLATFORMS = "iphoneos iphonesimulator";
				SUPPORTS_MACCATALYST = NO;
				SUPPORTS_MAC_DESIGNED_FOR_IPHONE_IPAD = NO;
				SUPPORTS_XR_DESIGNED_FOR_IPHONE_IPAD = NO;
				SWIFT_EMIT_LOC_STRINGS = YES;
				SWIFT_VERSION = 5.0;
				TARGETED_DEVICE_FAMILY = 1;
			};
			name = Debug;
		};
		B04FDFC12BA7A0A800139A68 /* Release */ = {
			isa = XCBuildConfiguration;
			buildSettings = {
				ASSETCATALOG_COMPILER_APPICON_NAME = AppIcon;
				ASSETCATALOG_COMPILER_GLOBAL_ACCENT_COLOR_NAME = AccentColor;
				CODE_SIGN_STYLE = Automatic;
				CURRENT_PROJECT_VERSION = 1;
				DEVELOPMENT_ASSET_PATHS = "\"Bookworm/Preview Content\"";
				DEVELOPMENT_TEAM = R49ZM6U25N;
				ENABLE_PREVIEWS = YES;
				GENERATE_INFOPLIST_FILE = YES;
				INFOPLIST_KEY_UIApplicationSceneManifest_Generation = YES;
				INFOPLIST_KEY_UIApplicationSupportsIndirectInputEvents = YES;
				INFOPLIST_KEY_UILaunchScreen_Generation = YES;
				INFOPLIST_KEY_UISupportedInterfaceOrientations_iPad = "UIInterfaceOrientationPortrait UIInterfaceOrientationPortraitUpsideDown UIInterfaceOrientationLandscapeLeft UIInterfaceOrientationLandscapeRight";
				INFOPLIST_KEY_UISupportedInterfaceOrientations_iPhone = "UIInterfaceOrientationPortrait UIInterfaceOrientationLandscapeLeft UIInterfaceOrientationLandscapeRight";
				LD_RUNPATH_SEARCH_PATHS = (
					"$(inherited)",
					"@executable_path/Frameworks",
				);
				MARKETING_VERSION = 1.0;
				PRODUCT_BUNDLE_IDENTIFIER = com.lakarpusky.Bookworm;
				PRODUCT_NAME = "$(TARGET_NAME)";
				SUPPORTED_PLATFORMS = "iphoneos iphonesimulator";
				SUPPORTS_MACCATALYST = NO;
				SUPPORTS_MAC_DESIGNED_FOR_IPHONE_IPAD = NO;
				SUPPORTS_XR_DESIGNED_FOR_IPHONE_IPAD = NO;
				SWIFT_EMIT_LOC_STRINGS = YES;
				SWIFT_VERSION = 5.0;
				TARGETED_DEVICE_FAMILY = 1;
			};
			name = Release;
		};
/* End XCBuildConfiguration section */

/* Begin XCConfigurationList section */
		B04FDFAC2BA7A0A700139A68 /* Build configuration list for PBXProject "Bookworm" */ = {
			isa = XCConfigurationList;
			buildConfigurations = (
				B04FDFBD2BA7A0A800139A68 /* Debug */,
				B04FDFBE2BA7A0A800139A68 /* Release */,
			);
			defaultConfigurationIsVisible = 0;
			defaultConfigurationName = Release;
		};
		B04FDFBF2BA7A0A800139A68 /* Build configuration list for PBXNativeTarget "Bookworm" */ = {
			isa = XCConfigurationList;
			buildConfigurations = (
				B04FDFC02BA7A0A800139A68 /* Debug */,
				B04FDFC12BA7A0A800139A68 /* Release */,
			);
			defaultConfigurationIsVisible = 0;
			defaultConfigurationName = Release;
		};
/* End XCConfigurationList section */
	};
	rootObject = B04FDFA92BA7A0A700139A68 /* Project object */;
}
