// !$*UTF8*$!
{
	archiveVersion = 1;
	classes = {
	};
	objectVersion = 56;
	objects = {

/* Begin PBXBuildFile section */
		B0E0BE332BDCBAB000D2D159 /* LayoutAndGeometryApp.swift in Sources */ = {isa = PBXBuildFile; fileRef = B0E0BE322BDCBAB000D2D159 /* LayoutAndGeometryApp.swift */; };
		B0E0BE352BDCBAB000D2D159 /* ContentView.swift in Sources */ = {isa = PBXBuildFile; fileRef = B0E0BE342BDCBAB000D2D159 /* ContentView.swift */; };
		B0E0BE372BDCBAB100D2D159 /* Assets.xcassets in Resources */ = {isa = PBXBuildFile; fileRef = B0E0BE362BDCBAB100D2D159 /* Assets.xcassets */; };
		B0E0BE3A2BDCBAB100D2D159 /* Preview Assets.xcassets in Resources */ = {isa = PBXBuildFile; fileRef = B0E0BE392BDCBAB100D2D159 /* Preview Assets.xcassets */; };
		B0E0BE412BDD666800D2D159 /* HowLayoutWorks.swift in Sources */ = {isa = PBXBuildFile; fileRef = B0E0BE402BDD666800D2D159 /* HowLayoutWorks.swift */; };
		B0E0BE432BDD708E00D2D159 /* AlignmentGuides.swift in Sources */ = {isa = PBXBuildFile; fileRef = B0E0BE422BDD708E00D2D159 /* AlignmentGuides.swift */; };
		B0E0BE452BDD798400D2D159 /* CustomAlignmentGuide.swift in Sources */ = {isa = PBXBuildFile; fileRef = B0E0BE442BDD798400D2D159 /* CustomAlignmentGuide.swift */; };
		B0E0BE472BDD80EE00D2D159 /* AbsolutePositioningViews.swift in Sources */ = {isa = PBXBuildFile; fileRef = B0E0BE462BDD80EE00D2D159 /* AbsolutePositioningViews.swift */; };
		B0E0BE4D2BDDABA900D2D159 /* GeometryReaderFramesAndCoordinates.swift in Sources */ = {isa = PBXBuildFile; fileRef = B0E0BE4C2BDDABA900D2D159 /* GeometryReaderFramesAndCoordinates.swift */; };
		B0E0BE4F2BDDABC200D2D159 /* GeometryReaderResizingImages.swift in Sources */ = {isa = PBXBuildFile; fileRef = B0E0BE4E2BDDABC200D2D159 /* GeometryReaderResizingImages.swift */; };
		B0E0BE512BDDB70A00D2D159 /* GeometryReaderScrollViewEffects.swift in Sources */ = {isa = PBXBuildFile; fileRef = B0E0BE502BDDB70A00D2D159 /* GeometryReaderScrollViewEffects.swift */; };
		B0E0BE532BDDBC2800D2D159 /* ScrollViewEffects.swift in Sources */ = {isa = PBXBuildFile; fileRef = B0E0BE522BDDBC2800D2D159 /* ScrollViewEffects.swift */; };
/* End PBXBuildFile section */

/* Begin PBXFileReference section */
		B0E0BE2F2BDCBAB000D2D159 /* LayoutAndGeometry.app */ = {isa = PBXFileReference; explicitFileType = wrapper.application; includeInIndex = 0; path = LayoutAndGeometry.app; sourceTree = BUILT_PRODUCTS_DIR; };
		B0E0BE322BDCBAB000D2D159 /* LayoutAndGeometryApp.swift */ = {isa = PBXFileReference; lastKnownFileType = sourcecode.swift; path = LayoutAndGeometryApp.swift; sourceTree = "<group>"; };
		B0E0BE342BDCBAB000D2D159 /* ContentView.swift */ = {isa = PBXFileReference; lastKnownFileType = sourcecode.swift; path = ContentView.swift; sourceTree = "<group>"; };
		B0E0BE362BDCBAB100D2D159 /* Assets.xcassets */ = {isa = PBXFileReference; lastKnownFileType = folder.assetcatalog; path = Assets.xcassets; sourceTree = "<group>"; };
		B0E0BE392BDCBAB100D2D159 /* Preview Assets.xcassets */ = {isa = PBXFileReference; lastKnownFileType = folder.assetcatalog; path = "Preview Assets.xcassets"; sourceTree = "<group>"; };
		B0E0BE402BDD666800D2D159 /* HowLayoutWorks.swift */ = {isa = PBXFileReference; lastKnownFileType = sourcecode.swift; path = HowLayoutWorks.swift; sourceTree = "<group>"; };
		B0E0BE422BDD708E00D2D159 /* AlignmentGuides.swift */ = {isa = PBXFileReference; lastKnownFileType = sourcecode.swift; path = AlignmentGuides.swift; sourceTree = "<group>"; };
		B0E0BE442BDD798400D2D159 /* CustomAlignmentGuide.swift */ = {isa = PBXFileReference; lastKnownFileType = sourcecode.swift; path = CustomAlignmentGuide.swift; sourceTree = "<group>"; };
		B0E0BE462BDD80EE00D2D159 /* AbsolutePositioningViews.swift */ = {isa = PBXFileReference; lastKnownFileType = sourcecode.swift; path = AbsolutePositioningViews.swift; sourceTree = "<group>"; };
		B0E0BE4C2BDDABA900D2D159 /* GeometryReaderFramesAndCoordinates.swift */ = {isa = PBXFileReference; lastKnownFileType = sourcecode.swift; path = GeometryReaderFramesAndCoordinates.swift; sourceTree = "<group>"; };
		B0E0BE4E2BDDABC200D2D159 /* GeometryReaderResizingImages.swift */ = {isa = PBXFileReference; lastKnownFileType = sourcecode.swift; path = GeometryReaderResizingImages.swift; sourceTree = "<group>"; };
		B0E0BE502BDDB70A00D2D159 /* GeometryReaderScrollViewEffects.swift */ = {isa = PBXFileReference; lastKnownFileType = sourcecode.swift; path = GeometryReaderScrollViewEffects.swift; sourceTree = "<group>"; };
		B0E0BE522BDDBC2800D2D159 /* ScrollViewEffects.swift */ = {isa = PBXFileReference; lastKnownFileType = sourcecode.swift; path = ScrollViewEffects.swift; sourceTree = "<group>"; };
/* End PBXFileReference section */

/* Begin PBXFrameworksBuildPhase section */
		B0E0BE2C2BDCBAB000D2D159 /* Frameworks */ = {
			isa = PBXFrameworksBuildPhase;
			buildActionMask = 2147483647;
			files = (
			);
			runOnlyForDeploymentPostprocessing = 0;
		};
/* End PBXFrameworksBuildPhase section */

/* Begin PBXGroup section */
		B0E0BE262BDCBAB000D2D159 = {
			isa = PBXGroup;
			children = (
				B0E0BE312BDCBAB000D2D159 /* LayoutAndGeometry */,
				B0E0BE302BDCBAB000D2D159 /* Products */,
			);
			sourceTree = "<group>";
		};
		B0E0BE302BDCBAB000D2D159 /* Products */ = {
			isa = PBXGroup;
			children = (
				B0E0BE2F2BDCBAB000D2D159 /* LayoutAndGeometry.app */,
			);
			name = Products;
			sourceTree = "<group>";
		};
		B0E0BE312BDCBAB000D2D159 /* LayoutAndGeometry */ = {
			isa = PBXGroup;
			children = (
				B0E0BE322BDCBAB000D2D159 /* LayoutAndGeometryApp.swift */,
				B0E0BE342BDCBAB000D2D159 /* ContentView.swift */,
				B0E0BE362BDCBAB100D2D159 /* Assets.xcassets */,
				B0E0BE382BDCBAB100D2D159 /* Preview Content */,
				B0E0BE402BDD666800D2D159 /* HowLayoutWorks.swift */,
				B0E0BE422BDD708E00D2D159 /* AlignmentGuides.swift */,
				B0E0BE442BDD798400D2D159 /* CustomAlignmentGuide.swift */,
				B0E0BE462BDD80EE00D2D159 /* AbsolutePositioningViews.swift */,
				B0E0BE4E2BDDABC200D2D159 /* GeometryReaderResizingImages.swift */,
				B0E0BE4C2BDDABA900D2D159 /* GeometryReaderFramesAndCoordinates.swift */,
				B0E0BE502BDDB70A00D2D159 /* GeometryReaderScrollViewEffects.swift */,
				B0E0BE522BDDBC2800D2D159 /* ScrollViewEffects.swift */,
			);
			path = LayoutAndGeometry;
			sourceTree = "<group>";
		};
		B0E0BE382BDCBAB100D2D159 /* Preview Content */ = {
			isa = PBXGroup;
			children = (
				B0E0BE392BDCBAB100D2D159 /* Preview Assets.xcassets */,
			);
			path = "Preview Content";
			sourceTree = "<group>";
		};
/* End PBXGroup section */

/* Begin PBXNativeTarget section */
		B0E0BE2E2BDCBAB000D2D159 /* LayoutAndGeometry */ = {
			isa = PBXNativeTarget;
			buildConfigurationList = B0E0BE3D2BDCBAB100D2D159 /* Build configuration list for PBXNativeTarget "LayoutAndGeometry" */;
			buildPhases = (
				B0E0BE2B2BDCBAB000D2D159 /* Sources */,
				B0E0BE2C2BDCBAB000D2D159 /* Frameworks */,
				B0E0BE2D2BDCBAB000D2D159 /* Resources */,
			);
			buildRules = (
			);
			dependencies = (
			);
			name = LayoutAndGeometry;
			productName = LayoutAndGeometry;
			productReference = B0E0BE2F2BDCBAB000D2D159 /* LayoutAndGeometry.app */;
			productType = "com.apple.product-type.application";
		};
/* End PBXNativeTarget section */

/* Begin PBXProject section */
		B0E0BE272BDCBAB000D2D159 /* Project object */ = {
			isa = PBXProject;
			attributes = {
				BuildIndependentTargetsInParallel = 1;
				LastSwiftUpdateCheck = 1530;
				LastUpgradeCheck = 1530;
				TargetAttributes = {
					B0E0BE2E2BDCBAB000D2D159 = {
						CreatedOnToolsVersion = 15.3;
					};
				};
			};
			buildConfigurationList = B0E0BE2A2BDCBAB000D2D159 /* Build configuration list for PBXProject "LayoutAndGeometry" */;
			compatibilityVersion = "Xcode 14.0";
			developmentRegion = en;
			hasScannedForEncodings = 0;
			knownRegions = (
				en,
				Base,
			);
			mainGroup = B0E0BE262BDCBAB000D2D159;
			productRefGroup = B0E0BE302BDCBAB000D2D159 /* Products */;
			projectDirPath = "";
			projectRoot = "";
			targets = (
				B0E0BE2E2BDCBAB000D2D159 /* LayoutAndGeometry */,
			);
		};
/* End PBXProject section */

/* Begin PBXResourcesBuildPhase section */
		B0E0BE2D2BDCBAB000D2D159 /* Resources */ = {
			isa = PBXResourcesBuildPhase;
			buildActionMask = 2147483647;
			files = (
				B0E0BE3A2BDCBAB100D2D159 /* Preview Assets.xcassets in Resources */,
				B0E0BE372BDCBAB100D2D159 /* Assets.xcassets in Resources */,
			);
			runOnlyForDeploymentPostprocessing = 0;
		};
/* End PBXResourcesBuildPhase section */

/* Begin PBXSourcesBuildPhase section */
		B0E0BE2B2BDCBAB000D2D159 /* Sources */ = {
			isa = PBXSourcesBuildPhase;
			buildActionMask = 2147483647;
			files = (
				B0E0BE4F2BDDABC200D2D159 /* GeometryReaderResizingImages.swift in Sources */,
				B0E0BE452BDD798400D2D159 /* CustomAlignmentGuide.swift in Sources */,
				B0E0BE432BDD708E00D2D159 /* AlignmentGuides.swift in Sources */,
				B0E0BE512BDDB70A00D2D159 /* GeometryReaderScrollViewEffects.swift in Sources */,
				B0E0BE352BDCBAB000D2D159 /* ContentView.swift in Sources */,
				B0E0BE332BDCBAB000D2D159 /* LayoutAndGeometryApp.swift in Sources */,
				B0E0BE532BDDBC2800D2D159 /* ScrollViewEffects.swift in Sources */,
				B0E0BE412BDD666800D2D159 /* HowLayoutWorks.swift in Sources */,
				B0E0BE4D2BDDABA900D2D159 /* GeometryReaderFramesAndCoordinates.swift in Sources */,
				B0E0BE472BDD80EE00D2D159 /* AbsolutePositioningViews.swift in Sources */,
			);
			runOnlyForDeploymentPostprocessing = 0;
		};
/* End PBXSourcesBuildPhase section */

/* Begin XCBuildConfiguration section */
		B0E0BE3B2BDCBAB100D2D159 /* Debug */ = {
			isa = XCBuildConfiguration;
			buildSettings = {
				ALWAYS_SEARCH_USER_PATHS = NO;
				ASSETCATALOG_COMPILER_GENERATE_SWIFT_ASSET_SYMBOL_EXTENSIONS = YES;
				CLANG_ANALYZER_NONNULL = YES;
				CLANG_ANALYZER_NUMBER_OBJECT_CONVERSION = YES_AGGRESSIVE;
				CLANG_CXX_LANGUAGE_STANDARD = "gnu++20";
				CLANG_ENABLE_MODULES = YES;
				CLANG_ENABLE_OBJC_ARC = YES;
				CLANG_ENABLE_OBJC_WEAK = YES;
				CLANG_WARN_BLOCK_CAPTURE_AUTORELEASING = YES;
				CLANG_WARN_BOOL_CONVERSION = YES;
				CLANG_WARN_COMMA = YES;
				CLANG_WARN_CONSTANT_CONVERSION = YES;
				CLANG_WARN_DEPRECATED_OBJC_IMPLEMENTATIONS = YES;
				CLANG_WARN_DIRECT_OBJC_ISA_USAGE = YES_ERROR;
				CLANG_WARN_DOCUMENTATION_COMMENTS = YES;
				CLANG_WARN_EMPTY_BODY = YES;
				CLANG_WARN_ENUM_CONVERSION = YES;
				CLANG_WARN_INFINITE_RECURSION = YES;
				CLANG_WARN_INT_CONVERSION = YES;
				CLANG_WARN_NON_LITERAL_NULL_CONVERSION = YES;
				CLANG_WARN_OBJC_IMPLICIT_RETAIN_SELF = YES;
				CLANG_WARN_OBJC_LITERAL_CONVERSION = YES;
				CLANG_WARN_OBJC_ROOT_CLASS = YES_ERROR;
				CLANG_WARN_QUOTED_INCLUDE_IN_FRAMEWORK_HEADER = YES;
				CLANG_WARN_RANGE_LOOP_ANALYSIS = YES;
				CLANG_WARN_STRICT_PROTOTYPES = YES;
				CLANG_WARN_SUSPICIOUS_MOVE = YES;
				CLANG_WARN_UNGUARDED_AVAILABILITY = YES_AGGRESSIVE;
				CLANG_WARN_UNREACHABLE_CODE = YES;
				CLANG_WARN__DUPLICATE_METHOD_MATCH = YES;
				COPY_PHASE_STRIP = NO;
				DEBUG_INFORMATION_FORMAT = dwarf;
				ENABLE_STRICT_OBJC_MSGSEND = YES;
				ENABLE_TESTABILITY = YES;
				ENABLE_USER_SCRIPT_SANDBOXING = YES;
				GCC_C_LANGUAGE_STANDARD = gnu17;
				GCC_DYNAMIC_NO_PIC = NO;
				GCC_NO_COMMON_BLOCKS = YES;
				GCC_OPTIMIZATION_LEVEL = 0;
				GCC_PREPROCESSOR_DEFINITIONS = (
					"DEBUG=1",
					"$(inherited)",
				);
				GCC_WARN_64_TO_32_BIT_CONVERSION = YES;
				GCC_WARN_ABOUT_RETURN_TYPE = YES_ERROR;
				GCC_WARN_UNDECLARED_SELECTOR = YES;
				GCC_WARN_UNINITIALIZED_AUTOS = YES_AGGRESSIVE;
				GCC_WARN_UNUSED_FUNCTION = YES;
				GCC_WARN_UNUSED_VARIABLE = YES;
				IPHONEOS_DEPLOYMENT_TARGET = 17.4;
				LOCALIZATION_PREFERS_STRING_CATALOGS = YES;
				MTL_ENABLE_DEBUG_INFO = INCLUDE_SOURCE;
				MTL_FAST_MATH = YES;
				ONLY_ACTIVE_ARCH = YES;
				SDKROOT = iphoneos;
				SWIFT_ACTIVE_COMPILATION_CONDITIONS = "DEBUG $(inherited)";
				SWIFT_OPTIMIZATION_LEVEL = "-Onone";
			};
			name = Debug;
		};
		B0E0BE3C2BDCBAB100D2D159 /* Release */ = {
			isa = XCBuildConfiguration;
			buildSettings = {
				ALWAYS_SEARCH_USER_PATHS = NO;
				ASSETCATALOG_COMPILER_GENERATE_SWIFT_ASSET_SYMBOL_EXTENSIONS = YES;
				CLANG_ANALYZER_NONNULL = YES;
				CLANG_ANALYZER_NUMBER_OBJECT_CONVERSION = YES_AGGRESSIVE;
				CLANG_CXX_LANGUAGE_STANDARD = "gnu++20";
				CLANG_ENABLE_MODULES = YES;
				CLANG_ENABLE_OBJC_ARC = YES;
				CLANG_ENABLE_OBJC_WEAK = YES;
				CLANG_WARN_BLOCK_CAPTURE_AUTORELEASING = YES;
				CLANG_WARN_BOOL_CONVERSION = YES;
				CLANG_WARN_COMMA = YES;
				CLANG_WARN_CONSTANT_CONVERSION = YES;
				CLANG_WARN_DEPRECATED_OBJC_IMPLEMENTATIONS = YES;
				CLANG_WARN_DIRECT_OBJC_ISA_USAGE = YES_ERROR;
				CLANG_WARN_DOCUMENTATION_COMMENTS = YES;
				CLANG_WARN_EMPTY_BODY = YES;
				CLANG_WARN_ENUM_CONVERSION = YES;
				CLANG_WARN_INFINITE_RECURSION = YES;
				CLANG_WARN_INT_CONVERSION = YES;
				CLANG_WARN_NON_LITERAL_NULL_CONVERSION = YES;
				CLANG_WARN_OBJC_IMPLICIT_RETAIN_SELF = YES;
				CLANG_WARN_OBJC_LITERAL_CONVERSION = YES;
				CLANG_WARN_OBJC_ROOT_CLASS = YES_ERROR;
				CLANG_WARN_QUOTED_INCLUDE_IN_FRAMEWORK_HEADER = YES;
				CLANG_WARN_RANGE_LOOP_ANALYSIS = YES;
				CLANG_WARN_STRICT_PROTOTYPES = YES;
				CLANG_WARN_SUSPICIOUS_MOVE = YES;
				CLANG_WARN_UNGUARDED_AVAILABILITY = YES_AGGRESSIVE;
				CLANG_WARN_UNREACHABLE_CODE = YES;
				CLANG_WARN__DUPLICATE_METHOD_MATCH = YES;
				COPY_PHASE_STRIP = NO;
				DEBUG_INFORMATION_FORMAT = "dwarf-with-dsym";
				ENABLE_NS_ASSERTIONS = NO;
				ENABLE_STRICT_OBJC_MSGSEND = YES;
				ENABLE_USER_SCRIPT_SANDBOXING = YES;
				GCC_C_LANGUAGE_STANDARD = gnu17;
				GCC_NO_COMMON_BLOCKS = YES;
				GCC_WARN_64_TO_32_BIT_CONVERSION = YES;
				GCC_WARN_ABOUT_RETURN_TYPE = YES_ERROR;
				GCC_WARN_UNDECLARED_SELECTOR = YES;
				GCC_WARN_UNINITIALIZED_AUTOS = YES_AGGRESSIVE;
				GCC_WARN_UNUSED_FUNCTION = YES;
				GCC_WARN_UNUSED_VARIABLE = YES;
				IPHONEOS_DEPLOYMENT_TARGET = 17.4;
				LOCALIZATION_PREFERS_STRING_CATALOGS = YES;
				MTL_ENABLE_DEBUG_INFO = NO;
				MTL_FAST_MATH = YES;
				SDKROOT = iphoneos;
				SWIFT_COMPILATION_MODE = wholemodule;
				VALIDATE_PRODUCT = YES;
			};
			name = Release;
		};
		B0E0BE3E2BDCBAB100D2D159 /* Debug */ = {
			isa = XCBuildConfiguration;
			buildSettings = {
				ASSETCATALOG_COMPILER_APPICON_NAME = AppIcon;
				ASSETCATALOG_COMPILER_GLOBAL_ACCENT_COLOR_NAME = AccentColor;
				CODE_SIGN_STYLE = Automatic;
				CURRENT_PROJECT_VERSION = 1;
				DEVELOPMENT_ASSET_PATHS = "\"LayoutAndGeometry/Preview Content\"";
				DEVELOPMENT_TEAM = R49ZM6U25N;
				ENABLE_PREVIEWS = YES;
				GENERATE_INFOPLIST_FILE = YES;
				INFOPLIST_KEY_UIApplicationSceneManifest_Generation = YES;
				INFOPLIST_KEY_UIApplicationSupportsIndirectInputEvents = YES;
				INFOPLIST_KEY_UILaunchScreen_Generation = YES;
				INFOPLIST_KEY_UISupportedInterfaceOrientations_iPad = "UIInterfaceOrientationPortrait UIInterfaceOrientationPortraitUpsideDown UIInterfaceOrientationLandscapeLeft UIInterfaceOrientationLandscapeRight";
				INFOPLIST_KEY_UISupportedInterfaceOrientations_iPhone = "UIInterfaceOrientationPortrait UIInterfaceOrientationLandscapeLeft UIInterfaceOrientationLandscapeRight";
				LD_RUNPATH_SEARCH_PATHS = (
					"$(inherited)",
					"@executable_path/Frameworks",
				);
				MARKETING_VERSION = 1.0;
				PRODUCT_BUNDLE_IDENTIFIER = com.lakarpusky.LayoutAndGeometry;
				PRODUCT_NAME = "$(TARGET_NAME)";
				SWIFT_EMIT_LOC_STRINGS = YES;
				SWIFT_VERSION = 5.0;
				TARGETED_DEVICE_FAMILY = "1,2";
			};
			name = Debug;
		};
		B0E0BE3F2BDCBAB100D2D159 /* Release */ = {
			isa = XCBuildConfiguration;
			buildSettings = {
				ASSETCATALOG_COMPILER_APPICON_NAME = AppIcon;
				ASSETCATALOG_COMPILER_GLOBAL_ACCENT_COLOR_NAME = AccentColor;
				CODE_SIGN_STYLE = Automatic;
				CURRENT_PROJECT_VERSION = 1;
				DEVELOPMENT_ASSET_PATHS = "\"LayoutAndGeometry/Preview Content\"";
				DEVELOPMENT_TEAM = R49ZM6U25N;
				ENABLE_PREVIEWS = YES;
				GENERATE_INFOPLIST_FILE = YES;
				INFOPLIST_KEY_UIApplicationSceneManifest_Generation = YES;
				INFOPLIST_KEY_UIApplicationSupportsIndirectInputEvents = YES;
				INFOPLIST_KEY_UILaunchScreen_Generation = YES;
				INFOPLIST_KEY_UISupportedInterfaceOrientations_iPad = "UIInterfaceOrientationPortrait UIInterfaceOrientationPortraitUpsideDown UIInterfaceOrientationLandscapeLeft UIInterfaceOrientationLandscapeRight";
				INFOPLIST_KEY_UISupportedInterfaceOrientations_iPhone = "UIInterfaceOrientationPortrait UIInterfaceOrientationLandscapeLeft UIInterfaceOrientationLandscapeRight";
				LD_RUNPATH_SEARCH_PATHS = (
					"$(inherited)",
					"@executable_path/Frameworks",
				);
				MARKETING_VERSION = 1.0;
				PRODUCT_BUNDLE_IDENTIFIER = com.lakarpusky.LayoutAndGeometry;
				PRODUCT_NAME = "$(TARGET_NAME)";
				SWIFT_EMIT_LOC_STRINGS = YES;
				SWIFT_VERSION = 5.0;
				TARGETED_DEVICE_FAMILY = "1,2";
			};
			name = Release;
		};
/* End XCBuildConfiguration section */

/* Begin XCConfigurationList section */
		B0E0BE2A2BDCBAB000D2D159 /* Build configuration list for PBXProject "LayoutAndGeometry" */ = {
			isa = XCConfigurationList;
			buildConfigurations = (
				B0E0BE3B2BDCBAB100D2D159 /* Debug */,
				B0E0BE3C2BDCBAB100D2D159 /* Release */,
			);
			defaultConfigurationIsVisible = 0;
			defaultConfigurationName = Release;
		};
		B0E0BE3D2BDCBAB100D2D159 /* Build configuration list for PBXNativeTarget "LayoutAndGeometry" */ = {
			isa = XCConfigurationList;
			buildConfigurations = (
				B0E0BE3E2BDCBAB100D2D159 /* Debug */,
				B0E0BE3F2BDCBAB100D2D159 /* Release */,
			);
			defaultConfigurationIsVisible = 0;
			defaultConfigurationName = Release;
		};
/* End XCConfigurationList section */
	};
	rootObject = B0E0BE272BDCBAB000D2D159 /* Project object */;
}
