// !$*UTF8*$!
{
	archiveVersion = 1;
	classes = {
	};
	objectVersion = 56;
	objects = {

/* Begin PBXBuildFile section */
		B04D237D2BAF90D500DA29D9 /* ExpensesView.swift in Sources */ = {isa = PBXBuildFile; fileRef = B04D237C2BAF90D500DA29D9 /* ExpensesView.swift */; };
		B0ED384B2B9A677D00076395 /* iExpenseApp.swift in Sources */ = {isa = PBXBuildFile; fileRef = B0ED384A2B9A677D00076395 /* iExpenseApp.swift */; };
		B0ED384D2B9A677D00076395 /* ContentView.swift in Sources */ = {isa = PBXBuildFile; fileRef = B0ED384C2B9A677D00076395 /* ContentView.swift */; };
		B0ED384F2B9A677E00076395 /* Assets.xcassets in Resources */ = {isa = PBXBuildFile; fileRef = B0ED384E2B9A677E00076395 /* Assets.xcassets */; };
		B0ED38522B9A677E00076395 /* Preview Assets.xcassets in Resources */ = {isa = PBXBuildFile; fileRef = B0ED38512B9A677E00076395 /* Preview Assets.xcassets */; };
		B0ED38592B9A769900076395 /* StoringUserSettingsUserDefaults.swift in Sources */ = {isa = PBXBuildFile; fileRef = B0ED38582B9A769900076395 /* StoringUserSettingsUserDefaults.swift */; };
		B0ED385B2B9A79E700076395 /* ArchivingObjectsWithCodable.swift in Sources */ = {isa = PBXBuildFile; fileRef = B0ED385A2B9A79E700076395 /* ArchivingObjectsWithCodable.swift */; };
		B0ED385D2B9A7B9B00076395 /* DeletingItemsOnDelete.swift in Sources */ = {isa = PBXBuildFile; fileRef = B0ED385C2B9A7B9B00076395 /* DeletingItemsOnDelete.swift */; };
		B0ED385F2B9A7C6E00076395 /* ShowHideViews.swift in Sources */ = {isa = PBXBuildFile; fileRef = B0ED385E2B9A7C6E00076395 /* ShowHideViews.swift */; };
		B0ED38612B9A7CC800076395 /* UsingStateWithClasses.swift in Sources */ = {isa = PBXBuildFile; fileRef = B0ED38602B9A7CC800076395 /* UsingStateWithClasses.swift */; };
		B0ED38632B9AB44D00076395 /* SharingStateWithObservable.swift in Sources */ = {isa = PBXBuildFile; fileRef = B0ED38622B9AB44D00076395 /* SharingStateWithObservable.swift */; };
		B0ED38672B9AB88A00076395 /* ExpenseItem.swift in Sources */ = {isa = PBXBuildFile; fileRef = B0ED38662B9AB88A00076395 /* ExpenseItem.swift */; };
		B0ED386B2B9ABDFA00076395 /* AddView.swift in Sources */ = {isa = PBXBuildFile; fileRef = B0ED386A2B9ABDFA00076395 /* AddView.swift */; };
/* End PBXBuildFile section */

/* Begin PBXFileReference section */
		B04D237C2BAF90D500DA29D9 /* ExpensesView.swift */ = {isa = PBXFileReference; lastKnownFileType = sourcecode.swift; path = ExpensesView.swift; sourceTree = "<group>"; };
		B0ED38472B9A677D00076395 /* iExpense.app */ = {isa = PBXFileReference; explicitFileType = wrapper.application; includeInIndex = 0; path = iExpense.app; sourceTree = BUILT_PRODUCTS_DIR; };
		B0ED384A2B9A677D00076395 /* iExpenseApp.swift */ = {isa = PBXFileReference; lastKnownFileType = sourcecode.swift; path = iExpenseApp.swift; sourceTree = "<group>"; };
		B0ED384C2B9A677D00076395 /* ContentView.swift */ = {isa = PBXFileReference; lastKnownFileType = sourcecode.swift; path = ContentView.swift; sourceTree = "<group>"; };
		B0ED384E2B9A677E00076395 /* Assets.xcassets */ = {isa = PBXFileReference; lastKnownFileType = folder.assetcatalog; path = Assets.xcassets; sourceTree = "<group>"; };
		B0ED38512B9A677E00076395 /* Preview Assets.xcassets */ = {isa = PBXFileReference; lastKnownFileType = folder.assetcatalog; path = "Preview Assets.xcassets"; sourceTree = "<group>"; };
		B0ED38582B9A769900076395 /* StoringUserSettingsUserDefaults.swift */ = {isa = PBXFileReference; lastKnownFileType = sourcecode.swift; path = StoringUserSettingsUserDefaults.swift; sourceTree = "<group>"; };
		B0ED385A2B9A79E700076395 /* ArchivingObjectsWithCodable.swift */ = {isa = PBXFileReference; lastKnownFileType = sourcecode.swift; path = ArchivingObjectsWithCodable.swift; sourceTree = "<group>"; };
		B0ED385C2B9A7B9B00076395 /* DeletingItemsOnDelete.swift */ = {isa = PBXFileReference; lastKnownFileType = sourcecode.swift; path = DeletingItemsOnDelete.swift; sourceTree = "<group>"; };
		B0ED385E2B9A7C6E00076395 /* ShowHideViews.swift */ = {isa = PBXFileReference; lastKnownFileType = sourcecode.swift; path = ShowHideViews.swift; sourceTree = "<group>"; };
		B0ED38602B9A7CC800076395 /* UsingStateWithClasses.swift */ = {isa = PBXFileReference; lastKnownFileType = sourcecode.swift; path = UsingStateWithClasses.swift; sourceTree = "<group>"; };
		B0ED38622B9AB44D00076395 /* SharingStateWithObservable.swift */ = {isa = PBXFileReference; lastKnownFileType = sourcecode.swift; path = SharingStateWithObservable.swift; sourceTree = "<group>"; };
		B0ED38662B9AB88A00076395 /* ExpenseItem.swift */ = {isa = PBXFileReference; lastKnownFileType = sourcecode.swift; path = ExpenseItem.swift; sourceTree = "<group>"; };
		B0ED386A2B9ABDFA00076395 /* AddView.swift */ = {isa = PBXFileReference; lastKnownFileType = sourcecode.swift; path = AddView.swift; sourceTree = "<group>"; };
/* End PBXFileReference section */

/* Begin PBXFrameworksBuildPhase section */
		B0ED38442B9A677D00076395 /* Frameworks */ = {
			isa = PBXFrameworksBuildPhase;
			buildActionMask = 2147483647;
			files = (
			);
			runOnlyForDeploymentPostprocessing = 0;
		};
/* End PBXFrameworksBuildPhase section */

/* Begin PBXGroup section */
		B0ED383E2B9A677D00076395 = {
			isa = PBXGroup;
			children = (
				B0ED38492B9A677D00076395 /* iExpense */,
				B0ED38482B9A677D00076395 /* Products */,
			);
			sourceTree = "<group>";
		};
		B0ED38482B9A677D00076395 /* Products */ = {
			isa = PBXGroup;
			children = (
				B0ED38472B9A677D00076395 /* iExpense.app */,
			);
			name = Products;
			sourceTree = "<group>";
		};
		B0ED38492B9A677D00076395 /* iExpense */ = {
			isa = PBXGroup;
			children = (
				B0ED384A2B9A677D00076395 /* iExpenseApp.swift */,
				B0ED384C2B9A677D00076395 /* ContentView.swift */,
				B0ED386A2B9ABDFA00076395 /* AddView.swift */,
				B0ED38662B9AB88A00076395 /* ExpenseItem.swift */,
				B04D237C2BAF90D500DA29D9 /* ExpensesView.swift */,
				B0ED384E2B9A677E00076395 /* Assets.xcassets */,
				B0ED38502B9A677E00076395 /* Preview Content */,
				B0ED38582B9A769900076395 /* StoringUserSettingsUserDefaults.swift */,
				B0ED385A2B9A79E700076395 /* ArchivingObjectsWithCodable.swift */,
				B0ED385C2B9A7B9B00076395 /* DeletingItemsOnDelete.swift */,
				B0ED385E2B9A7C6E00076395 /* ShowHideViews.swift */,
				B0ED38602B9A7CC800076395 /* UsingStateWithClasses.swift */,
				B0ED38622B9AB44D00076395 /* SharingStateWithObservable.swift */,
			);
			path = iExpense;
			sourceTree = "<group>";
		};
		B0ED38502B9A677E00076395 /* Preview Content */ = {
			isa = PBXGroup;
			children = (
				B0ED38512B9A677E00076395 /* Preview Assets.xcassets */,
			);
			path = "Preview Content";
			sourceTree = "<group>";
		};
/* End PBXGroup section */

/* Begin PBXNativeTarget section */
		B0ED38462B9A677D00076395 /* iExpense */ = {
			isa = PBXNativeTarget;
			buildConfigurationList = B0ED38552B9A677E00076395 /* Build configuration list for PBXNativeTarget "iExpense" */;
			buildPhases = (
				B0ED38432B9A677D00076395 /* Sources */,
				B0ED38442B9A677D00076395 /* Frameworks */,
				B0ED38452B9A677D00076395 /* Resources */,
			);
			buildRules = (
			);
			dependencies = (
			);
			name = iExpense;
			productName = iExpense;
			productReference = B0ED38472B9A677D00076395 /* iExpense.app */;
			productType = "com.apple.product-type.application";
		};
/* End PBXNativeTarget section */

/* Begin PBXProject section */
		B0ED383F2B9A677D00076395 /* Project object */ = {
			isa = PBXProject;
			attributes = {
				BuildIndependentTargetsInParallel = 1;
				LastSwiftUpdateCheck = 1530;
				LastUpgradeCheck = 1530;
				TargetAttributes = {
					B0ED38462B9A677D00076395 = {
						CreatedOnToolsVersion = 15.3;
					};
				};
			};
			buildConfigurationList = B0ED38422B9A677D00076395 /* Build configuration list for PBXProject "iExpense" */;
			compatibilityVersion = "Xcode 14.0";
			developmentRegion = en;
			hasScannedForEncodings = 0;
			knownRegions = (
				en,
				Base,
			);
			mainGroup = B0ED383E2B9A677D00076395;
			productRefGroup = B0ED38482B9A677D00076395 /* Products */;
			projectDirPath = "";
			projectRoot = "";
			targets = (
				B0ED38462B9A677D00076395 /* iExpense */,
			);
		};
/* End PBXProject section */

/* Begin PBXResourcesBuildPhase section */
		B0ED38452B9A677D00076395 /* Resources */ = {
			isa = PBXResourcesBuildPhase;
			buildActionMask = 2147483647;
			files = (
				B0ED38522B9A677E00076395 /* Preview Assets.xcassets in Resources */,
				B0ED384F2B9A677E00076395 /* Assets.xcassets in Resources */,
			);
			runOnlyForDeploymentPostprocessing = 0;
		};
/* End PBXResourcesBuildPhase section */

/* Begin PBXSourcesBuildPhase section */
		B0ED38432B9A677D00076395 /* Sources */ = {
			isa = PBXSourcesBuildPhase;
			buildActionMask = 2147483647;
			files = (
				B0ED384D2B9A677D00076395 /* ContentView.swift in Sources */,
				B0ED385F2B9A7C6E00076395 /* ShowHideViews.swift in Sources */,
				B0ED386B2B9ABDFA00076395 /* AddView.swift in Sources */,
				B0ED38632B9AB44D00076395 /* SharingStateWithObservable.swift in Sources */,
				B0ED385D2B9A7B9B00076395 /* DeletingItemsOnDelete.swift in Sources */,
				B0ED38672B9AB88A00076395 /* ExpenseItem.swift in Sources */,
				B0ED38612B9A7CC800076395 /* UsingStateWithClasses.swift in Sources */,
				B04D237D2BAF90D500DA29D9 /* ExpensesView.swift in Sources */,
				B0ED385B2B9A79E700076395 /* ArchivingObjectsWithCodable.swift in Sources */,
				B0ED38592B9A769900076395 /* StoringUserSettingsUserDefaults.swift in Sources */,
				B0ED384B2B9A677D00076395 /* iExpenseApp.swift in Sources */,
			);
			runOnlyForDeploymentPostprocessing = 0;
		};
/* End PBXSourcesBuildPhase section */

/* Begin XCBuildConfiguration section */
		B0ED38532B9A677E00076395 /* Debug */ = {
			isa = XCBuildConfiguration;
			buildSettings = {
				ALWAYS_SEARCH_USER_PATHS = NO;
				ASSETCATALOG_COMPILER_GENERATE_SWIFT_ASSET_SYMBOL_EXTENSIONS = YES;
				CLANG_ANALYZER_NONNULL = YES;
				CLANG_ANALYZER_NUMBER_OBJECT_CONVERSION = YES_AGGRESSIVE;
				CLANG_CXX_LANGUAGE_STANDARD = "gnu++20";
				CLANG_ENABLE_MODULES = YES;
				CLANG_ENABLE_OBJC_ARC = YES;
				CLANG_ENABLE_OBJC_WEAK = YES;
				CLANG_WARN_BLOCK_CAPTURE_AUTORELEASING = YES;
				CLANG_WARN_BOOL_CONVERSION = YES;
				CLANG_WARN_COMMA = YES;
				CLANG_WARN_CONSTANT_CONVERSION = YES;
				CLANG_WARN_DEPRECATED_OBJC_IMPLEMENTATIONS = YES;
				CLANG_WARN_DIRECT_OBJC_ISA_USAGE = YES_ERROR;
				CLANG_WARN_DOCUMENTATION_COMMENTS = YES;
				CLANG_WARN_EMPTY_BODY = YES;
				CLANG_WARN_ENUM_CONVERSION = YES;
				CLANG_WARN_INFINITE_RECURSION = YES;
				CLANG_WARN_INT_CONVERSION = YES;
				CLANG_WARN_NON_LITERAL_NULL_CONVERSION = YES;
				CLANG_WARN_OBJC_IMPLICIT_RETAIN_SELF = YES;
				CLANG_WARN_OBJC_LITERAL_CONVERSION = YES;
				CLANG_WARN_OBJC_ROOT_CLASS = YES_ERROR;
				CLANG_WARN_QUOTED_INCLUDE_IN_FRAMEWORK_HEADER = YES;
				CLANG_WARN_RANGE_LOOP_ANALYSIS = YES;
				CLANG_WARN_STRICT_PROTOTYPES = YES;
				CLANG_WARN_SUSPICIOUS_MOVE = YES;
				CLANG_WARN_UNGUARDED_AVAILABILITY = YES_AGGRESSIVE;
				CLANG_WARN_UNREACHABLE_CODE = YES;
				CLANG_WARN__DUPLICATE_METHOD_MATCH = YES;
				COPY_PHASE_STRIP = NO;
				DEBUG_INFORMATION_FORMAT = dwarf;
				ENABLE_STRICT_OBJC_MSGSEND = YES;
				ENABLE_TESTABILITY = YES;
				ENABLE_USER_SCRIPT_SANDBOXING = YES;
				GCC_C_LANGUAGE_STANDARD = gnu17;
				GCC_DYNAMIC_NO_PIC = NO;
				GCC_NO_COMMON_BLOCKS = YES;
				GCC_OPTIMIZATION_LEVEL = 0;
				GCC_PREPROCESSOR_DEFINITIONS = (
					"DEBUG=1",
					"$(inherited)",
				);
				GCC_WARN_64_TO_32_BIT_CONVERSION = YES;
				GCC_WARN_ABOUT_RETURN_TYPE = YES_ERROR;
				GCC_WARN_UNDECLARED_SELECTOR = YES;
				GCC_WARN_UNINITIALIZED_AUTOS = YES_AGGRESSIVE;
				GCC_WARN_UNUSED_FUNCTION = YES;
				GCC_WARN_UNUSED_VARIABLE = YES;
				IPHONEOS_DEPLOYMENT_TARGET = 17.4;
				LOCALIZATION_PREFERS_STRING_CATALOGS = YES;
				MTL_ENABLE_DEBUG_INFO = INCLUDE_SOURCE;
				MTL_FAST_MATH = YES;
				ONLY_ACTIVE_ARCH = YES;
				SDKROOT = iphoneos;
				SWIFT_ACTIVE_COMPILATION_CONDITIONS = "DEBUG $(inherited)";
				SWIFT_OPTIMIZATION_LEVEL = "-Onone";
			};
			name = Debug;
		};
		B0ED38542B9A677E00076395 /* Release */ = {
			isa = XCBuildConfiguration;
			buildSettings = {
				ALWAYS_SEARCH_USER_PATHS = NO;
				ASSETCATALOG_COMPILER_GENERATE_SWIFT_ASSET_SYMBOL_EXTENSIONS = YES;
				CLANG_ANALYZER_NONNULL = YES;
				CLANG_ANALYZER_NUMBER_OBJECT_CONVERSION = YES_AGGRESSIVE;
				CLANG_CXX_LANGUAGE_STANDARD = "gnu++20";
				CLANG_ENABLE_MODULES = YES;
				CLANG_ENABLE_OBJC_ARC = YES;
				CLANG_ENABLE_OBJC_WEAK = YES;
				CLANG_WARN_BLOCK_CAPTURE_AUTORELEASING = YES;
				CLANG_WARN_BOOL_CONVERSION = YES;
				CLANG_WARN_COMMA = YES;
				CLANG_WARN_CONSTANT_CONVERSION = YES;
				CLANG_WARN_DEPRECATED_OBJC_IMPLEMENTATIONS = YES;
				CLANG_WARN_DIRECT_OBJC_ISA_USAGE = YES_ERROR;
				CLANG_WARN_DOCUMENTATION_COMMENTS = YES;
				CLANG_WARN_EMPTY_BODY = YES;
				CLANG_WARN_ENUM_CONVERSION = YES;
				CLANG_WARN_INFINITE_RECURSION = YES;
				CLANG_WARN_INT_CONVERSION = YES;
				CLANG_WARN_NON_LITERAL_NULL_CONVERSION = YES;
				CLANG_WARN_OBJC_IMPLICIT_RETAIN_SELF = YES;
				CLANG_WARN_OBJC_LITERAL_CONVERSION = YES;
				CLANG_WARN_OBJC_ROOT_CLASS = YES_ERROR;
				CLANG_WARN_QUOTED_INCLUDE_IN_FRAMEWORK_HEADER = YES;
				CLANG_WARN_RANGE_LOOP_ANALYSIS = YES;
				CLANG_WARN_STRICT_PROTOTYPES = YES;
				CLANG_WARN_SUSPICIOUS_MOVE = YES;
				CLANG_WARN_UNGUARDED_AVAILABILITY = YES_AGGRESSIVE;
				CLANG_WARN_UNREACHABLE_CODE = YES;
				CLANG_WARN__DUPLICATE_METHOD_MATCH = YES;
				COPY_PHASE_STRIP = NO;
				DEBUG_INFORMATION_FORMAT = "dwarf-with-dsym";
				ENABLE_NS_ASSERTIONS = NO;
				ENABLE_STRICT_OBJC_MSGSEND = YES;
				ENABLE_USER_SCRIPT_SANDBOXING = YES;
				GCC_C_LANGUAGE_STANDARD = gnu17;
				GCC_NO_COMMON_BLOCKS = YES;
				GCC_WARN_64_TO_32_BIT_CONVERSION = YES;
				GCC_WARN_ABOUT_RETURN_TYPE = YES_ERROR;
				GCC_WARN_UNDECLARED_SELECTOR = YES;
				GCC_WARN_UNINITIALIZED_AUTOS = YES_AGGRESSIVE;
				GCC_WARN_UNUSED_FUNCTION = YES;
				GCC_WARN_UNUSED_VARIABLE = YES;
				IPHONEOS_DEPLOYMENT_TARGET = 17.4;
				LOCALIZATION_PREFERS_STRING_CATALOGS = YES;
				MTL_ENABLE_DEBUG_INFO = NO;
				MTL_FAST_MATH = YES;
				SDKROOT = iphoneos;
				SWIFT_COMPILATION_MODE = wholemodule;
				VALIDATE_PRODUCT = YES;
			};
			name = Release;
		};
		B0ED38562B9A677E00076395 /* Debug */ = {
			isa = XCBuildConfiguration;
			buildSettings = {
				ASSETCATALOG_COMPILER_APPICON_NAME = AppIcon;
				ASSETCATALOG_COMPILER_GLOBAL_ACCENT_COLOR_NAME = AccentColor;
				CODE_SIGN_STYLE = Automatic;
				CURRENT_PROJECT_VERSION = 1;
				DEVELOPMENT_ASSET_PATHS = "\"iExpense/Preview Content\"";
				DEVELOPMENT_TEAM = R49ZM6U25N;
				ENABLE_PREVIEWS = YES;
				GENERATE_INFOPLIST_FILE = YES;
				INFOPLIST_KEY_UIApplicationSceneManifest_Generation = YES;
				INFOPLIST_KEY_UIApplicationSupportsIndirectInputEvents = YES;
				INFOPLIST_KEY_UILaunchScreen_Generation = YES;
				INFOPLIST_KEY_UISupportedInterfaceOrientations_iPad = "UIInterfaceOrientationPortrait UIInterfaceOrientationPortraitUpsideDown UIInterfaceOrientationLandscapeLeft UIInterfaceOrientationLandscapeRight";
				INFOPLIST_KEY_UISupportedInterfaceOrientations_iPhone = "UIInterfaceOrientationPortrait UIInterfaceOrientationLandscapeLeft UIInterfaceOrientationLandscapeRight";
				LD_RUNPATH_SEARCH_PATHS = (
					"$(inherited)",
					"@executable_path/Frameworks",
				);
				MARKETING_VERSION = 1.0;
				PRODUCT_BUNDLE_IDENTIFIER = com.lakarpusky.iExpense;
				PRODUCT_NAME = "$(TARGET_NAME)";
				SWIFT_EMIT_LOC_STRINGS = YES;
				SWIFT_VERSION = 5.0;
				TARGETED_DEVICE_FAMILY = "1,2";
			};
			name = Debug;
		};
		B0ED38572B9A677E00076395 /* Release */ = {
			isa = XCBuildConfiguration;
			buildSettings = {
				ASSETCATALOG_COMPILER_APPICON_NAME = AppIcon;
				ASSETCATALOG_COMPILER_GLOBAL_ACCENT_COLOR_NAME = AccentColor;
				CODE_SIGN_STYLE = Automatic;
				CURRENT_PROJECT_VERSION = 1;
				DEVELOPMENT_ASSET_PATHS = "\"iExpense/Preview Content\"";
				DEVELOPMENT_TEAM = R49ZM6U25N;
				ENABLE_PREVIEWS = YES;
				GENERATE_INFOPLIST_FILE = YES;
				INFOPLIST_KEY_UIApplicationSceneManifest_Generation = YES;
				INFOPLIST_KEY_UIApplicationSupportsIndirectInputEvents = YES;
				INFOPLIST_KEY_UILaunchScreen_Generation = YES;
				INFOPLIST_KEY_UISupportedInterfaceOrientations_iPad = "UIInterfaceOrientationPortrait UIInterfaceOrientationPortraitUpsideDown UIInterfaceOrientationLandscapeLeft UIInterfaceOrientationLandscapeRight";
				INFOPLIST_KEY_UISupportedInterfaceOrientations_iPhone = "UIInterfaceOrientationPortrait UIInterfaceOrientationLandscapeLeft UIInterfaceOrientationLandscapeRight";
				LD_RUNPATH_SEARCH_PATHS = (
					"$(inherited)",
					"@executable_path/Frameworks",
				);
				MARKETING_VERSION = 1.0;
				PRODUCT_BUNDLE_IDENTIFIER = com.lakarpusky.iExpense;
				PRODUCT_NAME = "$(TARGET_NAME)";
				SWIFT_EMIT_LOC_STRINGS = YES;
				SWIFT_VERSION = 5.0;
				TARGETED_DEVICE_FAMILY = "1,2";
			};
			name = Release;
		};
/* End XCBuildConfiguration section */

/* Begin XCConfigurationList section */
		B0ED38422B9A677D00076395 /* Build configuration list for PBXProject "iExpense" */ = {
			isa = XCConfigurationList;
			buildConfigurations = (
				B0ED38532B9A677E00076395 /* Debug */,
				B0ED38542B9A677E00076395 /* Release */,
			);
			defaultConfigurationIsVisible = 0;
			defaultConfigurationName = Release;
		};
		B0ED38552B9A677E00076395 /* Build configuration list for PBXNativeTarget "iExpense" */ = {
			isa = XCConfigurationList;
			buildConfigurations = (
				B0ED38562B9A677E00076395 /* Debug */,
				B0ED38572B9A677E00076395 /* Release */,
			);
			defaultConfigurationIsVisible = 0;
			defaultConfigurationName = Release;
		};
/* End XCConfigurationList section */
	};
	rootObject = B0ED383F2B9A677D00076395 /* Project object */;
}
