// !$*UTF8*$!
{
	archiveVersion = 1;
	classes = {
	};
	objectVersion = 56;
	objects = {

/* Begin PBXBuildFile section */
		B05F71182B99585C00E3D6CB /* ControllingAnimationStack.swift in Sources */ = {isa = PBXBuildFile; fileRef = B05F71172B99585C00E3D6CB /* ControllingAnimationStack.swift */; };
		B05F711A2B9980AF00E3D6CB /* AnimatingGestures.swift in Sources */ = {isa = PBXBuildFile; fileRef = B05F71192B9980AF00E3D6CB /* AnimatingGestures.swift */; };
		B05F711C2B99887000E3D6CB /* ShowHideViewWithTransitions.swift in Sources */ = {isa = PBXBuildFile; fileRef = B05F711B2B99887000E3D6CB /* ShowHideViewWithTransitions.swift */; };
		B05F711E2B998AA800E3D6CB /* BuildingCustomTransitions.swift in Sources */ = {isa = PBXBuildFile; fileRef = B05F711D2B998AA800E3D6CB /* BuildingCustomTransitions.swift */; };
		B0D0E8C12B96CAEC00B65140 /* AnimationsApp.swift in Sources */ = {isa = PBXBuildFile; fileRef = B0D0E8C02B96CAEC00B65140 /* AnimationsApp.swift */; };
		B0D0E8C32B96CAEC00B65140 /* ContentView.swift in Sources */ = {isa = PBXBuildFile; fileRef = B0D0E8C22B96CAEC00B65140 /* ContentView.swift */; };
		B0D0E8C52B96CAED00B65140 /* Assets.xcassets in Resources */ = {isa = PBXBuildFile; fileRef = B0D0E8C42B96CAED00B65140 /* Assets.xcassets */; };
		B0D0E8C82B96CAED00B65140 /* Preview Assets.xcassets in Resources */ = {isa = PBXBuildFile; fileRef = B0D0E8C72B96CAED00B65140 /* Preview Assets.xcassets */; };
		B0D0E8D12B96CB6200B65140 /* ImplicitAnimation.swift in Sources */ = {isa = PBXBuildFile; fileRef = B0D0E8D02B96CB6200B65140 /* ImplicitAnimation.swift */; };
		B0D0E8D32B96CD6F00B65140 /* CustomizingAnimation.swift in Sources */ = {isa = PBXBuildFile; fileRef = B0D0E8D22B96CD6F00B65140 /* CustomizingAnimation.swift */; };
		B0D0E8D52B96D99500B65140 /* AnimatingBindings.swift in Sources */ = {isa = PBXBuildFile; fileRef = B0D0E8D42B96D99500B65140 /* AnimatingBindings.swift */; };
		B0D0E8D72B96DC3A00B65140 /* ExplicitAnimation.swift in Sources */ = {isa = PBXBuildFile; fileRef = B0D0E8D62B96DC3A00B65140 /* ExplicitAnimation.swift */; };
/* End PBXBuildFile section */

/* Begin PBXFileReference section */
		B05F71172B99585C00E3D6CB /* ControllingAnimationStack.swift */ = {isa = PBXFileReference; lastKnownFileType = sourcecode.swift; path = ControllingAnimationStack.swift; sourceTree = "<group>"; };
		B05F71192B9980AF00E3D6CB /* AnimatingGestures.swift */ = {isa = PBXFileReference; lastKnownFileType = sourcecode.swift; path = AnimatingGestures.swift; sourceTree = "<group>"; };
		B05F711B2B99887000E3D6CB /* ShowHideViewWithTransitions.swift */ = {isa = PBXFileReference; lastKnownFileType = sourcecode.swift; path = ShowHideViewWithTransitions.swift; sourceTree = "<group>"; };
		B05F711D2B998AA800E3D6CB /* BuildingCustomTransitions.swift */ = {isa = PBXFileReference; lastKnownFileType = sourcecode.swift; path = BuildingCustomTransitions.swift; sourceTree = "<group>"; };
		B0D0E8BD2B96CAEC00B65140 /* Animations.app */ = {isa = PBXFileReference; explicitFileType = wrapper.application; includeInIndex = 0; path = Animations.app; sourceTree = BUILT_PRODUCTS_DIR; };
		B0D0E8C02B96CAEC00B65140 /* AnimationsApp.swift */ = {isa = PBXFileReference; lastKnownFileType = sourcecode.swift; path = AnimationsApp.swift; sourceTree = "<group>"; };
		B0D0E8C22B96CAEC00B65140 /* ContentView.swift */ = {isa = PBXFileReference; lastKnownFileType = sourcecode.swift; path = ContentView.swift; sourceTree = "<group>"; };
		B0D0E8C42B96CAED00B65140 /* Assets.xcassets */ = {isa = PBXFileReference; lastKnownFileType = folder.assetcatalog; path = Assets.xcassets; sourceTree = "<group>"; };
		B0D0E8C72B96CAED00B65140 /* Preview Assets.xcassets */ = {isa = PBXFileReference; lastKnownFileType = folder.assetcatalog; path = "Preview Assets.xcassets"; sourceTree = "<group>"; };
		B0D0E8D02B96CB6200B65140 /* ImplicitAnimation.swift */ = {isa = PBXFileReference; lastKnownFileType = sourcecode.swift; path = ImplicitAnimation.swift; sourceTree = "<group>"; };
		B0D0E8D22B96CD6F00B65140 /* CustomizingAnimation.swift */ = {isa = PBXFileReference; lastKnownFileType = sourcecode.swift; path = CustomizingAnimation.swift; sourceTree = "<group>"; };
		B0D0E8D42B96D99500B65140 /* AnimatingBindings.swift */ = {isa = PBXFileReference; lastKnownFileType = sourcecode.swift; path = AnimatingBindings.swift; sourceTree = "<group>"; };
		B0D0E8D62B96DC3A00B65140 /* ExplicitAnimation.swift */ = {isa = PBXFileReference; lastKnownFileType = sourcecode.swift; path = ExplicitAnimation.swift; sourceTree = "<group>"; };
/* End PBXFileReference section */

/* Begin PBXFrameworksBuildPhase section */
		B0D0E8BA2B96CAEC00B65140 /* Frameworks */ = {
			isa = PBXFrameworksBuildPhase;
			buildActionMask = 2147483647;
			files = (
			);
			runOnlyForDeploymentPostprocessing = 0;
		};
/* End PBXFrameworksBuildPhase section */

/* Begin PBXGroup section */
		B0D0E8B42B96CAEC00B65140 = {
			isa = PBXGroup;
			children = (
				B0D0E8BF2B96CAEC00B65140 /* Animations */,
				B0D0E8BE2B96CAEC00B65140 /* Products */,
			);
			sourceTree = "<group>";
		};
		B0D0E8BE2B96CAEC00B65140 /* Products */ = {
			isa = PBXGroup;
			children = (
				B0D0E8BD2B96CAEC00B65140 /* Animations.app */,
			);
			name = Products;
			sourceTree = "<group>";
		};
		B0D0E8BF2B96CAEC00B65140 /* Animations */ = {
			isa = PBXGroup;
			children = (
				B0D0E8C02B96CAEC00B65140 /* AnimationsApp.swift */,
				B0D0E8C22B96CAEC00B65140 /* ContentView.swift */,
				B0D0E8D02B96CB6200B65140 /* ImplicitAnimation.swift */,
				B0D0E8D22B96CD6F00B65140 /* CustomizingAnimation.swift */,
				B0D0E8D42B96D99500B65140 /* AnimatingBindings.swift */,
				B0D0E8D62B96DC3A00B65140 /* ExplicitAnimation.swift */,
				B05F71172B99585C00E3D6CB /* ControllingAnimationStack.swift */,
				B05F71192B9980AF00E3D6CB /* AnimatingGestures.swift */,
				B05F711B2B99887000E3D6CB /* ShowHideViewWithTransitions.swift */,
				B05F711D2B998AA800E3D6CB /* BuildingCustomTransitions.swift */,
				B0D0E8C42B96CAED00B65140 /* Assets.xcassets */,
				B0D0E8C62B96CAED00B65140 /* Preview Content */,
			);
			path = Animations;
			sourceTree = "<group>";
		};
		B0D0E8C62B96CAED00B65140 /* Preview Content */ = {
			isa = PBXGroup;
			children = (
				B0D0E8C72B96CAED00B65140 /* Preview Assets.xcassets */,
			);
			path = "Preview Content";
			sourceTree = "<group>";
		};
/* End PBXGroup section */

/* Begin PBXNativeTarget section */
		B0D0E8BC2B96CAEC00B65140 /* Animations */ = {
			isa = PBXNativeTarget;
			buildConfigurationList = B0D0E8CB2B96CAED00B65140 /* Build configuration list for PBXNativeTarget "Animations" */;
			buildPhases = (
				B0D0E8B92B96CAEC00B65140 /* Sources */,
				B0D0E8BA2B96CAEC00B65140 /* Frameworks */,
				B0D0E8BB2B96CAEC00B65140 /* Resources */,
			);
			buildRules = (
			);
			dependencies = (
			);
			name = Animations;
			productName = Animations;
			productReference = B0D0E8BD2B96CAEC00B65140 /* Animations.app */;
			productType = "com.apple.product-type.application";
		};
/* End PBXNativeTarget section */

/* Begin PBXProject section */
		B0D0E8B52B96CAEC00B65140 /* Project object */ = {
			isa = PBXProject;
			attributes = {
				BuildIndependentTargetsInParallel = 1;
				LastSwiftUpdateCheck = 1520;
				LastUpgradeCheck = 1520;
				TargetAttributes = {
					B0D0E8BC2B96CAEC00B65140 = {
						CreatedOnToolsVersion = 15.2;
					};
				};
			};
			buildConfigurationList = B0D0E8B82B96CAEC00B65140 /* Build configuration list for PBXProject "Animations" */;
			compatibilityVersion = "Xcode 14.0";
			developmentRegion = en;
			hasScannedForEncodings = 0;
			knownRegions = (
				en,
				Base,
			);
			mainGroup = B0D0E8B42B96CAEC00B65140;
			productRefGroup = B0D0E8BE2B96CAEC00B65140 /* Products */;
			projectDirPath = "";
			projectRoot = "";
			targets = (
				B0D0E8BC2B96CAEC00B65140 /* Animations */,
			);
		};
/* End PBXProject section */

/* Begin PBXResourcesBuildPhase section */
		B0D0E8BB2B96CAEC00B65140 /* Resources */ = {
			isa = PBXResourcesBuildPhase;
			buildActionMask = 2147483647;
			files = (
				B0D0E8C82B96CAED00B65140 /* Preview Assets.xcassets in Resources */,
				B0D0E8C52B96CAED00B65140 /* Assets.xcassets in Resources */,
			);
			runOnlyForDeploymentPostprocessing = 0;
		};
/* End PBXResourcesBuildPhase section */

/* Begin PBXSourcesBuildPhase section */
		B0D0E8B92B96CAEC00B65140 /* Sources */ = {
			isa = PBXSourcesBuildPhase;
			buildActionMask = 2147483647;
			files = (
				B0D0E8D12B96CB6200B65140 /* ImplicitAnimation.swift in Sources */,
				B0D0E8D32B96CD6F00B65140 /* CustomizingAnimation.swift in Sources */,
				B0D0E8D72B96DC3A00B65140 /* ExplicitAnimation.swift in Sources */,
				B0D0E8C32B96CAEC00B65140 /* ContentView.swift in Sources */,
				B05F711A2B9980AF00E3D6CB /* AnimatingGestures.swift in Sources */,
				B0D0E8C12B96CAEC00B65140 /* AnimationsApp.swift in Sources */,
				B05F711C2B99887000E3D6CB /* ShowHideViewWithTransitions.swift in Sources */,
				B05F711E2B998AA800E3D6CB /* BuildingCustomTransitions.swift in Sources */,
				B0D0E8D52B96D99500B65140 /* AnimatingBindings.swift in Sources */,
				B05F71182B99585C00E3D6CB /* ControllingAnimationStack.swift in Sources */,
			);
			runOnlyForDeploymentPostprocessing = 0;
		};
/* End PBXSourcesBuildPhase section */

/* Begin XCBuildConfiguration section */
		B0D0E8C92B96CAED00B65140 /* Debug */ = {
			isa = XCBuildConfiguration;
			buildSettings = {
				ALWAYS_SEARCH_USER_PATHS = NO;
				ASSETCATALOG_COMPILER_GENERATE_SWIFT_ASSET_SYMBOL_EXTENSIONS = YES;
				CLANG_ANALYZER_NONNULL = YES;
				CLANG_ANALYZER_NUMBER_OBJECT_CONVERSION = YES_AGGRESSIVE;
				CLANG_CXX_LANGUAGE_STANDARD = "gnu++20";
				CLANG_ENABLE_MODULES = YES;
				CLANG_ENABLE_OBJC_ARC = YES;
				CLANG_ENABLE_OBJC_WEAK = YES;
				CLANG_WARN_BLOCK_CAPTURE_AUTORELEASING = YES;
				CLANG_WARN_BOOL_CONVERSION = YES;
				CLANG_WARN_COMMA = YES;
				CLANG_WARN_CONSTANT_CONVERSION = YES;
				CLANG_WARN_DEPRECATED_OBJC_IMPLEMENTATIONS = YES;
				CLANG_WARN_DIRECT_OBJC_ISA_USAGE = YES_ERROR;
				CLANG_WARN_DOCUMENTATION_COMMENTS = YES;
				CLANG_WARN_EMPTY_BODY = YES;
				CLANG_WARN_ENUM_CONVERSION = YES;
				CLANG_WARN_INFINITE_RECURSION = YES;
				CLANG_WARN_INT_CONVERSION = YES;
				CLANG_WARN_NON_LITERAL_NULL_CONVERSION = YES;
				CLANG_WARN_OBJC_IMPLICIT_RETAIN_SELF = YES;
				CLANG_WARN_OBJC_LITERAL_CONVERSION = YES;
				CLANG_WARN_OBJC_ROOT_CLASS = YES_ERROR;
				CLANG_WARN_QUOTED_INCLUDE_IN_FRAMEWORK_HEADER = YES;
				CLANG_WARN_RANGE_LOOP_ANALYSIS = YES;
				CLANG_WARN_STRICT_PROTOTYPES = YES;
				CLANG_WARN_SUSPICIOUS_MOVE = YES;
				CLANG_WARN_UNGUARDED_AVAILABILITY = YES_AGGRESSIVE;
				CLANG_WARN_UNREACHABLE_CODE = YES;
				CLANG_WARN__DUPLICATE_METHOD_MATCH = YES;
				COPY_PHASE_STRIP = NO;
				DEBUG_INFORMATION_FORMAT = dwarf;
				ENABLE_STRICT_OBJC_MSGSEND = YES;
				ENABLE_TESTABILITY = YES;
				ENABLE_USER_SCRIPT_SANDBOXING = YES;
				GCC_C_LANGUAGE_STANDARD = gnu17;
				GCC_DYNAMIC_NO_PIC = NO;
				GCC_NO_COMMON_BLOCKS = YES;
				GCC_OPTIMIZATION_LEVEL = 0;
				GCC_PREPROCESSOR_DEFINITIONS = (
					"DEBUG=1",
					"$(inherited)",
				);
				GCC_WARN_64_TO_32_BIT_CONVERSION = YES;
				GCC_WARN_ABOUT_RETURN_TYPE = YES_ERROR;
				GCC_WARN_UNDECLARED_SELECTOR = YES;
				GCC_WARN_UNINITIALIZED_AUTOS = YES_AGGRESSIVE;
				GCC_WARN_UNUSED_FUNCTION = YES;
				GCC_WARN_UNUSED_VARIABLE = YES;
				IPHONEOS_DEPLOYMENT_TARGET = 17.2;
				LOCALIZATION_PREFERS_STRING_CATALOGS = YES;
				MTL_ENABLE_DEBUG_INFO = INCLUDE_SOURCE;
				MTL_FAST_MATH = YES;
				ONLY_ACTIVE_ARCH = YES;
				SDKROOT = iphoneos;
				SWIFT_ACTIVE_COMPILATION_CONDITIONS = "DEBUG $(inherited)";
				SWIFT_OPTIMIZATION_LEVEL = "-Onone";
			};
			name = Debug;
		};
		B0D0E8CA2B96CAED00B65140 /* Release */ = {
			isa = XCBuildConfiguration;
			buildSettings = {
				ALWAYS_SEARCH_USER_PATHS = NO;
				ASSETCATALOG_COMPILER_GENERATE_SWIFT_ASSET_SYMBOL_EXTENSIONS = YES;
				CLANG_ANALYZER_NONNULL = YES;
				CLANG_ANALYZER_NUMBER_OBJECT_CONVERSION = YES_AGGRESSIVE;
				CLANG_CXX_LANGUAGE_STANDARD = "gnu++20";
				CLANG_ENABLE_MODULES = YES;
				CLANG_ENABLE_OBJC_ARC = YES;
				CLANG_ENABLE_OBJC_WEAK = YES;
				CLANG_WARN_BLOCK_CAPTURE_AUTORELEASING = YES;
				CLANG_WARN_BOOL_CONVERSION = YES;
				CLANG_WARN_COMMA = YES;
				CLANG_WARN_CONSTANT_CONVERSION = YES;
				CLANG_WARN_DEPRECATED_OBJC_IMPLEMENTATIONS = YES;
				CLANG_WARN_DIRECT_OBJC_ISA_USAGE = YES_ERROR;
				CLANG_WARN_DOCUMENTATION_COMMENTS = YES;
				CLANG_WARN_EMPTY_BODY = YES;
				CLANG_WARN_ENUM_CONVERSION = YES;
				CLANG_WARN_INFINITE_RECURSION = YES;
				CLANG_WARN_INT_CONVERSION = YES;
				CLANG_WARN_NON_LITERAL_NULL_CONVERSION = YES;
				CLANG_WARN_OBJC_IMPLICIT_RETAIN_SELF = YES;
				CLANG_WARN_OBJC_LITERAL_CONVERSION = YES;
				CLANG_WARN_OBJC_ROOT_CLASS = YES_ERROR;
				CLANG_WARN_QUOTED_INCLUDE_IN_FRAMEWORK_HEADER = YES;
				CLANG_WARN_RANGE_LOOP_ANALYSIS = YES;
				CLANG_WARN_STRICT_PROTOTYPES = YES;
				CLANG_WARN_SUSPICIOUS_MOVE = YES;
				CLANG_WARN_UNGUARDED_AVAILABILITY = YES_AGGRESSIVE;
				CLANG_WARN_UNREACHABLE_CODE = YES;
				CLANG_WARN__DUPLICATE_METHOD_MATCH = YES;
				COPY_PHASE_STRIP = NO;
				DEBUG_INFORMATION_FORMAT = "dwarf-with-dsym";
				ENABLE_NS_ASSERTIONS = NO;
				ENABLE_STRICT_OBJC_MSGSEND = YES;
				ENABLE_USER_SCRIPT_SANDBOXING = YES;
				GCC_C_LANGUAGE_STANDARD = gnu17;
				GCC_NO_COMMON_BLOCKS = YES;
				GCC_WARN_64_TO_32_BIT_CONVERSION = YES;
				GCC_WARN_ABOUT_RETURN_TYPE = YES_ERROR;
				GCC_WARN_UNDECLARED_SELECTOR = YES;
				GCC_WARN_UNINITIALIZED_AUTOS = YES_AGGRESSIVE;
				GCC_WARN_UNUSED_FUNCTION = YES;
				GCC_WARN_UNUSED_VARIABLE = YES;
				IPHONEOS_DEPLOYMENT_TARGET = 17.2;
				LOCALIZATION_PREFERS_STRING_CATALOGS = YES;
				MTL_ENABLE_DEBUG_INFO = NO;
				MTL_FAST_MATH = YES;
				SDKROOT = iphoneos;
				SWIFT_COMPILATION_MODE = wholemodule;
				VALIDATE_PRODUCT = YES;
			};
			name = Release;
		};
		B0D0E8CC2B96CAED00B65140 /* Debug */ = {
			isa = XCBuildConfiguration;
			buildSettings = {
				ASSETCATALOG_COMPILER_APPICON_NAME = AppIcon;
				ASSETCATALOG_COMPILER_GLOBAL_ACCENT_COLOR_NAME = AccentColor;
				CODE_SIGN_STYLE = Automatic;
				CURRENT_PROJECT_VERSION = 1;
				DEVELOPMENT_ASSET_PATHS = "\"Animations/Preview Content\"";
				DEVELOPMENT_TEAM = R49ZM6U25N;
				ENABLE_PREVIEWS = YES;
				GENERATE_INFOPLIST_FILE = YES;
				INFOPLIST_KEY_UIApplicationSceneManifest_Generation = YES;
				INFOPLIST_KEY_UIApplicationSupportsIndirectInputEvents = YES;
				INFOPLIST_KEY_UILaunchScreen_Generation = YES;
				INFOPLIST_KEY_UISupportedInterfaceOrientations_iPad = "UIInterfaceOrientationPortrait UIInterfaceOrientationPortraitUpsideDown UIInterfaceOrientationLandscapeLeft UIInterfaceOrientationLandscapeRight";
				INFOPLIST_KEY_UISupportedInterfaceOrientations_iPhone = "UIInterfaceOrientationPortrait UIInterfaceOrientationLandscapeLeft UIInterfaceOrientationLandscapeRight";
				LD_RUNPATH_SEARCH_PATHS = (
					"$(inherited)",
					"@executable_path/Frameworks",
				);
				MARKETING_VERSION = 1.0;
				PRODUCT_BUNDLE_IDENTIFIER = com.lakarpusky.Animations;
				PRODUCT_NAME = "$(TARGET_NAME)";
				SWIFT_EMIT_LOC_STRINGS = YES;
				SWIFT_VERSION = 5.0;
				TARGETED_DEVICE_FAMILY = "1,2";
			};
			name = Debug;
		};
		B0D0E8CD2B96CAED00B65140 /* Release */ = {
			isa = XCBuildConfiguration;
			buildSettings = {
				ASSETCATALOG_COMPILER_APPICON_NAME = AppIcon;
				ASSETCATALOG_COMPILER_GLOBAL_ACCENT_COLOR_NAME = AccentColor;
				CODE_SIGN_STYLE = Automatic;
				CURRENT_PROJECT_VERSION = 1;
				DEVELOPMENT_ASSET_PATHS = "\"Animations/Preview Content\"";
				DEVELOPMENT_TEAM = R49ZM6U25N;
				ENABLE_PREVIEWS = YES;
				GENERATE_INFOPLIST_FILE = YES;
				INFOPLIST_KEY_UIApplicationSceneManifest_Generation = YES;
				INFOPLIST_KEY_UIApplicationSupportsIndirectInputEvents = YES;
				INFOPLIST_KEY_UILaunchScreen_Generation = YES;
				INFOPLIST_KEY_UISupportedInterfaceOrientations_iPad = "UIInterfaceOrientationPortrait UIInterfaceOrientationPortraitUpsideDown UIInterfaceOrientationLandscapeLeft UIInterfaceOrientationLandscapeRight";
				INFOPLIST_KEY_UISupportedInterfaceOrientations_iPhone = "UIInterfaceOrientationPortrait UIInterfaceOrientationLandscapeLeft UIInterfaceOrientationLandscapeRight";
				LD_RUNPATH_SEARCH_PATHS = (
					"$(inherited)",
					"@executable_path/Frameworks",
				);
				MARKETING_VERSION = 1.0;
				PRODUCT_BUNDLE_IDENTIFIER = com.lakarpusky.Animations;
				PRODUCT_NAME = "$(TARGET_NAME)";
				SWIFT_EMIT_LOC_STRINGS = YES;
				SWIFT_VERSION = 5.0;
				TARGETED_DEVICE_FAMILY = "1,2";
			};
			name = Release;
		};
/* End XCBuildConfiguration section */

/* Begin XCConfigurationList section */
		B0D0E8B82B96CAEC00B65140 /* Build configuration list for PBXProject "Animations" */ = {
			isa = XCConfigurationList;
			buildConfigurations = (
				B0D0E8C92B96CAED00B65140 /* Debug */,
				B0D0E8CA2B96CAED00B65140 /* Release */,
			);
			defaultConfigurationIsVisible = 0;
			defaultConfigurationName = Release;
		};
		B0D0E8CB2B96CAED00B65140 /* Build configuration list for PBXNativeTarget "Animations" */ = {
			isa = XCConfigurationList;
			buildConfigurations = (
				B0D0E8CC2B96CAED00B65140 /* Debug */,
				B0D0E8CD2B96CAED00B65140 /* Release */,
			);
			defaultConfigurationIsVisible = 0;
			defaultConfigurationName = Release;
		};
/* End XCConfigurationList section */
	};
	rootObject = B0D0E8B52B96CAEC00B65140 /* Project object */;
}
