{
  "originHash" : "ed701b356b5476058d0aa432579c580ee9f35771df281e04a3f1c075ae0185ee",
  "pins" : [
    {
      "identity" : "codescanner",
      "kind" : "remoteSourceControl",
      "location" : "https://github.com/twostraws/CodeScanner",
      "state" : {
        "revision" : "944a6a1ca030dbd890e647a678e718fc2115d35c",
        "version" : "2.4.1"
      }
    },
    {
      "identity" : "samplepackage",
      "kind" : "remoteSourceControl",
      "location" : "https://github.com/twostraws/SamplePackage",
      "state" : {
        "revision" : "f34f8498db05cf519000a9e5a6a14872ccc69ada",
        "version" : "1.0.0"
      }
    }
  ],
  "version" : 3
}
