// !$*UTF8*$!
{
	archiveVersion = 1;
	classes = {
	};
	objectVersion = 56;
	objects = {

/* Begin PBXBuildFile section */
		B0F091292BB28BBC00E5F50F /* InstafilterApp.swift in Sources */ = {isa = PBXBuildFile; fileRef = B0F091282BB28BBC00E5F50F /* InstafilterApp.swift */; };
		B0F0912B2BB28BBC00E5F50F /* ContentView.swift in Sources */ = {isa = PBXBuildFile; fileRef = B0F0912A2BB28BBC00E5F50F /* ContentView.swift */; };
		B0F0912D2BB28BBD00E5F50F /* Assets.xcassets in Resources */ = {isa = PBXBuildFile; fileRef = B0F0912C2BB28BBD00E5F50F /* Assets.xcassets */; };
		B0F091302BB28BBD00E5F50F /* Preview Assets.xcassets in Resources */ = {isa = PBXBuildFile; fileRef = B0F0912F2BB28BBD00E5F50F /* Preview Assets.xcassets */; };
		B0F091372BB28C3500E5F50F /* HowPropertyWrappersBecomeStructs.swift in Sources */ = {isa = PBXBuildFile; fileRef = B0F091362BB28C3500E5F50F /* HowPropertyWrappersBecomeStructs.swift */; };
		B0F091392BB3001600E5F50F /* RespondingToStateChanges.swift in Sources */ = {isa = PBXBuildFile; fileRef = B0F091382BB3001600E5F50F /* RespondingToStateChanges.swift */; };
		B0F0913B2BB301FA00E5F50F /* ShowingMultipleOptions.swift in Sources */ = {isa = PBXBuildFile; fileRef = B0F0913A2BB301FA00E5F50F /* ShowingMultipleOptions.swift */; };
		B0F0913D2BB3054800E5F50F /* IntegratingCoreImage.swift in Sources */ = {isa = PBXBuildFile; fileRef = B0F0913C2BB3054800E5F50F /* IntegratingCoreImage.swift */; };
		B0F0913F2BB395D800E5F50F /* ShowingContentUnavailableView.swift in Sources */ = {isa = PBXBuildFile; fileRef = B0F0913E2BB395D800E5F50F /* ShowingContentUnavailableView.swift */; };
/* End PBXBuildFile section */

/* Begin PBXFileReference section */
		B0F091252BB28BBC00E5F50F /* Instafilter.app */ = {isa = PBXFileReference; explicitFileType = wrapper.application; includeInIndex = 0; path = Instafilter.app; sourceTree = BUILT_PRODUCTS_DIR; };
		B0F091282BB28BBC00E5F50F /* InstafilterApp.swift */ = {isa = PBXFileReference; lastKnownFileType = sourcecode.swift; path = InstafilterApp.swift; sourceTree = "<group>"; };
		B0F0912A2BB28BBC00E5F50F /* ContentView.swift */ = {isa = PBXFileReference; lastKnownFileType = sourcecode.swift; path = ContentView.swift; sourceTree = "<group>"; };
		B0F0912C2BB28BBD00E5F50F /* Assets.xcassets */ = {isa = PBXFileReference; lastKnownFileType = folder.assetcatalog; path = Assets.xcassets; sourceTree = "<group>"; };
		B0F0912F2BB28BBD00E5F50F /* Preview Assets.xcassets */ = {isa = PBXFileReference; lastKnownFileType = folder.assetcatalog; path = "Preview Assets.xcassets"; sourceTree = "<group>"; };
		B0F091362BB28C3500E5F50F /* HowPropertyWrappersBecomeStructs.swift */ = {isa = PBXFileReference; lastKnownFileType = sourcecode.swift; path = HowPropertyWrappersBecomeStructs.swift; sourceTree = "<group>"; };
		B0F091382BB3001600E5F50F /* RespondingToStateChanges.swift */ = {isa = PBXFileReference; lastKnownFileType = sourcecode.swift; path = RespondingToStateChanges.swift; sourceTree = "<group>"; };
		B0F0913A2BB301FA00E5F50F /* ShowingMultipleOptions.swift */ = {isa = PBXFileReference; lastKnownFileType = sourcecode.swift; path = ShowingMultipleOptions.swift; sourceTree = "<group>"; };
		B0F0913C2BB3054800E5F50F /* IntegratingCoreImage.swift */ = {isa = PBXFileReference; lastKnownFileType = sourcecode.swift; path = IntegratingCoreImage.swift; sourceTree = "<group>"; };
		B0F0913E2BB395D800E5F50F /* ShowingContentUnavailableView.swift */ = {isa = PBXFileReference; lastKnownFileType = sourcecode.swift; path = ShowingContentUnavailableView.swift; sourceTree = "<group>"; };
/* End PBXFileReference section */

/* Begin PBXFrameworksBuildPhase section */
		B0F091222BB28BBC00E5F50F /* Frameworks */ = {
			isa = PBXFrameworksBuildPhase;
			buildActionMask = 2147483647;
			files = (
			);
			runOnlyForDeploymentPostprocessing = 0;
		};
/* End PBXFrameworksBuildPhase section */

/* Begin PBXGroup section */
		B0F0911C2BB28BBC00E5F50F = {
			isa = PBXGroup;
			children = (
				B0F091272BB28BBC00E5F50F /* Instafilter */,
				B0F091262BB28BBC00E5F50F /* Products */,
			);
			sourceTree = "<group>";
		};
		B0F091262BB28BBC00E5F50F /* Products */ = {
			isa = PBXGroup;
			children = (
				B0F091252BB28BBC00E5F50F /* Instafilter.app */,
			);
			name = Products;
			sourceTree = "<group>";
		};
		B0F091272BB28BBC00E5F50F /* Instafilter */ = {
			isa = PBXGroup;
			children = (
				B0F091282BB28BBC00E5F50F /* InstafilterApp.swift */,
				B0F0912A2BB28BBC00E5F50F /* ContentView.swift */,
				B0F0912C2BB28BBD00E5F50F /* Assets.xcassets */,
				B0F0912E2BB28BBD00E5F50F /* Preview Content */,
				B0F091362BB28C3500E5F50F /* HowPropertyWrappersBecomeStructs.swift */,
				B0F091382BB3001600E5F50F /* RespondingToStateChanges.swift */,
				B0F0913A2BB301FA00E5F50F /* ShowingMultipleOptions.swift */,
				B0F0913C2BB3054800E5F50F /* IntegratingCoreImage.swift */,
				B0F0913E2BB395D800E5F50F /* ShowingContentUnavailableView.swift */,
			);
			path = Instafilter;
			sourceTree = "<group>";
		};
		B0F0912E2BB28BBD00E5F50F /* Preview Content */ = {
			isa = PBXGroup;
			children = (
				B0F0912F2BB28BBD00E5F50F /* Preview Assets.xcassets */,
			);
			path = "Preview Content";
			sourceTree = "<group>";
		};
/* End PBXGroup section */

/* Begin PBXNativeTarget section */
		B0F091242BB28BBC00E5F50F /* Instafilter */ = {
			isa = PBXNativeTarget;
			buildConfigurationList = B0F091332BB28BBD00E5F50F /* Build configuration list for PBXNativeTarget "Instafilter" */;
			buildPhases = (
				B0F091212BB28BBC00E5F50F /* Sources */,
				B0F091222BB28BBC00E5F50F /* Frameworks */,
				B0F091232BB28BBC00E5F50F /* Resources */,
			);
			buildRules = (
			);
			dependencies = (
			);
			name = Instafilter;
			productName = Instafilter;
			productReference = B0F091252BB28BBC00E5F50F /* Instafilter.app */;
			productType = "com.apple.product-type.application";
		};
/* End PBXNativeTarget section */

/* Begin PBXProject section */
		B0F0911D2BB28BBC00E5F50F /* Project object */ = {
			isa = PBXProject;
			attributes = {
				BuildIndependentTargetsInParallel = 1;
				LastSwiftUpdateCheck = 1530;
				LastUpgradeCheck = 1530;
				TargetAttributes = {
					B0F091242BB28BBC00E5F50F = {
						CreatedOnToolsVersion = 15.3;
					};
				};
			};
			buildConfigurationList = B0F091202BB28BBC00E5F50F /* Build configuration list for PBXProject "Instafilter" */;
			compatibilityVersion = "Xcode 14.0";
			developmentRegion = en;
			hasScannedForEncodings = 0;
			knownRegions = (
				en,
				Base,
			);
			mainGroup = B0F0911C2BB28BBC00E5F50F;
			productRefGroup = B0F091262BB28BBC00E5F50F /* Products */;
			projectDirPath = "";
			projectRoot = "";
			targets = (
				B0F091242BB28BBC00E5F50F /* Instafilter */,
			);
		};
/* End PBXProject section */

/* Begin PBXResourcesBuildPhase section */
		B0F091232BB28BBC00E5F50F /* Resources */ = {
			isa = PBXResourcesBuildPhase;
			buildActionMask = 2147483647;
			files = (
				B0F091302BB28BBD00E5F50F /* Preview Assets.xcassets in Resources */,
				B0F0912D2BB28BBD00E5F50F /* Assets.xcassets in Resources */,
			);
			runOnlyForDeploymentPostprocessing = 0;
		};
/* End PBXResourcesBuildPhase section */

/* Begin PBXSourcesBuildPhase section */
		B0F091212BB28BBC00E5F50F /* Sources */ = {
			isa = PBXSourcesBuildPhase;
			buildActionMask = 2147483647;
			files = (
				B0F0913B2BB301FA00E5F50F /* ShowingMultipleOptions.swift in Sources */,
				B0F0912B2BB28BBC00E5F50F /* ContentView.swift in Sources */,
				B0F091292BB28BBC00E5F50F /* InstafilterApp.swift in Sources */,
				B0F0913F2BB395D800E5F50F /* ShowingContentUnavailableView.swift in Sources */,
				B0F091372BB28C3500E5F50F /* HowPropertyWrappersBecomeStructs.swift in Sources */,
				B0F091392BB3001600E5F50F /* RespondingToStateChanges.swift in Sources */,
				B0F0913D2BB3054800E5F50F /* IntegratingCoreImage.swift in Sources */,
			);
			runOnlyForDeploymentPostprocessing = 0;
		};
/* End PBXSourcesBuildPhase section */

/* Begin XCBuildConfiguration section */
		B0F091312BB28BBD00E5F50F /* Debug */ = {
			isa = XCBuildConfiguration;
			buildSettings = {
				ALWAYS_SEARCH_USER_PATHS = NO;
				ASSETCATALOG_COMPILER_GENERATE_SWIFT_ASSET_SYMBOL_EXTENSIONS = YES;
				CLANG_ANALYZER_NONNULL = YES;
				CLANG_ANALYZER_NUMBER_OBJECT_CONVERSION = YES_AGGRESSIVE;
				CLANG_CXX_LANGUAGE_STANDARD = "gnu++20";
				CLANG_ENABLE_MODULES = YES;
				CLANG_ENABLE_OBJC_ARC = YES;
				CLANG_ENABLE_OBJC_WEAK = YES;
				CLANG_WARN_BLOCK_CAPTURE_AUTORELEASING = YES;
				CLANG_WARN_BOOL_CONVERSION = YES;
				CLANG_WARN_COMMA = YES;
				CLANG_WARN_CONSTANT_CONVERSION = YES;
				CLANG_WARN_DEPRECATED_OBJC_IMPLEMENTATIONS = YES;
				CLANG_WARN_DIRECT_OBJC_ISA_USAGE = YES_ERROR;
				CLANG_WARN_DOCUMENTATION_COMMENTS = YES;
				CLANG_WARN_EMPTY_BODY = YES;
				CLANG_WARN_ENUM_CONVERSION = YES;
				CLANG_WARN_INFINITE_RECURSION = YES;
				CLANG_WARN_INT_CONVERSION = YES;
				CLANG_WARN_NON_LITERAL_NULL_CONVERSION = YES;
				CLANG_WARN_OBJC_IMPLICIT_RETAIN_SELF = YES;
				CLANG_WARN_OBJC_LITERAL_CONVERSION = YES;
				CLANG_WARN_OBJC_ROOT_CLASS = YES_ERROR;
				CLANG_WARN_QUOTED_INCLUDE_IN_FRAMEWORK_HEADER = YES;
				CLANG_WARN_RANGE_LOOP_ANALYSIS = YES;
				CLANG_WARN_STRICT_PROTOTYPES = YES;
				CLANG_WARN_SUSPICIOUS_MOVE = YES;
				CLANG_WARN_UNGUARDED_AVAILABILITY = YES_AGGRESSIVE;
				CLANG_WARN_UNREACHABLE_CODE = YES;
				CLANG_WARN__DUPLICATE_METHOD_MATCH = YES;
				COPY_PHASE_STRIP = NO;
				DEBUG_INFORMATION_FORMAT = dwarf;
				ENABLE_STRICT_OBJC_MSGSEND = YES;
				ENABLE_TESTABILITY = YES;
				ENABLE_USER_SCRIPT_SANDBOXING = YES;
				GCC_C_LANGUAGE_STANDARD = gnu17;
				GCC_DYNAMIC_NO_PIC = NO;
				GCC_NO_COMMON_BLOCKS = YES;
				GCC_OPTIMIZATION_LEVEL = 0;
				GCC_PREPROCESSOR_DEFINITIONS = (
					"DEBUG=1",
					"$(inherited)",
				);
				GCC_WARN_64_TO_32_BIT_CONVERSION = YES;
				GCC_WARN_ABOUT_RETURN_TYPE = YES_ERROR;
				GCC_WARN_UNDECLARED_SELECTOR = YES;
				GCC_WARN_UNINITIALIZED_AUTOS = YES_AGGRESSIVE;
				GCC_WARN_UNUSED_FUNCTION = YES;
				GCC_WARN_UNUSED_VARIABLE = YES;
				IPHONEOS_DEPLOYMENT_TARGET = 17.4;
				LOCALIZATION_PREFERS_STRING_CATALOGS = YES;
				MTL_ENABLE_DEBUG_INFO = INCLUDE_SOURCE;
				MTL_FAST_MATH = YES;
				ONLY_ACTIVE_ARCH = YES;
				SDKROOT = iphoneos;
				SWIFT_ACTIVE_COMPILATION_CONDITIONS = "DEBUG $(inherited)";
				SWIFT_OPTIMIZATION_LEVEL = "-Onone";
			};
			name = Debug;
		};
		B0F091322BB28BBD00E5F50F /* Release */ = {
			isa = XCBuildConfiguration;
			buildSettings = {
				ALWAYS_SEARCH_USER_PATHS = NO;
				ASSETCATALOG_COMPILER_GENERATE_SWIFT_ASSET_SYMBOL_EXTENSIONS = YES;
				CLANG_ANALYZER_NONNULL = YES;
				CLANG_ANALYZER_NUMBER_OBJECT_CONVERSION = YES_AGGRESSIVE;
				CLANG_CXX_LANGUAGE_STANDARD = "gnu++20";
				CLANG_ENABLE_MODULES = YES;
				CLANG_ENABLE_OBJC_ARC = YES;
				CLANG_ENABLE_OBJC_WEAK = YES;
				CLANG_WARN_BLOCK_CAPTURE_AUTORELEASING = YES;
				CLANG_WARN_BOOL_CONVERSION = YES;
				CLANG_WARN_COMMA = YES;
				CLANG_WARN_CONSTANT_CONVERSION = YES;
				CLANG_WARN_DEPRECATED_OBJC_IMPLEMENTATIONS = YES;
				CLANG_WARN_DIRECT_OBJC_ISA_USAGE = YES_ERROR;
				CLANG_WARN_DOCUMENTATION_COMMENTS = YES;
				CLANG_WARN_EMPTY_BODY = YES;
				CLANG_WARN_ENUM_CONVERSION = YES;
				CLANG_WARN_INFINITE_RECURSION = YES;
				CLANG_WARN_INT_CONVERSION = YES;
				CLANG_WARN_NON_LITERAL_NULL_CONVERSION = YES;
				CLANG_WARN_OBJC_IMPLICIT_RETAIN_SELF = YES;
				CLANG_WARN_OBJC_LITERAL_CONVERSION = YES;
				CLANG_WARN_OBJC_ROOT_CLASS = YES_ERROR;
				CLANG_WARN_QUOTED_INCLUDE_IN_FRAMEWORK_HEADER = YES;
				CLANG_WARN_RANGE_LOOP_ANALYSIS = YES;
				CLANG_WARN_STRICT_PROTOTYPES = YES;
				CLANG_WARN_SUSPICIOUS_MOVE = YES;
				CLANG_WARN_UNGUARDED_AVAILABILITY = YES_AGGRESSIVE;
				CLANG_WARN_UNREACHABLE_CODE = YES;
				CLANG_WARN__DUPLICATE_METHOD_MATCH = YES;
				COPY_PHASE_STRIP = NO;
				DEBUG_INFORMATION_FORMAT = "dwarf-with-dsym";
				ENABLE_NS_ASSERTIONS = NO;
				ENABLE_STRICT_OBJC_MSGSEND = YES;
				ENABLE_USER_SCRIPT_SANDBOXING = YES;
				GCC_C_LANGUAGE_STANDARD = gnu17;
				GCC_NO_COMMON_BLOCKS = YES;
				GCC_WARN_64_TO_32_BIT_CONVERSION = YES;
				GCC_WARN_ABOUT_RETURN_TYPE = YES_ERROR;
				GCC_WARN_UNDECLARED_SELECTOR = YES;
				GCC_WARN_UNINITIALIZED_AUTOS = YES_AGGRESSIVE;
				GCC_WARN_UNUSED_FUNCTION = YES;
				GCC_WARN_UNUSED_VARIABLE = YES;
				IPHONEOS_DEPLOYMENT_TARGET = 17.4;
				LOCALIZATION_PREFERS_STRING_CATALOGS = YES;
				MTL_ENABLE_DEBUG_INFO = NO;
				MTL_FAST_MATH = YES;
				SDKROOT = iphoneos;
				SWIFT_COMPILATION_MODE = wholemodule;
				VALIDATE_PRODUCT = YES;
			};
			name = Release;
		};
		B0F091342BB28BBD00E5F50F /* Debug */ = {
			isa = XCBuildConfiguration;
			buildSettings = {
				ASSETCATALOG_COMPILER_APPICON_NAME = AppIcon;
				ASSETCATALOG_COMPILER_GLOBAL_ACCENT_COLOR_NAME = AccentColor;
				CODE_SIGN_STYLE = Automatic;
				CURRENT_PROJECT_VERSION = 1;
				DEVELOPMENT_ASSET_PATHS = "\"Instafilter/Preview Content\"";
				DEVELOPMENT_TEAM = R49ZM6U25N;
				ENABLE_PREVIEWS = YES;
				GENERATE_INFOPLIST_FILE = YES;
				INFOPLIST_KEY_UIApplicationSceneManifest_Generation = YES;
				INFOPLIST_KEY_UIApplicationSupportsIndirectInputEvents = YES;
				INFOPLIST_KEY_UILaunchScreen_Generation = YES;
				INFOPLIST_KEY_UISupportedInterfaceOrientations_iPad = "UIInterfaceOrientationPortrait UIInterfaceOrientationPortraitUpsideDown UIInterfaceOrientationLandscapeLeft UIInterfaceOrientationLandscapeRight";
				INFOPLIST_KEY_UISupportedInterfaceOrientations_iPhone = "UIInterfaceOrientationPortrait UIInterfaceOrientationLandscapeLeft UIInterfaceOrientationLandscapeRight";
				LD_RUNPATH_SEARCH_PATHS = (
					"$(inherited)",
					"@executable_path/Frameworks",
				);
				MARKETING_VERSION = 1.0;
				PRODUCT_BUNDLE_IDENTIFIER = com.lakarpusky.Instafilter;
				PRODUCT_NAME = "$(TARGET_NAME)";
				SWIFT_EMIT_LOC_STRINGS = YES;
				SWIFT_VERSION = 5.0;
				TARGETED_DEVICE_FAMILY = "1,2";
			};
			name = Debug;
		};
		B0F091352BB28BBD00E5F50F /* Release */ = {
			isa = XCBuildConfiguration;
			buildSettings = {
				ASSETCATALOG_COMPILER_APPICON_NAME = AppIcon;
				ASSETCATALOG_COMPILER_GLOBAL_ACCENT_COLOR_NAME = AccentColor;
				CODE_SIGN_STYLE = Automatic;
				CURRENT_PROJECT_VERSION = 1;
				DEVELOPMENT_ASSET_PATHS = "\"Instafilter/Preview Content\"";
				DEVELOPMENT_TEAM = R49ZM6U25N;
				ENABLE_PREVIEWS = YES;
				GENERATE_INFOPLIST_FILE = YES;
				INFOPLIST_KEY_UIApplicationSceneManifest_Generation = YES;
				INFOPLIST_KEY_UIApplicationSupportsIndirectInputEvents = YES;
				INFOPLIST_KEY_UILaunchScreen_Generation = YES;
				INFOPLIST_KEY_UISupportedInterfaceOrientations_iPad = "UIInterfaceOrientationPortrait UIInterfaceOrientationPortraitUpsideDown UIInterfaceOrientationLandscapeLeft UIInterfaceOrientationLandscapeRight";
				INFOPLIST_KEY_UISupportedInterfaceOrientations_iPhone = "UIInterfaceOrientationPortrait UIInterfaceOrientationLandscapeLeft UIInterfaceOrientationLandscapeRight";
				LD_RUNPATH_SEARCH_PATHS = (
					"$(inherited)",
					"@executable_path/Frameworks",
				);
				MARKETING_VERSION = 1.0;
				PRODUCT_BUNDLE_IDENTIFIER = com.lakarpusky.Instafilter;
				PRODUCT_NAME = "$(TARGET_NAME)";
				SWIFT_EMIT_LOC_STRINGS = YES;
				SWIFT_VERSION = 5.0;
				TARGETED_DEVICE_FAMILY = "1,2";
			};
			name = Release;
		};
/* End XCBuildConfiguration section */

/* Begin XCConfigurationList section */
		B0F091202BB28BBC00E5F50F /* Build configuration list for PBXProject "Instafilter" */ = {
			isa = XCConfigurationList;
			buildConfigurations = (
				B0F091312BB28BBD00E5F50F /* Debug */,
				B0F091322BB28BBD00E5F50F /* Release */,
			);
			defaultConfigurationIsVisible = 0;
			defaultConfigurationName = Release;
		};
		B0F091332BB28BBD00E5F50F /* Build configuration list for PBXNativeTarget "Instafilter" */ = {
			isa = XCConfigurationList;
			buildConfigurations = (
				B0F091342BB28BBD00E5F50F /* Debug */,
				B0F091352BB28BBD00E5F50F /* Release */,
			);
			defaultConfigurationIsVisible = 0;
			defaultConfigurationName = Release;
		};
/* End XCConfigurationList section */
	};
	rootObject = B0F0911D2BB28BBC00E5F50F /* Project object */;
}
